
Microsoft Visual Studio Solution File, Format Version 12.00
# Visual Studio 2013
VisualStudioVersion = 12.0.31101.0
MinimumVisualStudioVersion = 10.0.40219.1
Project("{FAE04EC0-301F-11D3-BF4B-00C04F79EFBC}") = "Solid.Practices.IoC", "Solid.Practices.IoC\Solid.Practices.IoC.csproj", "{49E02767-C502-48EE-B735-DAE41DDB3167}"
EndProject
Project("{FAE04EC0-301F-11D3-BF4B-00C04F79EFBC}") = "Solid.Practices.Composition", "Solid.Practices.Composition\Solid.Practices.Composition.csproj", "{9658D9AE-A2C3-4457-BC28-8DA8A42702B1}"
EndProject
Project("{FAE04EC0-301F-11D3-BF4B-00C04F79EFBC}") = "Solid.Practices.Composition.Desktop", "Solid.Practices.Composition.Desktop\Solid.Practices.Composition.Desktop.csproj", "{57E1CA7C-3A0E-4C72-BEE8-EA07F9456716}"
EndProject
Project("{FAE04EC0-301F-11D3-BF4B-00C04F79EFBC}") = "Solid.Practices.Composition.Web", "Solid.Practices.Composition.Web\Solid.Practices.Composition.Web.csproj", "{A6B67627-91F3-4338-A085-35498752B3AA}"
EndProject
Project("{2150E333-8FDC-42A3-9474-1A3956D46DE8}") = "Practices", "Practices", "{11556FBE-83BE-4B8F-8DC1-17D2B4ED73BE}"
EndProject
Project("{2150E333-8FDC-42A3-9474-1A3956D46DE8}") = "Composition", "Composition", "{A9647145-00FC-4FC9-BFD8-8AC179BF4A36}"
EndProject
Project("{2150E333-8FDC-42A3-9474-1A3956D46DE8}") = "IoC", "IoC", "{C55CA8FA-D249-4EF0-BDA4-CB408A20256D}"
EndProject
Project("{2150E333-8FDC-42A3-9474-1A3956D46DE8}") = "Fake", "Fake", "{C11A8DCC-483F-474D-8ABE-5507213CB427}"
EndProject
Project("{FAE04EC0-301F-11D3-BF4B-00C04F79EFBC}") = "Solid.Fake.Core", "Solid.Fake.Core\Solid.Fake.Core.csproj", "{FBBEA4D0-392A-4AB2-910D-65F18BF8C4DD}"
EndProject
Project("{FAE04EC0-301F-11D3-BF4B-00C04F79EFBC}") = "Solid.Fake.Moq", "Solid.Fake.Moq\Solid.Fake.Moq.csproj", "{257C1B0E-BD8D-4DDB-AC94-7494382D2C5F}"
EndProject
Project("{FAE04EC0-301F-11D3-BF4B-00C04F79EFBC}") = "Solid.Fake.Builders", "Solid.Fake.Builders\Solid.Fake.Builders.csproj", "{66FB1045-8D8A-4F9C-A75C-2ED2D8A61D6C}"
EndProject
Project("{2150E333-8FDC-42A3-9474-1A3956D46DE8}") = "Tests", "Tests", "{AAB11DA6-1A57-441C-B7B5-6607BC59BC68}"
EndProject
Project("{2150E333-8FDC-42A3-9474-1A3956D46DE8}") = "Middleware", "Middleware", "{610EF90F-874A-4FB1-898A-D9E42EAA8599}"
EndProject
Project("{FAE04EC0-301F-11D3-BF4B-00C04F79EFBC}") = "Solid.Fake.FakeItEasy", "Solid.Fake.FakeItEasy\Solid.Fake.FakeItEasy.csproj", "{ECDD22D2-021E-415E-9995-CA32A9032832}"
EndProject
Project("{FAE04EC0-301F-11D3-BF4B-00C04F79EFBC}") = "Solid.Middleware", "Solid.Middleware\Solid.Middleware.csproj", "{6CE28FCB-0523-476C-94FB-92ABF2B3849C}"
EndProject
Project("{2150E333-8FDC-42A3-9474-1A3956D46DE8}") = "Scheduling", "Scheduling", "{6D4D31A1-2D6E-4E72-84FA-03A71E066EBD}"
EndProject
Project("{FAE04EC0-301F-11D3-BF4B-00C04F79EFBC}") = "Solid.Practices.Scheduling", "Solid.Practices.Scheduling\Solid.Practices.Scheduling.csproj", "{168418B8-3034-4938-9CB0-F2632E27DD3D}"
EndProject
Project("{FAE04EC0-301F-11D3-BF4B-00C04F79EFBC}") = "Solid.Tests.Core", "Solid.Tests.Core\Solid.Tests.Core.csproj", "{CA530825-0F66-41C4-9623-2B54985E1E46}"
EndProject
Project("{2150E333-8FDC-42A3-9474-1A3956D46DE8}") = "Modularity", "Modularity", "{9184EF3D-A5A8-491B-A2A6-DBD41946D54A}"
EndProject
Project("{FAE04EC0-301F-11D3-BF4B-00C04F79EFBC}") = "Solid.Practices.Modularity", "Solid.Practices.Modularity\Solid.Practices.Modularity.csproj", "{82BB5DF3-82AC-466D-BDDF-C65A9ECDB8A4}"
EndProject
Global
	GlobalSection(SolutionConfigurationPlatforms) = preSolution
		Debug|Any CPU = Debug|Any CPU
		Release|Any CPU = Release|Any CPU
	EndGlobalSection
	GlobalSection(ProjectConfigurationPlatforms) = postSolution
		{49E02767-C502-48EE-B735-DAE41DDB3167}.Debug|Any CPU.ActiveCfg = Debug|Any CPU
		{49E02767-C502-48EE-B735-DAE41DDB3167}.Debug|Any CPU.Build.0 = Debug|Any CPU
		{49E02767-C502-48EE-B735-DAE41DDB3167}.Release|Any CPU.ActiveCfg = Release|Any CPU
		{49E02767-C502-48EE-B735-DAE41DDB3167}.Release|Any CPU.Build.0 = Release|Any CPU
		{9658D9AE-A2C3-4457-BC28-8DA8A42702B1}.Debug|Any CPU.ActiveCfg = Debug|Any CPU
		{9658D9AE-A2C3-4457-BC28-8DA8A42702B1}.Debug|Any CPU.Build.0 = Debug|Any CPU
		{9658D9AE-A2C3-4457-BC28-8DA8A42702B1}.Release|Any CPU.ActiveCfg = Release|Any CPU
		{9658D9AE-A2C3-4457-BC28-8DA8A42702B1}.Release|Any CPU.Build.0 = Release|Any CPU
		{57E1CA7C-3A0E-4C72-BEE8-EA07F9456716}.Debug|Any CPU.ActiveCfg = Debug|Any CPU
		{57E1CA7C-3A0E-4C72-BEE8-EA07F9456716}.Debug|Any CPU.Build.0 = Debug|Any CPU
		{57E1CA7C-3A0E-4C72-BEE8-EA07F9456716}.Release|Any CPU.ActiveCfg = Release|Any CPU
		{57E1CA7C-3A0E-4C72-BEE8-EA07F9456716}.Release|Any CPU.Build.0 = Release|Any CPU
		{A6B67627-91F3-4338-A085-35498752B3AA}.Debug|Any CPU.ActiveCfg = Debug|Any CPU
		{A6B67627-91F3-4338-A085-35498752B3AA}.Debug|Any CPU.Build.0 = Debug|Any CPU
		{A6B67627-91F3-4338-A085-35498752B3AA}.Release|Any CPU.ActiveCfg = Release|Any CPU
		{A6B67627-91F3-4338-A085-35498752B3AA}.Release|Any CPU.Build.0 = Release|Any CPU
		{FBBEA4D0-392A-4AB2-910D-65F18BF8C4DD}.Debug|Any CPU.ActiveCfg = Debug|Any CPU
		{FBBEA4D0-392A-4AB2-910D-65F18BF8C4DD}.Debug|Any CPU.Build.0 = Debug|Any CPU
		{FBBEA4D0-392A-4AB2-910D-65F18BF8C4DD}.Release|Any CPU.ActiveCfg = Release|Any CPU
		{FBBEA4D0-392A-4AB2-910D-65F18BF8C4DD}.Release|Any CPU.Build.0 = Release|Any CPU
		{257C1B0E-BD8D-4DDB-AC94-7494382D2C5F}.Debug|Any CPU.ActiveCfg = Debug|Any CPU
		{257C1B0E-BD8D-4DDB-AC94-7494382D2C5F}.Debug|Any CPU.Build.0 = Debug|Any CPU
		{257C1B0E-BD8D-4DDB-AC94-7494382D2C5F}.Release|Any CPU.ActiveCfg = Release|Any CPU
		{257C1B0E-BD8D-4DDB-AC94-7494382D2C5F}.Release|Any CPU.Build.0 = Release|Any CPU
		{66FB1045-8D8A-4F9C-A75C-2ED2D8A61D6C}.Debug|Any CPU.ActiveCfg = Debug|Any CPU
		{66FB1045-8D8A-4F9C-A75C-2ED2D8A61D6C}.Debug|Any CPU.Build.0 = Debug|Any CPU
		{66FB1045-8D8A-4F9C-A75C-2ED2D8A61D6C}.Release|Any CPU.ActiveCfg = Release|Any CPU
		{66FB1045-8D8A-4F9C-A75C-2ED2D8A61D6C}.Release|Any CPU.Build.0 = Release|Any CPU
		{ECDD22D2-021E-415E-9995-CA32A9032832}.Debug|Any CPU.ActiveCfg = Debug|Any CPU
		{ECDD22D2-021E-415E-9995-CA32A9032832}.Debug|Any CPU.Build.0 = Debug|Any CPU
		{ECDD22D2-021E-415E-9995-CA32A9032832}.Release|Any CPU.ActiveCfg = Release|Any CPU
		{ECDD22D2-021E-415E-9995-CA32A9032832}.Release|Any CPU.Build.0 = Release|Any CPU
		{6CE28FCB-0523-476C-94FB-92ABF2B3849C}.Debug|Any CPU.ActiveCfg = Debug|Any CPU
		{6CE28FCB-0523-476C-94FB-92ABF2B3849C}.Debug|Any CPU.Build.0 = Debug|Any CPU
		{6CE28FCB-0523-476C-94FB-92ABF2B3849C}.Release|Any CPU.ActiveCfg = Release|Any CPU
		{6CE28FCB-0523-476C-94FB-92ABF2B3849C}.Release|Any CPU.Build.0 = Release|Any CPU
		{168418B8-3034-4938-9CB0-F2632E27DD3D}.Debug|Any CPU.ActiveCfg = Debug|Any CPU
		{168418B8-3034-4938-9CB0-F2632E27DD3D}.Debug|Any CPU.Build.0 = Debug|Any CPU
		{168418B8-3034-4938-9CB0-F2632E27DD3D}.Release|Any CPU.ActiveCfg = Release|Any CPU
		{168418B8-3034-4938-9CB0-F2632E27DD3D}.Release|Any CPU.Build.0 = Release|Any CPU
		{CA530825-0F66-41C4-9623-2B54985E1E46}.Debug|Any CPU.ActiveCfg = Debug|Any CPU
		{CA530825-0F66-41C4-9623-2B54985E1E46}.Debug|Any CPU.Build.0 = Debug|Any CPU
		{CA530825-0F66-41C4-9623-2B54985E1E46}.Release|Any CPU.ActiveCfg = Release|Any CPU
		{CA530825-0F66-41C4-9623-2B54985E1E46}.Release|Any CPU.Build.0 = Release|Any CPU
		{82BB5DF3-82AC-466D-BDDF-C65A9ECDB8A4}.Debug|Any CPU.ActiveCfg = Debug|Any CPU
		{82BB5DF3-82AC-466D-BDDF-C65A9ECDB8A4}.Debug|Any CPU.Build.0 = Debug|Any CPU
		{82BB5DF3-82AC-466D-BDDF-C65A9ECDB8A4}.Release|Any CPU.ActiveCfg = Release|Any CPU
		{82BB5DF3-82AC-466D-BDDF-C65A9ECDB8A4}.Release|Any CPU.Build.0 = Release|Any CPU
	EndGlobalSection
	GlobalSection(SolutionProperties) = preSolution
		HideSolutionNode = FALSE
	EndGlobalSection
	GlobalSection(NestedProjects) = preSolution
		{49E02767-C502-48EE-B735-DAE41DDB3167} = {C55CA8FA-D249-4EF0-BDA4-CB408A20256D}
		{9658D9AE-A2C3-4457-BC28-8DA8A42702B1} = {A9647145-00FC-4FC9-BFD8-8AC179BF4A36}
		{57E1CA7C-3A0E-4C72-BEE8-EA07F9456716} = {A9647145-00FC-4FC9-BFD8-8AC179BF4A36}
		{A6B67627-91F3-4338-A085-35498752B3AA} = {A9647145-00FC-4FC9-BFD8-8AC179BF4A36}
		{A9647145-00FC-4FC9-BFD8-8AC179BF4A36} = {11556FBE-83BE-4B8F-8DC1-17D2B4ED73BE}
		{C55CA8FA-D249-4EF0-BDA4-CB408A20256D} = {11556FBE-83BE-4B8F-8DC1-17D2B4ED73BE}
		{FBBEA4D0-392A-4AB2-910D-65F18BF8C4DD} = {C11A8DCC-483F-474D-8ABE-5507213CB427}
		{257C1B0E-BD8D-4DDB-AC94-7494382D2C5F} = {C11A8DCC-483F-474D-8ABE-5507213CB427}
		{66FB1045-8D8A-4F9C-A75C-2ED2D8A61D6C} = {C11A8DCC-483F-474D-8ABE-5507213CB427}
		{ECDD22D2-021E-415E-9995-CA32A9032832} = {C11A8DCC-483F-474D-8ABE-5507213CB427}
		{6CE28FCB-0523-476C-94FB-92ABF2B3849C} = {610EF90F-874A-4FB1-898A-D9E42EAA8599}
		{6D4D31A1-2D6E-4E72-84FA-03A71E066EBD} = {11556FBE-83BE-4B8F-8DC1-17D2B4ED73BE}
		{168418B8-3034-4938-9CB0-F2632E27DD3D} = {6D4D31A1-2D6E-4E72-84FA-03A71E066EBD}
		{CA530825-0F66-41C4-9623-2B54985E1E46} = {AAB11DA6-1A57-441C-B7B5-6607BC59BC68}
		{9184EF3D-A5A8-491B-A2A6-DBD41946D54A} = {11556FBE-83BE-4B8F-8DC1-17D2B4ED73BE}
		{82BB5DF3-82AC-466D-BDDF-C65A9ECDB8A4} = {9184EF3D-A5A8-491B-A2A6-DBD41946D54A}
	EndGlobalSection
EndGlobal
