
Microsoft Visual Studio Solution File, Format Version 12.00
# Visual Studio 15
VisualStudioVersion = 15.0.27130.2010
MinimumVisualStudioVersion = 10.0.40219.1
Project("{2150E333-8FDC-42A3-9474-1A3956D46DE8}") = "Practices", "Practices", "{11556FBE-83BE-4B8F-8DC1-17D2B4ED73BE}"
EndProject
Project("{2150E333-8FDC-42A3-9474-1A3956D46DE8}") = "Composition", "Composition", "{A9647145-00FC-4FC9-BFD8-8AC179BF4A36}"
EndProject
Project("{2150E333-8FDC-42A3-9474-1A3956D46DE8}") = "IoC", "IoC", "{C55CA8FA-D249-4EF0-BDA4-CB408A20256D}"
EndProject
Project("{2150E333-8FDC-42A3-9474-1A3956D46DE8}") = "Scheduling", "Scheduling", "{6D4D31A1-2D6E-4E72-84FA-03A71E066EBD}"
EndProject
Project("{2150E333-8FDC-42A3-9474-1A3956D46DE8}") = "Modularity", "Modularity", "{9184EF3D-A5A8-491B-A2A6-DBD41946D54A}"
EndProject
Project("{2150E333-8FDC-42A3-9474-1A3956D46DE8}") = "Tests", "Tests", "{F9CDFCC0-F3AD-4C78-BA2D-2775A0BE12FC}"
EndProject
Project("{2150E333-8FDC-42A3-9474-1A3956D46DE8}") = "Patterns", "Patterns", "{C373E7A9-7FDD-4D6B-828A-FA4D9FE88469}"
EndProject
Project("{2150E333-8FDC-42A3-9474-1A3956D46DE8}") = "Visitor", "Visitor", "{38248994-793E-4801-AFEC-E4C5DA117427}"
EndProject
Project("{2150E333-8FDC-42A3-9474-1A3956D46DE8}") = "Memento", "Memento", "{45E22883-A004-466C-830F-D34C40613DF8}"
EndProject
Project("{2150E333-8FDC-42A3-9474-1A3956D46DE8}") = "Middleware", "Middleware", "{DC220A87-B77D-4D08-8475-468A7375484C}"
EndProject
Project("{2150E333-8FDC-42A3-9474-1A3956D46DE8}") = "ChainOfResponsibility", "ChainOfResponsibility", "{9C600799-86D2-4604-B0C9-F22393974B7F}"
EndProject
Project("{2150E333-8FDC-42A3-9474-1A3956D46DE8}") = "Bootstrapping", "Bootstrapping", "{50E59CB7-5DC6-4133-82D3-223CE387F9A7}"
EndProject
Project("{2150E333-8FDC-42A3-9474-1A3956D46DE8}") = "Extensibility", "Extensibility", "{2A800A7F-1255-4617-B636-CBD74E0ED96A}"
EndProject
Project("{2150E333-8FDC-42A3-9474-1A3956D46DE8}") = "Builder", "Builder", "{591A10B7-688C-4D34-A689-40ED517B2F24}"
EndProject
Project("{9A19103F-16F7-4668-BE54-9A1E7A4F7556}") = "Solid.Patterns.Builder", "Solid.Patterns.Builder\Solid.Patterns.Builder.csproj", "{E689035B-7B77-4547-AAA8-BF4D340362E6}"
EndProject
Project("{9A19103F-16F7-4668-BE54-9A1E7A4F7556}") = "Solid.Patterns.ChainOfResponsibility", "Solid.Patterns.ChainOfResponsibility\Solid.Patterns.ChainOfResponsibility.csproj", "{76A9A3B2-0578-4CD2-9BD3-4611A5C5D438}"
EndProject
Project("{9A19103F-16F7-4668-BE54-9A1E7A4F7556}") = "Solid.Patterns.Memento", "Solid.Patterns.Memento\Solid.Patterns.Memento.csproj", "{00AA8E33-E661-4847-B7A9-53738F7D9476}"
EndProject
Project("{9A19103F-16F7-4668-BE54-9A1E7A4F7556}") = "Solid.Patterns.Visitor", "Solid.Patterns.Visitor\Solid.Patterns.Visitor.csproj", "{A2EEC51F-6249-4CB2-8553-72F2070CA038}"
EndProject
Project("{9A19103F-16F7-4668-BE54-9A1E7A4F7556}") = "Solid.Practices.Scheduling", "Solid.Practices.Scheduling\Solid.Practices.Scheduling.csproj", "{A67BB92A-0233-4DDB-B734-E3EE2F84AE50}"
EndProject
Project("{9A19103F-16F7-4668-BE54-9A1E7A4F7556}") = "Solid.Practices.IoC", "Solid.Practices.IoC\Solid.Practices.IoC.csproj", "{156F34D5-5B15-40CD-9873-C822D5335B0D}"
EndProject
Project("{9A19103F-16F7-4668-BE54-9A1E7A4F7556}") = "Solid.Practices.Middleware", "Solid.Practices.Middleware\Solid.Practices.Middleware.csproj", "{3E347EBC-4025-4E8F-9187-FBA2DD85959D}"
EndProject
Project("{9A19103F-16F7-4668-BE54-9A1E7A4F7556}") = "Solid.Extensibility", "Solid.Extensibility\Solid.Extensibility.csproj", "{675A6C8F-B24F-430E-920A-045927459E07}"
EndProject
Project("{9A19103F-16F7-4668-BE54-9A1E7A4F7556}") = "Solid.Practices.Modularity", "Solid.Practices.Modularity\Solid.Practices.Modularity.csproj", "{BA1ED3BF-C103-4CAA-AE47-71A98F63E2A8}"
EndProject
Project("{9A19103F-16F7-4668-BE54-9A1E7A4F7556}") = "Solid.Bootstrapping", "Solid.Bootstrapping\Solid.Bootstrapping.csproj", "{D99FED70-1E2A-4C2C-89EC-1DC3A610D0C4}"
EndProject
Project("{9A19103F-16F7-4668-BE54-9A1E7A4F7556}") = "Solid.Practices.Composition.Contracts", "Solid.Practices.Composition.Contracts\Solid.Practices.Composition.Contracts.csproj", "{52962B7E-9CA6-4800-A989-E8C7786CC1E0}"
EndProject
Project("{9A19103F-16F7-4668-BE54-9A1E7A4F7556}") = "Solid.Practices.Composition.Container", "Solid.Practices.Composition.Container\Solid.Practices.Composition.Container.csproj", "{0F0CB22F-8C5C-473E-BE2A-FEEFB30E2DB1}"
EndProject
Project("{9A19103F-16F7-4668-BE54-9A1E7A4F7556}") = "Solid.Practices.Composition", "Solid.Practices.Composition\Solid.Practices.Composition.csproj", "{8FA68975-6350-422E-9A3B-C3AFFC4302E7}"
EndProject
Project("{9A19103F-16F7-4668-BE54-9A1E7A4F7556}") = "Solid.Practices.Composition.Client", "Solid.Practices.Composition.Client\Solid.Practices.Composition.Client.csproj", "{40EBE4C3-D10A-45F1-AE0F-32B785F61A73}"
EndProject
Project("{9A19103F-16F7-4668-BE54-9A1E7A4F7556}") = "Solid.Practices.Composition.Web", "Solid.Practices.Composition.Web\Solid.Practices.Composition.Web.csproj", "{7700E422-7C3B-41FA-8001-DBDC75A7FBFC}"
EndProject
Project("{FAE04EC0-301F-11D3-BF4B-00C04F79EFBC}") = "Solid.Practices.Composition.Container.Tests", "Solid.Practices.Composition.Container.Tests\Solid.Practices.Composition.Container.Tests.csproj", "{2E5261C4-2633-4542-902F-07E3A76FE1C6}"
EndProject
Project("{FAE04EC0-301F-11D3-BF4B-00C04F79EFBC}") = "Solid.Practices.Composition.Tests", "Solid.Practices.Composition.Tests\Solid.Practices.Composition.Tests.csproj", "{DBA4E5B8-754C-419B-921B-CEE40185465A}"
EndProject
Project("{9A19103F-16F7-4668-BE54-9A1E7A4F7556}") = "Solid.IoC.Adapters.BoDi", "Solid.IoC.Adapters.BoDi\Solid.IoC.Adapters.BoDi.csproj", "{7905B66F-51AB-4031-96BA-9B76A39237EE}"
EndProject
Project("{FAE04EC0-301F-11D3-BF4B-00C04F79EFBC}") = "Solid.IoC.Adapters.BoDi.Tests", "Solid.IoC.Adapters.BoDi.Tests\Solid.IoC.Adapters.BoDi.Tests.csproj", "{CAD754BD-07FE-4845-9723-493C07D0D9BA}"
EndProject
Project("{FAE04EC0-301F-11D3-BF4B-00C04F79EFBC}") = "Solid.Bootstrapping.Tests", "Solid.Bootstrapping.Tests\Solid.Bootstrapping.Tests.csproj", "{38931560-E6CB-4897-9681-D6E19339CB83}"
EndProject
Project("{2150E333-8FDC-42A3-9474-1A3956D46DE8}") = "Common", "Common", "{1C712DFC-927F-43C0-B8DF-02ED6077B4A8}"
EndProject
Project("{9A19103F-16F7-4668-BE54-9A1E7A4F7556}") = "Solid.Common", "Solid.Common\Solid.Common.csproj", "{1046994D-64CA-445D-ABB9-DAE69F2A6BB1}"
EndProject
Project("{FAE04EC0-301F-11D3-BF4B-00C04F79EFBC}") = "Solid.Common.NET", "Solid.Common.Platform\net\Solid.Common.NET.csproj", "{705DFE80-50DD-453D-A515-DEDB877C8699}"
EndProject
Project("{FAE04EC0-301F-11D3-BF4B-00C04F79EFBC}") = "Solid.Common.UWP", "Solid.Common.Platform\uwp\Solid.Common.UWP.csproj", "{C023E56E-AAF6-4F31-B7AE-293945368D35}"
EndProject
Project("{2150E333-8FDC-42A3-9474-1A3956D46DE8}") = "Core", "Core", "{274366D9-581A-4EBD-8C54-87DAEAB1869A}"
EndProject
Project("{9A19103F-16F7-4668-BE54-9A1E7A4F7556}") = "Solid.Core", "Solid.Core\Solid.Core.csproj", "{4D64C940-EA28-42D8-841C-7F54A261BF73}"
EndProject
Project("{9A19103F-16F7-4668-BE54-9A1E7A4F7556}") = "Solid.Extensibility.Tests", "Solid.Extensibility.Tests\Solid.Extensibility.Tests.csproj", "{75AB5255-0E92-4AF2-89C5-EBD34083799F}"
EndProject
Project("{9A19103F-16F7-4668-BE54-9A1E7A4F7556}") = "Solid.Core.Tests", "Solid.Core.Tests\Solid.Core.Tests.csproj", "{E7FFB63B-3878-4AA0-B57E-CEAF548B0762}"
EndProject
Project("{2150E333-8FDC-42A3-9474-1A3956D46DE8}") = "Integration", "Integration", "{BAE5C9E9-416C-4B79-AF4C-3AAA3071513D}"
EndProject
Project("{9A19103F-16F7-4668-BE54-9A1E7A4F7556}") = "Solid.Practices.Composition.IntegrationTests.App", "Solid.Practices.Composition.IntegrationTests.App\Solid.Practices.Composition.IntegrationTests.App.csproj", "{BDC85665-9EEF-4BA5-AFC3-0B92483DBBC3}"
EndProject
Project("{9A19103F-16F7-4668-BE54-9A1E7A4F7556}") = "Solid.Practices.Composition.IntegrationTests.Lib", "Solid.Practices.Composition.IntegrationTests.Lib\Solid.Practices.Composition.IntegrationTests.Lib.csproj", "{03D1F535-7588-4D9E-B86B-63CE8383CB58}"
EndProject
Project("{9A19103F-16F7-4668-BE54-9A1E7A4F7556}") = "Solid.Practices.Middleware.Tests", "Solid.Practices.Middleware.Tests\Solid.Practices.Middleware.Tests.csproj", "{993CB3EE-8E59-4E9D-8B31-B179512F7431}"
EndProject
Project("{FAE04EC0-301F-11D3-BF4B-00C04F79EFBC}") = "Solid.Practices.Composition.IntegrationTests.Contracts", "Solid.Practices.Composition.IntegrationTests.Contracts\Solid.Practices.Composition.IntegrationTests.Contracts.csproj", "{9C3FCEBB-846A-4A88-A931-94ADD003E7CE}"
EndProject
Global
	GlobalSection(SolutionConfigurationPlatforms) = preSolution
		Debug|Any CPU = Debug|Any CPU
		Debug|ARM = Debug|ARM
		Debug|ARM64 = Debug|ARM64
		Debug|x64 = Debug|x64
		Debug|x86 = Debug|x86
		Release|Any CPU = Release|Any CPU
		Release|ARM = Release|ARM
		Release|ARM64 = Release|ARM64
		Release|x64 = Release|x64
		Release|x86 = Release|x86
	EndGlobalSection
	GlobalSection(ProjectConfigurationPlatforms) = postSolution
		{E689035B-7B77-4547-AAA8-BF4D340362E6}.Debug|Any CPU.ActiveCfg = Debug|Any CPU
		{E689035B-7B77-4547-AAA8-BF4D340362E6}.Debug|Any CPU.Build.0 = Debug|Any CPU
		{E689035B-7B77-4547-AAA8-BF4D340362E6}.Debug|ARM.ActiveCfg = Debug|Any CPU
		{E689035B-7B77-4547-AAA8-BF4D340362E6}.Debug|ARM.Build.0 = Debug|Any CPU
		{E689035B-7B77-4547-AAA8-BF4D340362E6}.Debug|ARM64.ActiveCfg = Debug|Any CPU
		{E689035B-7B77-4547-AAA8-BF4D340362E6}.Debug|ARM64.Build.0 = Debug|Any CPU
		{E689035B-7B77-4547-AAA8-BF4D340362E6}.Debug|x64.ActiveCfg = Debug|Any CPU
		{E689035B-7B77-4547-AAA8-BF4D340362E6}.Debug|x64.Build.0 = Debug|Any CPU
		{E689035B-7B77-4547-AAA8-BF4D340362E6}.Debug|x86.ActiveCfg = Debug|Any CPU
		{E689035B-7B77-4547-AAA8-BF4D340362E6}.Debug|x86.Build.0 = Debug|Any CPU
		{E689035B-7B77-4547-AAA8-BF4D340362E6}.Release|Any CPU.ActiveCfg = Release|Any CPU
		{E689035B-7B77-4547-AAA8-BF4D340362E6}.Release|Any CPU.Build.0 = Release|Any CPU
		{E689035B-7B77-4547-AAA8-BF4D340362E6}.Release|ARM.ActiveCfg = Release|Any CPU
		{E689035B-7B77-4547-AAA8-BF4D340362E6}.Release|ARM.Build.0 = Release|Any CPU
		{E689035B-7B77-4547-AAA8-BF4D340362E6}.Release|ARM64.ActiveCfg = Release|Any CPU
		{E689035B-7B77-4547-AAA8-BF4D340362E6}.Release|ARM64.Build.0 = Release|Any CPU
		{E689035B-7B77-4547-AAA8-BF4D340362E6}.Release|x64.ActiveCfg = Release|Any CPU
		{E689035B-7B77-4547-AAA8-BF4D340362E6}.Release|x64.Build.0 = Release|Any CPU
		{E689035B-7B77-4547-AAA8-BF4D340362E6}.Release|x86.ActiveCfg = Release|Any CPU
		{E689035B-7B77-4547-AAA8-BF4D340362E6}.Release|x86.Build.0 = Release|Any CPU
		{76A9A3B2-0578-4CD2-9BD3-4611A5C5D438}.Debug|Any CPU.ActiveCfg = Debug|Any CPU
		{76A9A3B2-0578-4CD2-9BD3-4611A5C5D438}.Debug|Any CPU.Build.0 = Debug|Any CPU
		{76A9A3B2-0578-4CD2-9BD3-4611A5C5D438}.Debug|ARM.ActiveCfg = Debug|Any CPU
		{76A9A3B2-0578-4CD2-9BD3-4611A5C5D438}.Debug|ARM.Build.0 = Debug|Any CPU
		{76A9A3B2-0578-4CD2-9BD3-4611A5C5D438}.Debug|ARM64.ActiveCfg = Debug|Any CPU
		{76A9A3B2-0578-4CD2-9BD3-4611A5C5D438}.Debug|ARM64.Build.0 = Debug|Any CPU
		{76A9A3B2-0578-4CD2-9BD3-4611A5C5D438}.Debug|x64.ActiveCfg = Debug|Any CPU
		{76A9A3B2-0578-4CD2-9BD3-4611A5C5D438}.Debug|x64.Build.0 = Debug|Any CPU
		{76A9A3B2-0578-4CD2-9BD3-4611A5C5D438}.Debug|x86.ActiveCfg = Debug|Any CPU
		{76A9A3B2-0578-4CD2-9BD3-4611A5C5D438}.Debug|x86.Build.0 = Debug|Any CPU
		{76A9A3B2-0578-4CD2-9BD3-4611A5C5D438}.Release|Any CPU.ActiveCfg = Release|Any CPU
		{76A9A3B2-0578-4CD2-9BD3-4611A5C5D438}.Release|Any CPU.Build.0 = Release|Any CPU
		{76A9A3B2-0578-4CD2-9BD3-4611A5C5D438}.Release|ARM.ActiveCfg = Release|Any CPU
		{76A9A3B2-0578-4CD2-9BD3-4611A5C5D438}.Release|ARM.Build.0 = Release|Any CPU
		{76A9A3B2-0578-4CD2-9BD3-4611A5C5D438}.Release|ARM64.ActiveCfg = Release|Any CPU
		{76A9A3B2-0578-4CD2-9BD3-4611A5C5D438}.Release|ARM64.Build.0 = Release|Any CPU
		{76A9A3B2-0578-4CD2-9BD3-4611A5C5D438}.Release|x64.ActiveCfg = Release|Any CPU
		{76A9A3B2-0578-4CD2-9BD3-4611A5C5D438}.Release|x64.Build.0 = Release|Any CPU
		{76A9A3B2-0578-4CD2-9BD3-4611A5C5D438}.Release|x86.ActiveCfg = Release|Any CPU
		{76A9A3B2-0578-4CD2-9BD3-4611A5C5D438}.Release|x86.Build.0 = Release|Any CPU
		{00AA8E33-E661-4847-B7A9-53738F7D9476}.Debug|Any CPU.ActiveCfg = Debug|Any CPU
		{00AA8E33-E661-4847-B7A9-53738F7D9476}.Debug|Any CPU.Build.0 = Debug|Any CPU
		{00AA8E33-E661-4847-B7A9-53738F7D9476}.Debug|ARM.ActiveCfg = Debug|Any CPU
		{00AA8E33-E661-4847-B7A9-53738F7D9476}.Debug|ARM.Build.0 = Debug|Any CPU
		{00AA8E33-E661-4847-B7A9-53738F7D9476}.Debug|ARM64.ActiveCfg = Debug|Any CPU
		{00AA8E33-E661-4847-B7A9-53738F7D9476}.Debug|ARM64.Build.0 = Debug|Any CPU
		{00AA8E33-E661-4847-B7A9-53738F7D9476}.Debug|x64.ActiveCfg = Debug|Any CPU
		{00AA8E33-E661-4847-B7A9-53738F7D9476}.Debug|x64.Build.0 = Debug|Any CPU
		{00AA8E33-E661-4847-B7A9-53738F7D9476}.Debug|x86.ActiveCfg = Debug|Any CPU
		{00AA8E33-E661-4847-B7A9-53738F7D9476}.Debug|x86.Build.0 = Debug|Any CPU
		{00AA8E33-E661-4847-B7A9-53738F7D9476}.Release|Any CPU.ActiveCfg = Release|Any CPU
		{00AA8E33-E661-4847-B7A9-53738F7D9476}.Release|Any CPU.Build.0 = Release|Any CPU
		{00AA8E33-E661-4847-B7A9-53738F7D9476}.Release|ARM.ActiveCfg = Release|Any CPU
		{00AA8E33-E661-4847-B7A9-53738F7D9476}.Release|ARM.Build.0 = Release|Any CPU
		{00AA8E33-E661-4847-B7A9-53738F7D9476}.Release|ARM64.ActiveCfg = Release|Any CPU
		{00AA8E33-E661-4847-B7A9-53738F7D9476}.Release|ARM64.Build.0 = Release|Any CPU
		{00AA8E33-E661-4847-B7A9-53738F7D9476}.Release|x64.ActiveCfg = Release|Any CPU
		{00AA8E33-E661-4847-B7A9-53738F7D9476}.Release|x64.Build.0 = Release|Any CPU
		{00AA8E33-E661-4847-B7A9-53738F7D9476}.Release|x86.ActiveCfg = Release|Any CPU
		{00AA8E33-E661-4847-B7A9-53738F7D9476}.Release|x86.Build.0 = Release|Any CPU
		{A2EEC51F-6249-4CB2-8553-72F2070CA038}.Debug|Any CPU.ActiveCfg = Debug|Any CPU
		{A2EEC51F-6249-4CB2-8553-72F2070CA038}.Debug|Any CPU.Build.0 = Debug|Any CPU
		{A2EEC51F-6249-4CB2-8553-72F2070CA038}.Debug|ARM.ActiveCfg = Debug|Any CPU
		{A2EEC51F-6249-4CB2-8553-72F2070CA038}.Debug|ARM.Build.0 = Debug|Any CPU
		{A2EEC51F-6249-4CB2-8553-72F2070CA038}.Debug|ARM64.ActiveCfg = Debug|Any CPU
		{A2EEC51F-6249-4CB2-8553-72F2070CA038}.Debug|ARM64.Build.0 = Debug|Any CPU
		{A2EEC51F-6249-4CB2-8553-72F2070CA038}.Debug|x64.ActiveCfg = Debug|Any CPU
		{A2EEC51F-6249-4CB2-8553-72F2070CA038}.Debug|x64.Build.0 = Debug|Any CPU
		{A2EEC51F-6249-4CB2-8553-72F2070CA038}.Debug|x86.ActiveCfg = Debug|Any CPU
		{A2EEC51F-6249-4CB2-8553-72F2070CA038}.Debug|x86.Build.0 = Debug|Any CPU
		{A2EEC51F-6249-4CB2-8553-72F2070CA038}.Release|Any CPU.ActiveCfg = Release|Any CPU
		{A2EEC51F-6249-4CB2-8553-72F2070CA038}.Release|Any CPU.Build.0 = Release|Any CPU
		{A2EEC51F-6249-4CB2-8553-72F2070CA038}.Release|ARM.ActiveCfg = Release|Any CPU
		{A2EEC51F-6249-4CB2-8553-72F2070CA038}.Release|ARM.Build.0 = Release|Any CPU
		{A2EEC51F-6249-4CB2-8553-72F2070CA038}.Release|ARM64.ActiveCfg = Release|Any CPU
		{A2EEC51F-6249-4CB2-8553-72F2070CA038}.Release|ARM64.Build.0 = Release|Any CPU
		{A2EEC51F-6249-4CB2-8553-72F2070CA038}.Release|x64.ActiveCfg = Release|Any CPU
		{A2EEC51F-6249-4CB2-8553-72F2070CA038}.Release|x64.Build.0 = Release|Any CPU
		{A2EEC51F-6249-4CB2-8553-72F2070CA038}.Release|x86.ActiveCfg = Release|Any CPU
		{A2EEC51F-6249-4CB2-8553-72F2070CA038}.Release|x86.Build.0 = Release|Any CPU
		{A67BB92A-0233-4DDB-B734-E3EE2F84AE50}.Debug|Any CPU.ActiveCfg = Debug|Any CPU
		{A67BB92A-0233-4DDB-B734-E3EE2F84AE50}.Debug|Any CPU.Build.0 = Debug|Any CPU
		{A67BB92A-0233-4DDB-B734-E3EE2F84AE50}.Debug|ARM.ActiveCfg = Debug|Any CPU
		{A67BB92A-0233-4DDB-B734-E3EE2F84AE50}.Debug|ARM.Build.0 = Debug|Any CPU
		{A67BB92A-0233-4DDB-B734-E3EE2F84AE50}.Debug|ARM64.ActiveCfg = Debug|Any CPU
		{A67BB92A-0233-4DDB-B734-E3EE2F84AE50}.Debug|ARM64.Build.0 = Debug|Any CPU
		{A67BB92A-0233-4DDB-B734-E3EE2F84AE50}.Debug|x64.ActiveCfg = Debug|Any CPU
		{A67BB92A-0233-4DDB-B734-E3EE2F84AE50}.Debug|x64.Build.0 = Debug|Any CPU
		{A67BB92A-0233-4DDB-B734-E3EE2F84AE50}.Debug|x86.ActiveCfg = Debug|Any CPU
		{A67BB92A-0233-4DDB-B734-E3EE2F84AE50}.Debug|x86.Build.0 = Debug|Any CPU
		{A67BB92A-0233-4DDB-B734-E3EE2F84AE50}.Release|Any CPU.ActiveCfg = Release|Any CPU
		{A67BB92A-0233-4DDB-B734-E3EE2F84AE50}.Release|Any CPU.Build.0 = Release|Any CPU
		{A67BB92A-0233-4DDB-B734-E3EE2F84AE50}.Release|ARM.ActiveCfg = Release|Any CPU
		{A67BB92A-0233-4DDB-B734-E3EE2F84AE50}.Release|ARM.Build.0 = Release|Any CPU
		{A67BB92A-0233-4DDB-B734-E3EE2F84AE50}.Release|ARM64.ActiveCfg = Release|Any CPU
		{A67BB92A-0233-4DDB-B734-E3EE2F84AE50}.Release|ARM64.Build.0 = Release|Any CPU
		{A67BB92A-0233-4DDB-B734-E3EE2F84AE50}.Release|x64.ActiveCfg = Release|Any CPU
		{A67BB92A-0233-4DDB-B734-E3EE2F84AE50}.Release|x64.Build.0 = Release|Any CPU
		{A67BB92A-0233-4DDB-B734-E3EE2F84AE50}.Release|x86.ActiveCfg = Release|Any CPU
		{A67BB92A-0233-4DDB-B734-E3EE2F84AE50}.Release|x86.Build.0 = Release|Any CPU
		{156F34D5-5B15-40CD-9873-C822D5335B0D}.Debug|Any CPU.ActiveCfg = Debug|Any CPU
		{156F34D5-5B15-40CD-9873-C822D5335B0D}.Debug|Any CPU.Build.0 = Debug|Any CPU
		{156F34D5-5B15-40CD-9873-C822D5335B0D}.Debug|ARM.ActiveCfg = Debug|Any CPU
		{156F34D5-5B15-40CD-9873-C822D5335B0D}.Debug|ARM.Build.0 = Debug|Any CPU
		{156F34D5-5B15-40CD-9873-C822D5335B0D}.Debug|ARM64.ActiveCfg = Debug|Any CPU
		{156F34D5-5B15-40CD-9873-C822D5335B0D}.Debug|ARM64.Build.0 = Debug|Any CPU
		{156F34D5-5B15-40CD-9873-C822D5335B0D}.Debug|x64.ActiveCfg = Debug|Any CPU
		{156F34D5-5B15-40CD-9873-C822D5335B0D}.Debug|x64.Build.0 = Debug|Any CPU
		{156F34D5-5B15-40CD-9873-C822D5335B0D}.Debug|x86.ActiveCfg = Debug|Any CPU
		{156F34D5-5B15-40CD-9873-C822D5335B0D}.Debug|x86.Build.0 = Debug|Any CPU
		{156F34D5-5B15-40CD-9873-C822D5335B0D}.Release|Any CPU.ActiveCfg = Release|Any CPU
		{156F34D5-5B15-40CD-9873-C822D5335B0D}.Release|Any CPU.Build.0 = Release|Any CPU
		{156F34D5-5B15-40CD-9873-C822D5335B0D}.Release|ARM.ActiveCfg = Release|Any CPU
		{156F34D5-5B15-40CD-9873-C822D5335B0D}.Release|ARM.Build.0 = Release|Any CPU
		{156F34D5-5B15-40CD-9873-C822D5335B0D}.Release|ARM64.ActiveCfg = Release|Any CPU
		{156F34D5-5B15-40CD-9873-C822D5335B0D}.Release|ARM64.Build.0 = Release|Any CPU
		{156F34D5-5B15-40CD-9873-C822D5335B0D}.Release|x64.ActiveCfg = Release|Any CPU
		{156F34D5-5B15-40CD-9873-C822D5335B0D}.Release|x64.Build.0 = Release|Any CPU
		{156F34D5-5B15-40CD-9873-C822D5335B0D}.Release|x86.ActiveCfg = Release|Any CPU
		{156F34D5-5B15-40CD-9873-C822D5335B0D}.Release|x86.Build.0 = Release|Any CPU
		{3E347EBC-4025-4E8F-9187-FBA2DD85959D}.Debug|Any CPU.ActiveCfg = Debug|Any CPU
		{3E347EBC-4025-4E8F-9187-FBA2DD85959D}.Debug|Any CPU.Build.0 = Debug|Any CPU
		{3E347EBC-4025-4E8F-9187-FBA2DD85959D}.Debug|ARM.ActiveCfg = Debug|Any CPU
		{3E347EBC-4025-4E8F-9187-FBA2DD85959D}.Debug|ARM.Build.0 = Debug|Any CPU
		{3E347EBC-4025-4E8F-9187-FBA2DD85959D}.Debug|ARM64.ActiveCfg = Debug|Any CPU
		{3E347EBC-4025-4E8F-9187-FBA2DD85959D}.Debug|ARM64.Build.0 = Debug|Any CPU
		{3E347EBC-4025-4E8F-9187-FBA2DD85959D}.Debug|x64.ActiveCfg = Debug|Any CPU
		{3E347EBC-4025-4E8F-9187-FBA2DD85959D}.Debug|x64.Build.0 = Debug|Any CPU
		{3E347EBC-4025-4E8F-9187-FBA2DD85959D}.Debug|x86.ActiveCfg = Debug|Any CPU
		{3E347EBC-4025-4E8F-9187-FBA2DD85959D}.Debug|x86.Build.0 = Debug|Any CPU
		{3E347EBC-4025-4E8F-9187-FBA2DD85959D}.Release|Any CPU.ActiveCfg = Release|Any CPU
		{3E347EBC-4025-4E8F-9187-FBA2DD85959D}.Release|Any CPU.Build.0 = Release|Any CPU
		{3E347EBC-4025-4E8F-9187-FBA2DD85959D}.Release|ARM.ActiveCfg = Release|Any CPU
		{3E347EBC-4025-4E8F-9187-FBA2DD85959D}.Release|ARM.Build.0 = Release|Any CPU
		{3E347EBC-4025-4E8F-9187-FBA2DD85959D}.Release|ARM64.ActiveCfg = Release|Any CPU
		{3E347EBC-4025-4E8F-9187-FBA2DD85959D}.Release|ARM64.Build.0 = Release|Any CPU
		{3E347EBC-4025-4E8F-9187-FBA2DD85959D}.Release|x64.ActiveCfg = Release|Any CPU
		{3E347EBC-4025-4E8F-9187-FBA2DD85959D}.Release|x64.Build.0 = Release|Any CPU
		{3E347EBC-4025-4E8F-9187-FBA2DD85959D}.Release|x86.ActiveCfg = Release|Any CPU
		{3E347EBC-4025-4E8F-9187-FBA2DD85959D}.Release|x86.Build.0 = Release|Any CPU
		{675A6C8F-B24F-430E-920A-045927459E07}.Debug|Any CPU.ActiveCfg = Debug|Any CPU
		{675A6C8F-B24F-430E-920A-045927459E07}.Debug|Any CPU.Build.0 = Debug|Any CPU
		{675A6C8F-B24F-430E-920A-045927459E07}.Debug|ARM.ActiveCfg = Debug|Any CPU
		{675A6C8F-B24F-430E-920A-045927459E07}.Debug|ARM.Build.0 = Debug|Any CPU
		{675A6C8F-B24F-430E-920A-045927459E07}.Debug|ARM64.ActiveCfg = Debug|Any CPU
		{675A6C8F-B24F-430E-920A-045927459E07}.Debug|ARM64.Build.0 = Debug|Any CPU
		{675A6C8F-B24F-430E-920A-045927459E07}.Debug|x64.ActiveCfg = Debug|Any CPU
		{675A6C8F-B24F-430E-920A-045927459E07}.Debug|x64.Build.0 = Debug|Any CPU
		{675A6C8F-B24F-430E-920A-045927459E07}.Debug|x86.ActiveCfg = Debug|Any CPU
		{675A6C8F-B24F-430E-920A-045927459E07}.Debug|x86.Build.0 = Debug|Any CPU
		{675A6C8F-B24F-430E-920A-045927459E07}.Release|Any CPU.ActiveCfg = Release|Any CPU
		{675A6C8F-B24F-430E-920A-045927459E07}.Release|Any CPU.Build.0 = Release|Any CPU
		{675A6C8F-B24F-430E-920A-045927459E07}.Release|ARM.ActiveCfg = Release|Any CPU
		{675A6C8F-B24F-430E-920A-045927459E07}.Release|ARM.Build.0 = Release|Any CPU
		{675A6C8F-B24F-430E-920A-045927459E07}.Release|ARM64.ActiveCfg = Release|Any CPU
		{675A6C8F-B24F-430E-920A-045927459E07}.Release|ARM64.Build.0 = Release|Any CPU
		{675A6C8F-B24F-430E-920A-045927459E07}.Release|x64.ActiveCfg = Release|Any CPU
		{675A6C8F-B24F-430E-920A-045927459E07}.Release|x64.Build.0 = Release|Any CPU
		{675A6C8F-B24F-430E-920A-045927459E07}.Release|x86.ActiveCfg = Release|Any CPU
		{675A6C8F-B24F-430E-920A-045927459E07}.Release|x86.Build.0 = Release|Any CPU
		{BA1ED3BF-C103-4CAA-AE47-71A98F63E2A8}.Debug|Any CPU.ActiveCfg = Debug|Any CPU
		{BA1ED3BF-C103-4CAA-AE47-71A98F63E2A8}.Debug|Any CPU.Build.0 = Debug|Any CPU
		{BA1ED3BF-C103-4CAA-AE47-71A98F63E2A8}.Debug|ARM.ActiveCfg = Debug|Any CPU
		{BA1ED3BF-C103-4CAA-AE47-71A98F63E2A8}.Debug|ARM.Build.0 = Debug|Any CPU
		{BA1ED3BF-C103-4CAA-AE47-71A98F63E2A8}.Debug|ARM64.ActiveCfg = Debug|Any CPU
		{BA1ED3BF-C103-4CAA-AE47-71A98F63E2A8}.Debug|ARM64.Build.0 = Debug|Any CPU
		{BA1ED3BF-C103-4CAA-AE47-71A98F63E2A8}.Debug|x64.ActiveCfg = Debug|Any CPU
		{BA1ED3BF-C103-4CAA-AE47-71A98F63E2A8}.Debug|x64.Build.0 = Debug|Any CPU
		{BA1ED3BF-C103-4CAA-AE47-71A98F63E2A8}.Debug|x86.ActiveCfg = Debug|Any CPU
		{BA1ED3BF-C103-4CAA-AE47-71A98F63E2A8}.Debug|x86.Build.0 = Debug|Any CPU
		{BA1ED3BF-C103-4CAA-AE47-71A98F63E2A8}.Release|Any CPU.ActiveCfg = Release|Any CPU
		{BA1ED3BF-C103-4CAA-AE47-71A98F63E2A8}.Release|Any CPU.Build.0 = Release|Any CPU
		{BA1ED3BF-C103-4CAA-AE47-71A98F63E2A8}.Release|ARM.ActiveCfg = Release|Any CPU
		{BA1ED3BF-C103-4CAA-AE47-71A98F63E2A8}.Release|ARM.Build.0 = Release|Any CPU
		{BA1ED3BF-C103-4CAA-AE47-71A98F63E2A8}.Release|ARM64.ActiveCfg = Release|Any CPU
		{BA1ED3BF-C103-4CAA-AE47-71A98F63E2A8}.Release|ARM64.Build.0 = Release|Any CPU
		{BA1ED3BF-C103-4CAA-AE47-71A98F63E2A8}.Release|x64.ActiveCfg = Release|Any CPU
		{BA1ED3BF-C103-4CAA-AE47-71A98F63E2A8}.Release|x64.Build.0 = Release|Any CPU
		{BA1ED3BF-C103-4CAA-AE47-71A98F63E2A8}.Release|x86.ActiveCfg = Release|Any CPU
		{BA1ED3BF-C103-4CAA-AE47-71A98F63E2A8}.Release|x86.Build.0 = Release|Any CPU
		{D99FED70-1E2A-4C2C-89EC-1DC3A610D0C4}.Debug|Any CPU.ActiveCfg = Debug|Any CPU
		{D99FED70-1E2A-4C2C-89EC-1DC3A610D0C4}.Debug|Any CPU.Build.0 = Debug|Any CPU
		{D99FED70-1E2A-4C2C-89EC-1DC3A610D0C4}.Debug|ARM.ActiveCfg = Debug|Any CPU
		{D99FED70-1E2A-4C2C-89EC-1DC3A610D0C4}.Debug|ARM.Build.0 = Debug|Any CPU
		{D99FED70-1E2A-4C2C-89EC-1DC3A610D0C4}.Debug|ARM64.ActiveCfg = Debug|Any CPU
		{D99FED70-1E2A-4C2C-89EC-1DC3A610D0C4}.Debug|ARM64.Build.0 = Debug|Any CPU
		{D99FED70-1E2A-4C2C-89EC-1DC3A610D0C4}.Debug|x64.ActiveCfg = Debug|Any CPU
		{D99FED70-1E2A-4C2C-89EC-1DC3A610D0C4}.Debug|x64.Build.0 = Debug|Any CPU
		{D99FED70-1E2A-4C2C-89EC-1DC3A610D0C4}.Debug|x86.ActiveCfg = Debug|Any CPU
		{D99FED70-1E2A-4C2C-89EC-1DC3A610D0C4}.Debug|x86.Build.0 = Debug|Any CPU
		{D99FED70-1E2A-4C2C-89EC-1DC3A610D0C4}.Release|Any CPU.ActiveCfg = Release|Any CPU
		{D99FED70-1E2A-4C2C-89EC-1DC3A610D0C4}.Release|Any CPU.Build.0 = Release|Any CPU
		{D99FED70-1E2A-4C2C-89EC-1DC3A610D0C4}.Release|ARM.ActiveCfg = Release|Any CPU
		{D99FED70-1E2A-4C2C-89EC-1DC3A610D0C4}.Release|ARM.Build.0 = Release|Any CPU
		{D99FED70-1E2A-4C2C-89EC-1DC3A610D0C4}.Release|ARM64.ActiveCfg = Release|Any CPU
		{D99FED70-1E2A-4C2C-89EC-1DC3A610D0C4}.Release|ARM64.Build.0 = Release|Any CPU
		{D99FED70-1E2A-4C2C-89EC-1DC3A610D0C4}.Release|x64.ActiveCfg = Release|Any CPU
		{D99FED70-1E2A-4C2C-89EC-1DC3A610D0C4}.Release|x64.Build.0 = Release|Any CPU
		{D99FED70-1E2A-4C2C-89EC-1DC3A610D0C4}.Release|x86.ActiveCfg = Release|Any CPU
		{D99FED70-1E2A-4C2C-89EC-1DC3A610D0C4}.Release|x86.Build.0 = Release|Any CPU
		{52962B7E-9CA6-4800-A989-E8C7786CC1E0}.Debug|Any CPU.ActiveCfg = Debug|Any CPU
		{52962B7E-9CA6-4800-A989-E8C7786CC1E0}.Debug|Any CPU.Build.0 = Debug|Any CPU
		{52962B7E-9CA6-4800-A989-E8C7786CC1E0}.Debug|ARM.ActiveCfg = Debug|Any CPU
		{52962B7E-9CA6-4800-A989-E8C7786CC1E0}.Debug|ARM.Build.0 = Debug|Any CPU
		{52962B7E-9CA6-4800-A989-E8C7786CC1E0}.Debug|ARM64.ActiveCfg = Debug|Any CPU
		{52962B7E-9CA6-4800-A989-E8C7786CC1E0}.Debug|ARM64.Build.0 = Debug|Any CPU
		{52962B7E-9CA6-4800-A989-E8C7786CC1E0}.Debug|x64.ActiveCfg = Debug|Any CPU
		{52962B7E-9CA6-4800-A989-E8C7786CC1E0}.Debug|x64.Build.0 = Debug|Any CPU
		{52962B7E-9CA6-4800-A989-E8C7786CC1E0}.Debug|x86.ActiveCfg = Debug|Any CPU
		{52962B7E-9CA6-4800-A989-E8C7786CC1E0}.Debug|x86.Build.0 = Debug|Any CPU
		{52962B7E-9CA6-4800-A989-E8C7786CC1E0}.Release|Any CPU.ActiveCfg = Release|Any CPU
		{52962B7E-9CA6-4800-A989-E8C7786CC1E0}.Release|Any CPU.Build.0 = Release|Any CPU
		{52962B7E-9CA6-4800-A989-E8C7786CC1E0}.Release|ARM.ActiveCfg = Release|Any CPU
		{52962B7E-9CA6-4800-A989-E8C7786CC1E0}.Release|ARM.Build.0 = Release|Any CPU
		{52962B7E-9CA6-4800-A989-E8C7786CC1E0}.Release|ARM64.ActiveCfg = Release|Any CPU
		{52962B7E-9CA6-4800-A989-E8C7786CC1E0}.Release|ARM64.Build.0 = Release|Any CPU
		{52962B7E-9CA6-4800-A989-E8C7786CC1E0}.Release|x64.ActiveCfg = Release|Any CPU
		{52962B7E-9CA6-4800-A989-E8C7786CC1E0}.Release|x64.Build.0 = Release|Any CPU
		{52962B7E-9CA6-4800-A989-E8C7786CC1E0}.Release|x86.ActiveCfg = Release|Any CPU
		{52962B7E-9CA6-4800-A989-E8C7786CC1E0}.Release|x86.Build.0 = Release|Any CPU
		{0F0CB22F-8C5C-473E-BE2A-FEEFB30E2DB1}.Debug|Any CPU.ActiveCfg = Debug|Any CPU
		{0F0CB22F-8C5C-473E-BE2A-FEEFB30E2DB1}.Debug|Any CPU.Build.0 = Debug|Any CPU
		{0F0CB22F-8C5C-473E-BE2A-FEEFB30E2DB1}.Debug|ARM.ActiveCfg = Debug|Any CPU
		{0F0CB22F-8C5C-473E-BE2A-FEEFB30E2DB1}.Debug|ARM.Build.0 = Debug|Any CPU
		{0F0CB22F-8C5C-473E-BE2A-FEEFB30E2DB1}.Debug|ARM64.ActiveCfg = Debug|Any CPU
		{0F0CB22F-8C5C-473E-BE2A-FEEFB30E2DB1}.Debug|ARM64.Build.0 = Debug|Any CPU
		{0F0CB22F-8C5C-473E-BE2A-FEEFB30E2DB1}.Debug|x64.ActiveCfg = Debug|Any CPU
		{0F0CB22F-8C5C-473E-BE2A-FEEFB30E2DB1}.Debug|x64.Build.0 = Debug|Any CPU
		{0F0CB22F-8C5C-473E-BE2A-FEEFB30E2DB1}.Debug|x86.ActiveCfg = Debug|Any CPU
		{0F0CB22F-8C5C-473E-BE2A-FEEFB30E2DB1}.Debug|x86.Build.0 = Debug|Any CPU
		{0F0CB22F-8C5C-473E-BE2A-FEEFB30E2DB1}.Release|Any CPU.ActiveCfg = Release|Any CPU
		{0F0CB22F-8C5C-473E-BE2A-FEEFB30E2DB1}.Release|Any CPU.Build.0 = Release|Any CPU
		{0F0CB22F-8C5C-473E-BE2A-FEEFB30E2DB1}.Release|ARM.ActiveCfg = Release|Any CPU
		{0F0CB22F-8C5C-473E-BE2A-FEEFB30E2DB1}.Release|ARM.Build.0 = Release|Any CPU
		{0F0CB22F-8C5C-473E-BE2A-FEEFB30E2DB1}.Release|ARM64.ActiveCfg = Release|Any CPU
		{0F0CB22F-8C5C-473E-BE2A-FEEFB30E2DB1}.Release|ARM64.Build.0 = Release|Any CPU
		{0F0CB22F-8C5C-473E-BE2A-FEEFB30E2DB1}.Release|x64.ActiveCfg = Release|Any CPU
		{0F0CB22F-8C5C-473E-BE2A-FEEFB30E2DB1}.Release|x64.Build.0 = Release|Any CPU
		{0F0CB22F-8C5C-473E-BE2A-FEEFB30E2DB1}.Release|x86.ActiveCfg = Release|Any CPU
		{0F0CB22F-8C5C-473E-BE2A-FEEFB30E2DB1}.Release|x86.Build.0 = Release|Any CPU
		{8FA68975-6350-422E-9A3B-C3AFFC4302E7}.Debug|Any CPU.ActiveCfg = Debug|Any CPU
		{8FA68975-6350-422E-9A3B-C3AFFC4302E7}.Debug|Any CPU.Build.0 = Debug|Any CPU
		{8FA68975-6350-422E-9A3B-C3AFFC4302E7}.Debug|ARM.ActiveCfg = Debug|Any CPU
		{8FA68975-6350-422E-9A3B-C3AFFC4302E7}.Debug|ARM.Build.0 = Debug|Any CPU
		{8FA68975-6350-422E-9A3B-C3AFFC4302E7}.Debug|ARM64.ActiveCfg = Debug|Any CPU
		{8FA68975-6350-422E-9A3B-C3AFFC4302E7}.Debug|ARM64.Build.0 = Debug|Any CPU
		{8FA68975-6350-422E-9A3B-C3AFFC4302E7}.Debug|x64.ActiveCfg = Debug|Any CPU
		{8FA68975-6350-422E-9A3B-C3AFFC4302E7}.Debug|x64.Build.0 = Debug|Any CPU
		{8FA68975-6350-422E-9A3B-C3AFFC4302E7}.Debug|x86.ActiveCfg = Debug|Any CPU
		{8FA68975-6350-422E-9A3B-C3AFFC4302E7}.Debug|x86.Build.0 = Debug|Any CPU
		{8FA68975-6350-422E-9A3B-C3AFFC4302E7}.Release|Any CPU.ActiveCfg = Release|Any CPU
		{8FA68975-6350-422E-9A3B-C3AFFC4302E7}.Release|Any CPU.Build.0 = Release|Any CPU
		{8FA68975-6350-422E-9A3B-C3AFFC4302E7}.Release|ARM.ActiveCfg = Release|Any CPU
		{8FA68975-6350-422E-9A3B-C3AFFC4302E7}.Release|ARM.Build.0 = Release|Any CPU
		{8FA68975-6350-422E-9A3B-C3AFFC4302E7}.Release|ARM64.ActiveCfg = Release|Any CPU
		{8FA68975-6350-422E-9A3B-C3AFFC4302E7}.Release|ARM64.Build.0 = Release|Any CPU
		{8FA68975-6350-422E-9A3B-C3AFFC4302E7}.Release|x64.ActiveCfg = Release|Any CPU
		{8FA68975-6350-422E-9A3B-C3AFFC4302E7}.Release|x64.Build.0 = Release|Any CPU
		{8FA68975-6350-422E-9A3B-C3AFFC4302E7}.Release|x86.ActiveCfg = Release|Any CPU
		{8FA68975-6350-422E-9A3B-C3AFFC4302E7}.Release|x86.Build.0 = Release|Any CPU
		{40EBE4C3-D10A-45F1-AE0F-32B785F61A73}.Debug|Any CPU.ActiveCfg = Debug|Any CPU
		{40EBE4C3-D10A-45F1-AE0F-32B785F61A73}.Debug|Any CPU.Build.0 = Debug|Any CPU
		{40EBE4C3-D10A-45F1-AE0F-32B785F61A73}.Debug|ARM.ActiveCfg = Debug|Any CPU
		{40EBE4C3-D10A-45F1-AE0F-32B785F61A73}.Debug|ARM.Build.0 = Debug|Any CPU
		{40EBE4C3-D10A-45F1-AE0F-32B785F61A73}.Debug|ARM64.ActiveCfg = Debug|Any CPU
		{40EBE4C3-D10A-45F1-AE0F-32B785F61A73}.Debug|ARM64.Build.0 = Debug|Any CPU
		{40EBE4C3-D10A-45F1-AE0F-32B785F61A73}.Debug|x64.ActiveCfg = Debug|Any CPU
		{40EBE4C3-D10A-45F1-AE0F-32B785F61A73}.Debug|x64.Build.0 = Debug|Any CPU
		{40EBE4C3-D10A-45F1-AE0F-32B785F61A73}.Debug|x86.ActiveCfg = Debug|Any CPU
		{40EBE4C3-D10A-45F1-AE0F-32B785F61A73}.Debug|x86.Build.0 = Debug|Any CPU
		{40EBE4C3-D10A-45F1-AE0F-32B785F61A73}.Release|Any CPU.ActiveCfg = Release|Any CPU
		{40EBE4C3-D10A-45F1-AE0F-32B785F61A73}.Release|Any CPU.Build.0 = Release|Any CPU
		{40EBE4C3-D10A-45F1-AE0F-32B785F61A73}.Release|ARM.ActiveCfg = Release|Any CPU
		{40EBE4C3-D10A-45F1-AE0F-32B785F61A73}.Release|ARM.Build.0 = Release|Any CPU
		{40EBE4C3-D10A-45F1-AE0F-32B785F61A73}.Release|ARM64.ActiveCfg = Release|Any CPU
		{40EBE4C3-D10A-45F1-AE0F-32B785F61A73}.Release|ARM64.Build.0 = Release|Any CPU
		{40EBE4C3-D10A-45F1-AE0F-32B785F61A73}.Release|x64.ActiveCfg = Release|Any CPU
		{40EBE4C3-D10A-45F1-AE0F-32B785F61A73}.Release|x64.Build.0 = Release|Any CPU
		{40EBE4C3-D10A-45F1-AE0F-32B785F61A73}.Release|x86.ActiveCfg = Release|Any CPU
		{40EBE4C3-D10A-45F1-AE0F-32B785F61A73}.Release|x86.Build.0 = Release|Any CPU
		{7700E422-7C3B-41FA-8001-DBDC75A7FBFC}.Debug|Any CPU.ActiveCfg = Debug|Any CPU
		{7700E422-7C3B-41FA-8001-DBDC75A7FBFC}.Debug|Any CPU.Build.0 = Debug|Any CPU
		{7700E422-7C3B-41FA-8001-DBDC75A7FBFC}.Debug|ARM.ActiveCfg = Debug|Any CPU
		{7700E422-7C3B-41FA-8001-DBDC75A7FBFC}.Debug|ARM.Build.0 = Debug|Any CPU
		{7700E422-7C3B-41FA-8001-DBDC75A7FBFC}.Debug|ARM64.ActiveCfg = Debug|Any CPU
		{7700E422-7C3B-41FA-8001-DBDC75A7FBFC}.Debug|ARM64.Build.0 = Debug|Any CPU
		{7700E422-7C3B-41FA-8001-DBDC75A7FBFC}.Debug|x64.ActiveCfg = Debug|Any CPU
		{7700E422-7C3B-41FA-8001-DBDC75A7FBFC}.Debug|x64.Build.0 = Debug|Any CPU
		{7700E422-7C3B-41FA-8001-DBDC75A7FBFC}.Debug|x86.ActiveCfg = Debug|Any CPU
		{7700E422-7C3B-41FA-8001-DBDC75A7FBFC}.Debug|x86.Build.0 = Debug|Any CPU
		{7700E422-7C3B-41FA-8001-DBDC75A7FBFC}.Release|Any CPU.ActiveCfg = Release|Any CPU
		{7700E422-7C3B-41FA-8001-DBDC75A7FBFC}.Release|Any CPU.Build.0 = Release|Any CPU
		{7700E422-7C3B-41FA-8001-DBDC75A7FBFC}.Release|ARM.ActiveCfg = Release|Any CPU
		{7700E422-7C3B-41FA-8001-DBDC75A7FBFC}.Release|ARM.Build.0 = Release|Any CPU
		{7700E422-7C3B-41FA-8001-DBDC75A7FBFC}.Release|ARM64.ActiveCfg = Release|Any CPU
		{7700E422-7C3B-41FA-8001-DBDC75A7FBFC}.Release|ARM64.Build.0 = Release|Any CPU
		{7700E422-7C3B-41FA-8001-DBDC75A7FBFC}.Release|x64.ActiveCfg = Release|Any CPU
		{7700E422-7C3B-41FA-8001-DBDC75A7FBFC}.Release|x64.Build.0 = Release|Any CPU
		{7700E422-7C3B-41FA-8001-DBDC75A7FBFC}.Release|x86.ActiveCfg = Release|Any CPU
		{7700E422-7C3B-41FA-8001-DBDC75A7FBFC}.Release|x86.Build.0 = Release|Any CPU
		{2E5261C4-2633-4542-902F-07E3A76FE1C6}.Debug|Any CPU.ActiveCfg = Debug|Any CPU
		{2E5261C4-2633-4542-902F-07E3A76FE1C6}.Debug|Any CPU.Build.0 = Debug|Any CPU
		{2E5261C4-2633-4542-902F-07E3A76FE1C6}.Debug|ARM.ActiveCfg = Debug|Any CPU
		{2E5261C4-2633-4542-902F-07E3A76FE1C6}.Debug|ARM.Build.0 = Debug|Any CPU
		{2E5261C4-2633-4542-902F-07E3A76FE1C6}.Debug|ARM64.ActiveCfg = Debug|Any CPU
		{2E5261C4-2633-4542-902F-07E3A76FE1C6}.Debug|ARM64.Build.0 = Debug|Any CPU
		{2E5261C4-2633-4542-902F-07E3A76FE1C6}.Debug|x64.ActiveCfg = Debug|Any CPU
		{2E5261C4-2633-4542-902F-07E3A76FE1C6}.Debug|x64.Build.0 = Debug|Any CPU
		{2E5261C4-2633-4542-902F-07E3A76FE1C6}.Debug|x86.ActiveCfg = Debug|Any CPU
		{2E5261C4-2633-4542-902F-07E3A76FE1C6}.Debug|x86.Build.0 = Debug|Any CPU
		{2E5261C4-2633-4542-902F-07E3A76FE1C6}.Release|Any CPU.ActiveCfg = Release|Any CPU
		{2E5261C4-2633-4542-902F-07E3A76FE1C6}.Release|Any CPU.Build.0 = Release|Any CPU
		{2E5261C4-2633-4542-902F-07E3A76FE1C6}.Release|ARM.ActiveCfg = Release|Any CPU
		{2E5261C4-2633-4542-902F-07E3A76FE1C6}.Release|ARM.Build.0 = Release|Any CPU
		{2E5261C4-2633-4542-902F-07E3A76FE1C6}.Release|ARM64.ActiveCfg = Release|Any CPU
		{2E5261C4-2633-4542-902F-07E3A76FE1C6}.Release|ARM64.Build.0 = Release|Any CPU
		{2E5261C4-2633-4542-902F-07E3A76FE1C6}.Release|x64.ActiveCfg = Release|Any CPU
		{2E5261C4-2633-4542-902F-07E3A76FE1C6}.Release|x64.Build.0 = Release|Any CPU
		{2E5261C4-2633-4542-902F-07E3A76FE1C6}.Release|x86.ActiveCfg = Release|Any CPU
		{2E5261C4-2633-4542-902F-07E3A76FE1C6}.Release|x86.Build.0 = Release|Any CPU
		{DBA4E5B8-754C-419B-921B-CEE40185465A}.Debug|Any CPU.ActiveCfg = Debug|Any CPU
		{DBA4E5B8-754C-419B-921B-CEE40185465A}.Debug|Any CPU.Build.0 = Debug|Any CPU
		{DBA4E5B8-754C-419B-921B-CEE40185465A}.Debug|ARM.ActiveCfg = Debug|Any CPU
		{DBA4E5B8-754C-419B-921B-CEE40185465A}.Debug|ARM.Build.0 = Debug|Any CPU
		{DBA4E5B8-754C-419B-921B-CEE40185465A}.Debug|ARM64.ActiveCfg = Debug|Any CPU
		{DBA4E5B8-754C-419B-921B-CEE40185465A}.Debug|ARM64.Build.0 = Debug|Any CPU
		{DBA4E5B8-754C-419B-921B-CEE40185465A}.Debug|x64.ActiveCfg = Debug|Any CPU
		{DBA4E5B8-754C-419B-921B-CEE40185465A}.Debug|x64.Build.0 = Debug|Any CPU
		{DBA4E5B8-754C-419B-921B-CEE40185465A}.Debug|x86.ActiveCfg = Debug|Any CPU
		{DBA4E5B8-754C-419B-921B-CEE40185465A}.Debug|x86.Build.0 = Debug|Any CPU
		{DBA4E5B8-754C-419B-921B-CEE40185465A}.Release|Any CPU.ActiveCfg = Release|Any CPU
		{DBA4E5B8-754C-419B-921B-CEE40185465A}.Release|Any CPU.Build.0 = Release|Any CPU
		{DBA4E5B8-754C-419B-921B-CEE40185465A}.Release|ARM.ActiveCfg = Release|Any CPU
		{DBA4E5B8-754C-419B-921B-CEE40185465A}.Release|ARM.Build.0 = Release|Any CPU
		{DBA4E5B8-754C-419B-921B-CEE40185465A}.Release|ARM64.ActiveCfg = Release|Any CPU
		{DBA4E5B8-754C-419B-921B-CEE40185465A}.Release|ARM64.Build.0 = Release|Any CPU
		{DBA4E5B8-754C-419B-921B-CEE40185465A}.Release|x64.ActiveCfg = Release|Any CPU
		{DBA4E5B8-754C-419B-921B-CEE40185465A}.Release|x64.Build.0 = Release|Any CPU
		{DBA4E5B8-754C-419B-921B-CEE40185465A}.Release|x86.ActiveCfg = Release|Any CPU
		{DBA4E5B8-754C-419B-921B-CEE40185465A}.Release|x86.Build.0 = Release|Any CPU
		{7905B66F-51AB-4031-96BA-9B76A39237EE}.Debug|Any CPU.ActiveCfg = Debug|Any CPU
		{7905B66F-51AB-4031-96BA-9B76A39237EE}.Debug|Any CPU.Build.0 = Debug|Any CPU
		{7905B66F-51AB-4031-96BA-9B76A39237EE}.Debug|ARM.ActiveCfg = Debug|Any CPU
		{7905B66F-51AB-4031-96BA-9B76A39237EE}.Debug|ARM.Build.0 = Debug|Any CPU
		{7905B66F-51AB-4031-96BA-9B76A39237EE}.Debug|ARM64.ActiveCfg = Debug|Any CPU
		{7905B66F-51AB-4031-96BA-9B76A39237EE}.Debug|ARM64.Build.0 = Debug|Any CPU
		{7905B66F-51AB-4031-96BA-9B76A39237EE}.Debug|x64.ActiveCfg = Debug|Any CPU
		{7905B66F-51AB-4031-96BA-9B76A39237EE}.Debug|x64.Build.0 = Debug|Any CPU
		{7905B66F-51AB-4031-96BA-9B76A39237EE}.Debug|x86.ActiveCfg = Debug|Any CPU
		{7905B66F-51AB-4031-96BA-9B76A39237EE}.Debug|x86.Build.0 = Debug|Any CPU
		{7905B66F-51AB-4031-96BA-9B76A39237EE}.Release|Any CPU.ActiveCfg = Release|Any CPU
		{7905B66F-51AB-4031-96BA-9B76A39237EE}.Release|Any CPU.Build.0 = Release|Any CPU
		{7905B66F-51AB-4031-96BA-9B76A39237EE}.Release|ARM.ActiveCfg = Release|Any CPU
		{7905B66F-51AB-4031-96BA-9B76A39237EE}.Release|ARM.Build.0 = Release|Any CPU
		{7905B66F-51AB-4031-96BA-9B76A39237EE}.Release|ARM64.ActiveCfg = Release|Any CPU
		{7905B66F-51AB-4031-96BA-9B76A39237EE}.Release|ARM64.Build.0 = Release|Any CPU
		{7905B66F-51AB-4031-96BA-9B76A39237EE}.Release|x64.ActiveCfg = Release|Any CPU
		{7905B66F-51AB-4031-96BA-9B76A39237EE}.Release|x64.Build.0 = Release|Any CPU
		{7905B66F-51AB-4031-96BA-9B76A39237EE}.Release|x86.ActiveCfg = Release|Any CPU
		{7905B66F-51AB-4031-96BA-9B76A39237EE}.Release|x86.Build.0 = Release|Any CPU
		{CAD754BD-07FE-4845-9723-493C07D0D9BA}.Debug|Any CPU.ActiveCfg = Debug|Any CPU
		{CAD754BD-07FE-4845-9723-493C07D0D9BA}.Debug|Any CPU.Build.0 = Debug|Any CPU
		{CAD754BD-07FE-4845-9723-493C07D0D9BA}.Debug|ARM.ActiveCfg = Debug|Any CPU
		{CAD754BD-07FE-4845-9723-493C07D0D9BA}.Debug|ARM.Build.0 = Debug|Any CPU
		{CAD754BD-07FE-4845-9723-493C07D0D9BA}.Debug|ARM64.ActiveCfg = Debug|Any CPU
		{CAD754BD-07FE-4845-9723-493C07D0D9BA}.Debug|ARM64.Build.0 = Debug|Any CPU
		{CAD754BD-07FE-4845-9723-493C07D0D9BA}.Debug|x64.ActiveCfg = Debug|Any CPU
		{CAD754BD-07FE-4845-9723-493C07D0D9BA}.Debug|x64.Build.0 = Debug|Any CPU
		{CAD754BD-07FE-4845-9723-493C07D0D9BA}.Debug|x86.ActiveCfg = Debug|Any CPU
		{CAD754BD-07FE-4845-9723-493C07D0D9BA}.Debug|x86.Build.0 = Debug|Any CPU
		{CAD754BD-07FE-4845-9723-493C07D0D9BA}.Release|Any CPU.ActiveCfg = Release|Any CPU
		{CAD754BD-07FE-4845-9723-493C07D0D9BA}.Release|Any CPU.Build.0 = Release|Any CPU
		{CAD754BD-07FE-4845-9723-493C07D0D9BA}.Release|ARM.ActiveCfg = Release|Any CPU
		{CAD754BD-07FE-4845-9723-493C07D0D9BA}.Release|ARM.Build.0 = Release|Any CPU
		{CAD754BD-07FE-4845-9723-493C07D0D9BA}.Release|ARM64.ActiveCfg = Release|Any CPU
		{CAD754BD-07FE-4845-9723-493C07D0D9BA}.Release|ARM64.Build.0 = Release|Any CPU
		{CAD754BD-07FE-4845-9723-493C07D0D9BA}.Release|x64.ActiveCfg = Release|Any CPU
		{CAD754BD-07FE-4845-9723-493C07D0D9BA}.Release|x64.Build.0 = Release|Any CPU
		{CAD754BD-07FE-4845-9723-493C07D0D9BA}.Release|x86.ActiveCfg = Release|Any CPU
		{CAD754BD-07FE-4845-9723-493C07D0D9BA}.Release|x86.Build.0 = Release|Any CPU
		{38931560-E6CB-4897-9681-D6E19339CB83}.Debug|Any CPU.ActiveCfg = Debug|Any CPU
		{38931560-E6CB-4897-9681-D6E19339CB83}.Debug|Any CPU.Build.0 = Debug|Any CPU
		{38931560-E6CB-4897-9681-D6E19339CB83}.Debug|ARM.ActiveCfg = Debug|Any CPU
		{38931560-E6CB-4897-9681-D6E19339CB83}.Debug|ARM.Build.0 = Debug|Any CPU
		{38931560-E6CB-4897-9681-D6E19339CB83}.Debug|ARM64.ActiveCfg = Debug|Any CPU
		{38931560-E6CB-4897-9681-D6E19339CB83}.Debug|ARM64.Build.0 = Debug|Any CPU
		{38931560-E6CB-4897-9681-D6E19339CB83}.Debug|x64.ActiveCfg = Debug|Any CPU
		{38931560-E6CB-4897-9681-D6E19339CB83}.Debug|x64.Build.0 = Debug|Any CPU
		{38931560-E6CB-4897-9681-D6E19339CB83}.Debug|x86.ActiveCfg = Debug|Any CPU
		{38931560-E6CB-4897-9681-D6E19339CB83}.Debug|x86.Build.0 = Debug|Any CPU
		{38931560-E6CB-4897-9681-D6E19339CB83}.Release|Any CPU.ActiveCfg = Release|Any CPU
		{38931560-E6CB-4897-9681-D6E19339CB83}.Release|Any CPU.Build.0 = Release|Any CPU
		{38931560-E6CB-4897-9681-D6E19339CB83}.Release|ARM.ActiveCfg = Release|Any CPU
		{38931560-E6CB-4897-9681-D6E19339CB83}.Release|ARM.Build.0 = Release|Any CPU
		{38931560-E6CB-4897-9681-D6E19339CB83}.Release|ARM64.ActiveCfg = Release|Any CPU
		{38931560-E6CB-4897-9681-D6E19339CB83}.Release|ARM64.Build.0 = Release|Any CPU
		{38931560-E6CB-4897-9681-D6E19339CB83}.Release|x64.ActiveCfg = Release|Any CPU
		{38931560-E6CB-4897-9681-D6E19339CB83}.Release|x64.Build.0 = Release|Any CPU
		{38931560-E6CB-4897-9681-D6E19339CB83}.Release|x86.ActiveCfg = Release|Any CPU
		{38931560-E6CB-4897-9681-D6E19339CB83}.Release|x86.Build.0 = Release|Any CPU
		{1046994D-64CA-445D-ABB9-DAE69F2A6BB1}.Debug|Any CPU.ActiveCfg = Debug|Any CPU
		{1046994D-64CA-445D-ABB9-DAE69F2A6BB1}.Debug|Any CPU.Build.0 = Debug|Any CPU
		{1046994D-64CA-445D-ABB9-DAE69F2A6BB1}.Debug|ARM.ActiveCfg = Debug|Any CPU
		{1046994D-64CA-445D-ABB9-DAE69F2A6BB1}.Debug|ARM.Build.0 = Debug|Any CPU
		{1046994D-64CA-445D-ABB9-DAE69F2A6BB1}.Debug|ARM64.ActiveCfg = Debug|Any CPU
		{1046994D-64CA-445D-ABB9-DAE69F2A6BB1}.Debug|ARM64.Build.0 = Debug|Any CPU
		{1046994D-64CA-445D-ABB9-DAE69F2A6BB1}.Debug|x64.ActiveCfg = Debug|Any CPU
		{1046994D-64CA-445D-ABB9-DAE69F2A6BB1}.Debug|x64.Build.0 = Debug|Any CPU
		{1046994D-64CA-445D-ABB9-DAE69F2A6BB1}.Debug|x86.ActiveCfg = Debug|Any CPU
		{1046994D-64CA-445D-ABB9-DAE69F2A6BB1}.Debug|x86.Build.0 = Debug|Any CPU
		{1046994D-64CA-445D-ABB9-DAE69F2A6BB1}.Release|Any CPU.ActiveCfg = Release|Any CPU
		{1046994D-64CA-445D-ABB9-DAE69F2A6BB1}.Release|Any CPU.Build.0 = Release|Any CPU
		{1046994D-64CA-445D-ABB9-DAE69F2A6BB1}.Release|ARM.ActiveCfg = Release|Any CPU
		{1046994D-64CA-445D-ABB9-DAE69F2A6BB1}.Release|ARM.Build.0 = Release|Any CPU
		{1046994D-64CA-445D-ABB9-DAE69F2A6BB1}.Release|ARM64.ActiveCfg = Release|Any CPU
		{1046994D-64CA-445D-ABB9-DAE69F2A6BB1}.Release|ARM64.Build.0 = Release|Any CPU
		{1046994D-64CA-445D-ABB9-DAE69F2A6BB1}.Release|x64.ActiveCfg = Release|Any CPU
		{1046994D-64CA-445D-ABB9-DAE69F2A6BB1}.Release|x64.Build.0 = Release|Any CPU
		{1046994D-64CA-445D-ABB9-DAE69F2A6BB1}.Release|x86.ActiveCfg = Release|Any CPU
		{1046994D-64CA-445D-ABB9-DAE69F2A6BB1}.Release|x86.Build.0 = Release|Any CPU
		{705DFE80-50DD-453D-A515-DEDB877C8699}.Debug|Any CPU.ActiveCfg = Debug|Any CPU
		{705DFE80-50DD-453D-A515-DEDB877C8699}.Debug|Any CPU.Build.0 = Debug|Any CPU
		{705DFE80-50DD-453D-A515-DEDB877C8699}.Debug|ARM.ActiveCfg = Debug|Any CPU
		{705DFE80-50DD-453D-A515-DEDB877C8699}.Debug|ARM.Build.0 = Debug|Any CPU
		{705DFE80-50DD-453D-A515-DEDB877C8699}.Debug|ARM64.ActiveCfg = Debug|Any CPU
		{705DFE80-50DD-453D-A515-DEDB877C8699}.Debug|ARM64.Build.0 = Debug|Any CPU
		{705DFE80-50DD-453D-A515-DEDB877C8699}.Debug|x64.ActiveCfg = Debug|Any CPU
		{705DFE80-50DD-453D-A515-DEDB877C8699}.Debug|x64.Build.0 = Debug|Any CPU
		{705DFE80-50DD-453D-A515-DEDB877C8699}.Debug|x86.ActiveCfg = Debug|Any CPU
		{705DFE80-50DD-453D-A515-DEDB877C8699}.Debug|x86.Build.0 = Debug|Any CPU
		{705DFE80-50DD-453D-A515-DEDB877C8699}.Release|Any CPU.ActiveCfg = Release|Any CPU
		{705DFE80-50DD-453D-A515-DEDB877C8699}.Release|Any CPU.Build.0 = Release|Any CPU
		{705DFE80-50DD-453D-A515-DEDB877C8699}.Release|ARM.ActiveCfg = Release|Any CPU
		{705DFE80-50DD-453D-A515-DEDB877C8699}.Release|ARM.Build.0 = Release|Any CPU
		{705DFE80-50DD-453D-A515-DEDB877C8699}.Release|ARM64.ActiveCfg = Release|Any CPU
		{705DFE80-50DD-453D-A515-DEDB877C8699}.Release|ARM64.Build.0 = Release|Any CPU
		{705DFE80-50DD-453D-A515-DEDB877C8699}.Release|x64.ActiveCfg = Release|Any CPU
		{705DFE80-50DD-453D-A515-DEDB877C8699}.Release|x64.Build.0 = Release|Any CPU
		{705DFE80-50DD-453D-A515-DEDB877C8699}.Release|x86.ActiveCfg = Release|Any CPU
		{705DFE80-50DD-453D-A515-DEDB877C8699}.Release|x86.Build.0 = Release|Any CPU
		{C023E56E-AAF6-4F31-B7AE-293945368D35}.Debug|Any CPU.ActiveCfg = Debug|Any CPU
		{C023E56E-AAF6-4F31-B7AE-293945368D35}.Debug|Any CPU.Build.0 = Debug|Any CPU
		{C023E56E-AAF6-4F31-B7AE-293945368D35}.Debug|ARM.ActiveCfg = Debug|ARM
		{C023E56E-AAF6-4F31-B7AE-293945368D35}.Debug|ARM.Build.0 = Debug|ARM
		{C023E56E-AAF6-4F31-B7AE-293945368D35}.Debug|ARM64.ActiveCfg = Debug|ARM64
		{C023E56E-AAF6-4F31-B7AE-293945368D35}.Debug|ARM64.Build.0 = Debug|ARM64
		{C023E56E-AAF6-4F31-B7AE-293945368D35}.Debug|x64.ActiveCfg = Debug|x64
		{C023E56E-AAF6-4F31-B7AE-293945368D35}.Debug|x64.Build.0 = Debug|x64
		{C023E56E-AAF6-4F31-B7AE-293945368D35}.Debug|x86.ActiveCfg = Debug|x86
		{C023E56E-AAF6-4F31-B7AE-293945368D35}.Debug|x86.Build.0 = Debug|x86
		{C023E56E-AAF6-4F31-B7AE-293945368D35}.Release|Any CPU.ActiveCfg = Release|Any CPU
		{C023E56E-AAF6-4F31-B7AE-293945368D35}.Release|Any CPU.Build.0 = Release|Any CPU
		{C023E56E-AAF6-4F31-B7AE-293945368D35}.Release|ARM.ActiveCfg = Release|ARM
		{C023E56E-AAF6-4F31-B7AE-293945368D35}.Release|ARM.Build.0 = Release|ARM
		{C023E56E-AAF6-4F31-B7AE-293945368D35}.Release|ARM64.ActiveCfg = Release|ARM64
		{C023E56E-AAF6-4F31-B7AE-293945368D35}.Release|ARM64.Build.0 = Release|ARM64
		{C023E56E-AAF6-4F31-B7AE-293945368D35}.Release|x64.ActiveCfg = Release|x64
		{C023E56E-AAF6-4F31-B7AE-293945368D35}.Release|x64.Build.0 = Release|x64
		{C023E56E-AAF6-4F31-B7AE-293945368D35}.Release|x86.ActiveCfg = Release|x86
		{C023E56E-AAF6-4F31-B7AE-293945368D35}.Release|x86.Build.0 = Release|x86
		{4D64C940-EA28-42D8-841C-7F54A261BF73}.Debug|Any CPU.ActiveCfg = Debug|Any CPU
		{4D64C940-EA28-42D8-841C-7F54A261BF73}.Debug|Any CPU.Build.0 = Debug|Any CPU
		{4D64C940-EA28-42D8-841C-7F54A261BF73}.Debug|ARM.ActiveCfg = Debug|Any CPU
		{4D64C940-EA28-42D8-841C-7F54A261BF73}.Debug|ARM.Build.0 = Debug|Any CPU
		{4D64C940-EA28-42D8-841C-7F54A261BF73}.Debug|ARM64.ActiveCfg = Debug|Any CPU
		{4D64C940-EA28-42D8-841C-7F54A261BF73}.Debug|ARM64.Build.0 = Debug|Any CPU
		{4D64C940-EA28-42D8-841C-7F54A261BF73}.Debug|x64.ActiveCfg = Debug|Any CPU
		{4D64C940-EA28-42D8-841C-7F54A261BF73}.Debug|x64.Build.0 = Debug|Any CPU
		{4D64C940-EA28-42D8-841C-7F54A261BF73}.Debug|x86.ActiveCfg = Debug|Any CPU
		{4D64C940-EA28-42D8-841C-7F54A261BF73}.Debug|x86.Build.0 = Debug|Any CPU
		{4D64C940-EA28-42D8-841C-7F54A261BF73}.Release|Any CPU.ActiveCfg = Release|Any CPU
		{4D64C940-EA28-42D8-841C-7F54A261BF73}.Release|Any CPU.Build.0 = Release|Any CPU
		{4D64C940-EA28-42D8-841C-7F54A261BF73}.Release|ARM.ActiveCfg = Release|Any CPU
		{4D64C940-EA28-42D8-841C-7F54A261BF73}.Release|ARM.Build.0 = Release|Any CPU
		{4D64C940-EA28-42D8-841C-7F54A261BF73}.Release|ARM64.ActiveCfg = Release|Any CPU
		{4D64C940-EA28-42D8-841C-7F54A261BF73}.Release|ARM64.Build.0 = Release|Any CPU
		{4D64C940-EA28-42D8-841C-7F54A261BF73}.Release|x64.ActiveCfg = Release|Any CPU
		{4D64C940-EA28-42D8-841C-7F54A261BF73}.Release|x64.Build.0 = Release|Any CPU
		{4D64C940-EA28-42D8-841C-7F54A261BF73}.Release|x86.ActiveCfg = Release|Any CPU
		{4D64C940-EA28-42D8-841C-7F54A261BF73}.Release|x86.Build.0 = Release|Any CPU
		{75AB5255-0E92-4AF2-89C5-EBD34083799F}.Debug|Any CPU.ActiveCfg = Debug|Any CPU
		{75AB5255-0E92-4AF2-89C5-EBD34083799F}.Debug|Any CPU.Build.0 = Debug|Any CPU
		{75AB5255-0E92-4AF2-89C5-EBD34083799F}.Debug|ARM.ActiveCfg = Debug|Any CPU
		{75AB5255-0E92-4AF2-89C5-EBD34083799F}.Debug|ARM.Build.0 = Debug|Any CPU
		{75AB5255-0E92-4AF2-89C5-EBD34083799F}.Debug|ARM64.ActiveCfg = Debug|Any CPU
		{75AB5255-0E92-4AF2-89C5-EBD34083799F}.Debug|ARM64.Build.0 = Debug|Any CPU
		{75AB5255-0E92-4AF2-89C5-EBD34083799F}.Debug|x64.ActiveCfg = Debug|Any CPU
		{75AB5255-0E92-4AF2-89C5-EBD34083799F}.Debug|x64.Build.0 = Debug|Any CPU
		{75AB5255-0E92-4AF2-89C5-EBD34083799F}.Debug|x86.ActiveCfg = Debug|Any CPU
		{75AB5255-0E92-4AF2-89C5-EBD34083799F}.Debug|x86.Build.0 = Debug|Any CPU
		{75AB5255-0E92-4AF2-89C5-EBD34083799F}.Release|Any CPU.ActiveCfg = Release|Any CPU
		{75AB5255-0E92-4AF2-89C5-EBD34083799F}.Release|Any CPU.Build.0 = Release|Any CPU
		{75AB5255-0E92-4AF2-89C5-EBD34083799F}.Release|ARM.ActiveCfg = Release|Any CPU
		{75AB5255-0E92-4AF2-89C5-EBD34083799F}.Release|ARM.Build.0 = Release|Any CPU
		{75AB5255-0E92-4AF2-89C5-EBD34083799F}.Release|ARM64.ActiveCfg = Release|Any CPU
		{75AB5255-0E92-4AF2-89C5-EBD34083799F}.Release|ARM64.Build.0 = Release|Any CPU
		{75AB5255-0E92-4AF2-89C5-EBD34083799F}.Release|x64.ActiveCfg = Release|Any CPU
		{75AB5255-0E92-4AF2-89C5-EBD34083799F}.Release|x64.Build.0 = Release|Any CPU
		{75AB5255-0E92-4AF2-89C5-EBD34083799F}.Release|x86.ActiveCfg = Release|Any CPU
		{75AB5255-0E92-4AF2-89C5-EBD34083799F}.Release|x86.Build.0 = Release|Any CPU
		{E7FFB63B-3878-4AA0-B57E-CEAF548B0762}.Debug|Any CPU.ActiveCfg = Debug|Any CPU
		{E7FFB63B-3878-4AA0-B57E-CEAF548B0762}.Debug|Any CPU.Build.0 = Debug|Any CPU
		{E7FFB63B-3878-4AA0-B57E-CEAF548B0762}.Debug|ARM.ActiveCfg = Debug|Any CPU
		{E7FFB63B-3878-4AA0-B57E-CEAF548B0762}.Debug|ARM.Build.0 = Debug|Any CPU
		{E7FFB63B-3878-4AA0-B57E-CEAF548B0762}.Debug|ARM64.ActiveCfg = Debug|Any CPU
		{E7FFB63B-3878-4AA0-B57E-CEAF548B0762}.Debug|ARM64.Build.0 = Debug|Any CPU
		{E7FFB63B-3878-4AA0-B57E-CEAF548B0762}.Debug|x64.ActiveCfg = Debug|Any CPU
		{E7FFB63B-3878-4AA0-B57E-CEAF548B0762}.Debug|x64.Build.0 = Debug|Any CPU
		{E7FFB63B-3878-4AA0-B57E-CEAF548B0762}.Debug|x86.ActiveCfg = Debug|Any CPU
		{E7FFB63B-3878-4AA0-B57E-CEAF548B0762}.Debug|x86.Build.0 = Debug|Any CPU
		{E7FFB63B-3878-4AA0-B57E-CEAF548B0762}.Release|Any CPU.ActiveCfg = Release|Any CPU
		{E7FFB63B-3878-4AA0-B57E-CEAF548B0762}.Release|Any CPU.Build.0 = Release|Any CPU
		{E7FFB63B-3878-4AA0-B57E-CEAF548B0762}.Release|ARM.ActiveCfg = Release|Any CPU
		{E7FFB63B-3878-4AA0-B57E-CEAF548B0762}.Release|ARM.Build.0 = Release|Any CPU
		{E7FFB63B-3878-4AA0-B57E-CEAF548B0762}.Release|ARM64.ActiveCfg = Release|Any CPU
		{E7FFB63B-3878-4AA0-B57E-CEAF548B0762}.Release|ARM64.Build.0 = Release|Any CPU
		{E7FFB63B-3878-4AA0-B57E-CEAF548B0762}.Release|x64.ActiveCfg = Release|Any CPU
		{E7FFB63B-3878-4AA0-B57E-CEAF548B0762}.Release|x64.Build.0 = Release|Any CPU
		{E7FFB63B-3878-4AA0-B57E-CEAF548B0762}.Release|x86.ActiveCfg = Release|Any CPU
		{E7FFB63B-3878-4AA0-B57E-CEAF548B0762}.Release|x86.Build.0 = Release|Any CPU
		{BDC85665-9EEF-4BA5-AFC3-0B92483DBBC3}.Debug|Any CPU.ActiveCfg = Debug|Any CPU
		{BDC85665-9EEF-4BA5-AFC3-0B92483DBBC3}.Debug|Any CPU.Build.0 = Debug|Any CPU
		{BDC85665-9EEF-4BA5-AFC3-0B92483DBBC3}.Debug|ARM.ActiveCfg = Debug|Any CPU
		{BDC85665-9EEF-4BA5-AFC3-0B92483DBBC3}.Debug|ARM.Build.0 = Debug|Any CPU
		{BDC85665-9EEF-4BA5-AFC3-0B92483DBBC3}.Debug|ARM64.ActiveCfg = Debug|Any CPU
		{BDC85665-9EEF-4BA5-AFC3-0B92483DBBC3}.Debug|ARM64.Build.0 = Debug|Any CPU
		{BDC85665-9EEF-4BA5-AFC3-0B92483DBBC3}.Debug|x64.ActiveCfg = Debug|Any CPU
		{BDC85665-9EEF-4BA5-AFC3-0B92483DBBC3}.Debug|x64.Build.0 = Debug|Any CPU
		{BDC85665-9EEF-4BA5-AFC3-0B92483DBBC3}.Debug|x86.ActiveCfg = Debug|Any CPU
		{BDC85665-9EEF-4BA5-AFC3-0B92483DBBC3}.Debug|x86.Build.0 = Debug|Any CPU
		{BDC85665-9EEF-4BA5-AFC3-0B92483DBBC3}.Release|Any CPU.ActiveCfg = Release|Any CPU
		{BDC85665-9EEF-4BA5-AFC3-0B92483DBBC3}.Release|Any CPU.Build.0 = Release|Any CPU
		{BDC85665-9EEF-4BA5-AFC3-0B92483DBBC3}.Release|ARM.ActiveCfg = Release|Any CPU
		{BDC85665-9EEF-4BA5-AFC3-0B92483DBBC3}.Release|ARM.Build.0 = Release|Any CPU
		{BDC85665-9EEF-4BA5-AFC3-0B92483DBBC3}.Release|ARM64.ActiveCfg = Release|Any CPU
		{BDC85665-9EEF-4BA5-AFC3-0B92483DBBC3}.Release|ARM64.Build.0 = Release|Any CPU
		{BDC85665-9EEF-4BA5-AFC3-0B92483DBBC3}.Release|x64.ActiveCfg = Release|Any CPU
		{BDC85665-9EEF-4BA5-AFC3-0B92483DBBC3}.Release|x64.Build.0 = Release|Any CPU
		{BDC85665-9EEF-4BA5-AFC3-0B92483DBBC3}.Release|x86.ActiveCfg = Release|Any CPU
		{BDC85665-9EEF-4BA5-AFC3-0B92483DBBC3}.Release|x86.Build.0 = Release|Any CPU
		{03D1F535-7588-4D9E-B86B-63CE8383CB58}.Debug|Any CPU.ActiveCfg = Debug|Any CPU
		{03D1F535-7588-4D9E-B86B-63CE8383CB58}.Debug|Any CPU.Build.0 = Debug|Any CPU
		{03D1F535-7588-4D9E-B86B-63CE8383CB58}.Debug|ARM.ActiveCfg = Debug|Any CPU
		{03D1F535-7588-4D9E-B86B-63CE8383CB58}.Debug|ARM.Build.0 = Debug|Any CPU
		{03D1F535-7588-4D9E-B86B-63CE8383CB58}.Debug|ARM64.ActiveCfg = Debug|Any CPU
		{03D1F535-7588-4D9E-B86B-63CE8383CB58}.Debug|ARM64.Build.0 = Debug|Any CPU
		{03D1F535-7588-4D9E-B86B-63CE8383CB58}.Debug|x64.ActiveCfg = Debug|Any CPU
		{03D1F535-7588-4D9E-B86B-63CE8383CB58}.Debug|x64.Build.0 = Debug|Any CPU
		{03D1F535-7588-4D9E-B86B-63CE8383CB58}.Debug|x86.ActiveCfg = Debug|Any CPU
		{03D1F535-7588-4D9E-B86B-63CE8383CB58}.Debug|x86.Build.0 = Debug|Any CPU
		{03D1F535-7588-4D9E-B86B-63CE8383CB58}.Release|Any CPU.ActiveCfg = Release|Any CPU
		{03D1F535-7588-4D9E-B86B-63CE8383CB58}.Release|Any CPU.Build.0 = Release|Any CPU
		{03D1F535-7588-4D9E-B86B-63CE8383CB58}.Release|ARM.ActiveCfg = Release|Any CPU
		{03D1F535-7588-4D9E-B86B-63CE8383CB58}.Release|ARM.Build.0 = Release|Any CPU
		{03D1F535-7588-4D9E-B86B-63CE8383CB58}.Release|ARM64.ActiveCfg = Release|Any CPU
		{03D1F535-7588-4D9E-B86B-63CE8383CB58}.Release|ARM64.Build.0 = Release|Any CPU
		{03D1F535-7588-4D9E-B86B-63CE8383CB58}.Release|x64.ActiveCfg = Release|Any CPU
		{03D1F535-7588-4D9E-B86B-63CE8383CB58}.Release|x64.Build.0 = Release|Any CPU
		{03D1F535-7588-4D9E-B86B-63CE8383CB58}.Release|x86.ActiveCfg = Release|Any CPU
		{03D1F535-7588-4D9E-B86B-63CE8383CB58}.Release|x86.Build.0 = Release|Any CPU
		{993CB3EE-8E59-4E9D-8B31-B179512F7431}.Debug|Any CPU.ActiveCfg = Debug|Any CPU
		{993CB3EE-8E59-4E9D-8B31-B179512F7431}.Debug|Any CPU.Build.0 = Debug|Any CPU
		{993CB3EE-8E59-4E9D-8B31-B179512F7431}.Debug|ARM.ActiveCfg = Debug|Any CPU
		{993CB3EE-8E59-4E9D-8B31-B179512F7431}.Debug|ARM.Build.0 = Debug|Any CPU
		{993CB3EE-8E59-4E9D-8B31-B179512F7431}.Debug|ARM64.ActiveCfg = Debug|Any CPU
		{993CB3EE-8E59-4E9D-8B31-B179512F7431}.Debug|ARM64.Build.0 = Debug|Any CPU
		{993CB3EE-8E59-4E9D-8B31-B179512F7431}.Debug|x64.ActiveCfg = Debug|Any CPU
		{993CB3EE-8E59-4E9D-8B31-B179512F7431}.Debug|x64.Build.0 = Debug|Any CPU
		{993CB3EE-8E59-4E9D-8B31-B179512F7431}.Debug|x86.ActiveCfg = Debug|Any CPU
		{993CB3EE-8E59-4E9D-8B31-B179512F7431}.Debug|x86.Build.0 = Debug|Any CPU
		{993CB3EE-8E59-4E9D-8B31-B179512F7431}.Release|Any CPU.ActiveCfg = Release|Any CPU
		{993CB3EE-8E59-4E9D-8B31-B179512F7431}.Release|Any CPU.Build.0 = Release|Any CPU
		{993CB3EE-8E59-4E9D-8B31-B179512F7431}.Release|ARM.ActiveCfg = Release|Any CPU
		{993CB3EE-8E59-4E9D-8B31-B179512F7431}.Release|ARM.Build.0 = Release|Any CPU
		{993CB3EE-8E59-4E9D-8B31-B179512F7431}.Release|ARM64.ActiveCfg = Release|Any CPU
		{993CB3EE-8E59-4E9D-8B31-B179512F7431}.Release|ARM64.Build.0 = Release|Any CPU
		{993CB3EE-8E59-4E9D-8B31-B179512F7431}.Release|x64.ActiveCfg = Release|Any CPU
		{993CB3EE-8E59-4E9D-8B31-B179512F7431}.Release|x64.Build.0 = Release|Any CPU
		{993CB3EE-8E59-4E9D-8B31-B179512F7431}.Release|x86.ActiveCfg = Release|Any CPU
		{993CB3EE-8E59-4E9D-8B31-B179512F7431}.Release|x86.Build.0 = Release|Any CPU
		{9C3FCEBB-846A-4A88-A931-94ADD003E7CE}.Debug|Any CPU.ActiveCfg = Debug|Any CPU
		{9C3FCEBB-846A-4A88-A931-94ADD003E7CE}.Debug|Any CPU.Build.0 = Debug|Any CPU
		{9C3FCEBB-846A-4A88-A931-94ADD003E7CE}.Debug|ARM.ActiveCfg = Debug|Any CPU
		{9C3FCEBB-846A-4A88-A931-94ADD003E7CE}.Debug|ARM.Build.0 = Debug|Any CPU
		{9C3FCEBB-846A-4A88-A931-94ADD003E7CE}.Debug|ARM64.ActiveCfg = Debug|Any CPU
		{9C3FCEBB-846A-4A88-A931-94ADD003E7CE}.Debug|ARM64.Build.0 = Debug|Any CPU
		{9C3FCEBB-846A-4A88-A931-94ADD003E7CE}.Debug|x64.ActiveCfg = Debug|Any CPU
		{9C3FCEBB-846A-4A88-A931-94ADD003E7CE}.Debug|x64.Build.0 = Debug|Any CPU
		{9C3FCEBB-846A-4A88-A931-94ADD003E7CE}.Debug|x86.ActiveCfg = Debug|Any CPU
		{9C3FCEBB-846A-4A88-A931-94ADD003E7CE}.Debug|x86.Build.0 = Debug|Any CPU
		{9C3FCEBB-846A-4A88-A931-94ADD003E7CE}.Release|Any CPU.ActiveCfg = Release|Any CPU
		{9C3FCEBB-846A-4A88-A931-94ADD003E7CE}.Release|Any CPU.Build.0 = Release|Any CPU
		{9C3FCEBB-846A-4A88-A931-94ADD003E7CE}.Release|ARM.ActiveCfg = Release|Any CPU
		{9C3FCEBB-846A-4A88-A931-94ADD003E7CE}.Release|ARM.Build.0 = Release|Any CPU
		{9C3FCEBB-846A-4A88-A931-94ADD003E7CE}.Release|ARM64.ActiveCfg = Release|Any CPU
		{9C3FCEBB-846A-4A88-A931-94ADD003E7CE}.Release|ARM64.Build.0 = Release|Any CPU
		{9C3FCEBB-846A-4A88-A931-94ADD003E7CE}.Release|x64.ActiveCfg = Release|Any CPU
		{9C3FCEBB-846A-4A88-A931-94ADD003E7CE}.Release|x64.Build.0 = Release|Any CPU
		{9C3FCEBB-846A-4A88-A931-94ADD003E7CE}.Release|x86.ActiveCfg = Release|Any CPU
		{9C3FCEBB-846A-4A88-A931-94ADD003E7CE}.Release|x86.Build.0 = Release|Any CPU
	EndGlobalSection
	GlobalSection(SolutionProperties) = preSolution
		HideSolutionNode = FALSE
	EndGlobalSection
	GlobalSection(NestedProjects) = preSolution
		{A9647145-00FC-4FC9-BFD8-8AC179BF4A36} = {11556FBE-83BE-4B8F-8DC1-17D2B4ED73BE}
		{C55CA8FA-D249-4EF0-BDA4-CB408A20256D} = {11556FBE-83BE-4B8F-8DC1-17D2B4ED73BE}
		{6D4D31A1-2D6E-4E72-84FA-03A71E066EBD} = {11556FBE-83BE-4B8F-8DC1-17D2B4ED73BE}
		{9184EF3D-A5A8-491B-A2A6-DBD41946D54A} = {11556FBE-83BE-4B8F-8DC1-17D2B4ED73BE}
		{F9CDFCC0-F3AD-4C78-BA2D-2775A0BE12FC} = {A9647145-00FC-4FC9-BFD8-8AC179BF4A36}
		{38248994-793E-4801-AFEC-E4C5DA117427} = {C373E7A9-7FDD-4D6B-828A-FA4D9FE88469}
		{45E22883-A004-466C-830F-D34C40613DF8} = {C373E7A9-7FDD-4D6B-828A-FA4D9FE88469}
		{DC220A87-B77D-4D08-8475-468A7375484C} = {11556FBE-83BE-4B8F-8DC1-17D2B4ED73BE}
		{9C600799-86D2-4604-B0C9-F22393974B7F} = {C373E7A9-7FDD-4D6B-828A-FA4D9FE88469}
		{50E59CB7-5DC6-4133-82D3-223CE387F9A7} = {11556FBE-83BE-4B8F-8DC1-17D2B4ED73BE}
		{2A800A7F-1255-4617-B636-CBD74E0ED96A} = {11556FBE-83BE-4B8F-8DC1-17D2B4ED73BE}
		{591A10B7-688C-4D34-A689-40ED517B2F24} = {C373E7A9-7FDD-4D6B-828A-FA4D9FE88469}
		{E689035B-7B77-4547-AAA8-BF4D340362E6} = {591A10B7-688C-4D34-A689-40ED517B2F24}
		{76A9A3B2-0578-4CD2-9BD3-4611A5C5D438} = {9C600799-86D2-4604-B0C9-F22393974B7F}
		{00AA8E33-E661-4847-B7A9-53738F7D9476} = {45E22883-A004-466C-830F-D34C40613DF8}
		{A2EEC51F-6249-4CB2-8553-72F2070CA038} = {38248994-793E-4801-AFEC-E4C5DA117427}
		{A67BB92A-0233-4DDB-B734-E3EE2F84AE50} = {6D4D31A1-2D6E-4E72-84FA-03A71E066EBD}
		{156F34D5-5B15-40CD-9873-C822D5335B0D} = {C55CA8FA-D249-4EF0-BDA4-CB408A20256D}
		{3E347EBC-4025-4E8F-9187-FBA2DD85959D} = {DC220A87-B77D-4D08-8475-468A7375484C}
		{675A6C8F-B24F-430E-920A-045927459E07} = {2A800A7F-1255-4617-B636-CBD74E0ED96A}
		{BA1ED3BF-C103-4CAA-AE47-71A98F63E2A8} = {9184EF3D-A5A8-491B-A2A6-DBD41946D54A}
		{D99FED70-1E2A-4C2C-89EC-1DC3A610D0C4} = {50E59CB7-5DC6-4133-82D3-223CE387F9A7}
		{52962B7E-9CA6-4800-A989-E8C7786CC1E0} = {A9647145-00FC-4FC9-BFD8-8AC179BF4A36}
		{0F0CB22F-8C5C-473E-BE2A-FEEFB30E2DB1} = {A9647145-00FC-4FC9-BFD8-8AC179BF4A36}
		{8FA68975-6350-422E-9A3B-C3AFFC4302E7} = {A9647145-00FC-4FC9-BFD8-8AC179BF4A36}
		{40EBE4C3-D10A-45F1-AE0F-32B785F61A73} = {A9647145-00FC-4FC9-BFD8-8AC179BF4A36}
		{7700E422-7C3B-41FA-8001-DBDC75A7FBFC} = {A9647145-00FC-4FC9-BFD8-8AC179BF4A36}
		{2E5261C4-2633-4542-902F-07E3A76FE1C6} = {F9CDFCC0-F3AD-4C78-BA2D-2775A0BE12FC}
		{DBA4E5B8-754C-419B-921B-CEE40185465A} = {F9CDFCC0-F3AD-4C78-BA2D-2775A0BE12FC}
		{7905B66F-51AB-4031-96BA-9B76A39237EE} = {C55CA8FA-D249-4EF0-BDA4-CB408A20256D}
		{CAD754BD-07FE-4845-9723-493C07D0D9BA} = {C55CA8FA-D249-4EF0-BDA4-CB408A20256D}
		{38931560-E6CB-4897-9681-D6E19339CB83} = {50E59CB7-5DC6-4133-82D3-223CE387F9A7}
		{1046994D-64CA-445D-ABB9-DAE69F2A6BB1} = {1C712DFC-927F-43C0-B8DF-02ED6077B4A8}
		{705DFE80-50DD-453D-A515-DEDB877C8699} = {1C712DFC-927F-43C0-B8DF-02ED6077B4A8}
		{C023E56E-AAF6-4F31-B7AE-293945368D35} = {1C712DFC-927F-43C0-B8DF-02ED6077B4A8}
		{4D64C940-EA28-42D8-841C-7F54A261BF73} = {274366D9-581A-4EBD-8C54-87DAEAB1869A}
		{75AB5255-0E92-4AF2-89C5-EBD34083799F} = {2A800A7F-1255-4617-B636-CBD74E0ED96A}
		{E7FFB63B-3878-4AA0-B57E-CEAF548B0762} = {274366D9-581A-4EBD-8C54-87DAEAB1869A}
		{BAE5C9E9-416C-4B79-AF4C-3AAA3071513D} = {F9CDFCC0-F3AD-4C78-BA2D-2775A0BE12FC}
		{BDC85665-9EEF-4BA5-AFC3-0B92483DBBC3} = {BAE5C9E9-416C-4B79-AF4C-3AAA3071513D}
		{03D1F535-7588-4D9E-B86B-63CE8383CB58} = {BAE5C9E9-416C-4B79-AF4C-3AAA3071513D}
		{993CB3EE-8E59-4E9D-8B31-B179512F7431} = {DC220A87-B77D-4D08-8475-468A7375484C}
		{9C3FCEBB-846A-4A88-A931-94ADD003E7CE} = {BAE5C9E9-416C-4B79-AF4C-3AAA3071513D}
	EndGlobalSection
	GlobalSection(ExtensibilityGlobals) = postSolution
		SolutionGuid = {DF34B008-79AB-4162-ADC9-E6F970571414}
	EndGlobalSection
EndGlobal
