
Microsoft Visual Studio Solution File, Format Version 12.00
# Visual Studio 15
VisualStudioVersion = 15.0.26430.13
MinimumVisualStudioVersion = 10.0.40219.1
Project("{2150E333-8FDC-42A3-9474-1A3956D46DE8}") = "Practices", "Practices", "{11556FBE-83BE-4B8F-8DC1-17D2B4ED73BE}"
EndProject
Project("{2150E333-8FDC-42A3-9474-1A3956D46DE8}") = "Composition", "Composition", "{A9647145-00FC-4FC9-BFD8-8AC179BF4A36}"
EndProject
Project("{2150E333-8FDC-42A3-9474-1A3956D46DE8}") = "IoC", "IoC", "{C55CA8FA-D249-4EF0-BDA4-CB408A20256D}"
EndProject
Project("{2150E333-8FDC-42A3-9474-1A3956D46DE8}") = "Scheduling", "Scheduling", "{6D4D31A1-2D6E-4E72-84FA-03A71E066EBD}"
EndProject
Project("{2150E333-8FDC-42A3-9474-1A3956D46DE8}") = "Modularity", "Modularity", "{9184EF3D-A5A8-491B-A2A6-DBD41946D54A}"
EndProject
Project("{2150E333-8FDC-42A3-9474-1A3956D46DE8}") = "Tests", "Tests", "{F9CDFCC0-F3AD-4C78-BA2D-2775A0BE12FC}"
EndProject
Project("{2150E333-8FDC-42A3-9474-1A3956D46DE8}") = "Patterns", "Patterns", "{C373E7A9-7FDD-4D6B-828A-FA4D9FE88469}"
EndProject
Project("{2150E333-8FDC-42A3-9474-1A3956D46DE8}") = "Visitor", "Visitor", "{38248994-793E-4801-AFEC-E4C5DA117427}"
EndProject
Project("{2150E333-8FDC-42A3-9474-1A3956D46DE8}") = "Memento", "Memento", "{45E22883-A004-466C-830F-D34C40613DF8}"
EndProject
Project("{2150E333-8FDC-42A3-9474-1A3956D46DE8}") = "Middleware", "Middleware", "{DC220A87-B77D-4D08-8475-468A7375484C}"
EndProject
Project("{2150E333-8FDC-42A3-9474-1A3956D46DE8}") = "ChainOfResponsibility", "ChainOfResponsibility", "{9C600799-86D2-4604-B0C9-F22393974B7F}"
EndProject
Project("{FAE04EC0-301F-11D3-BF4B-00C04F79EFBC}") = "Solid.Practices.Composition.Web.NET45", "Solid.Practices.Composition.Web\Solid.Practices.Composition.Web.NET45.csproj", "{C77719B8-C488-45ED-A238-EC2CF37F5852}"
EndProject
Project("{FAE04EC0-301F-11D3-BF4B-00C04F79EFBC}") = "Solid.Practices.Composition.NET45.Tests", "Solid.Practices.Composition.NET45.Tests\Solid.Practices.Composition.NET45.Tests.csproj", "{A7428F9E-2B46-4BB4-8329-CD86EA4A961E}"
EndProject
Project("{FAE04EC0-301F-11D3-BF4B-00C04F79EFBC}") = "Solid.Practices.Composition.Client.Platform.NET45", "Solid.Practices.Composition.Client.Platform\net45\Solid.Practices.Composition.Client.Platform.NET45.csproj", "{B43A112D-9AF3-4B5B-A966-1BC91F0759F3}"
EndProject
Project("{FAE04EC0-301F-11D3-BF4B-00C04F79EFBC}") = "Solid.Practices.Composition.Client.Platform.UWP", "Solid.Practices.Composition.Client.Platform\uwp\Solid.Practices.Composition.Client.Platform.UWP.csproj", "{15A3B23C-FF3D-4A8F-B791-E5557F44F2C6}"
EndProject
Project("{FAE04EC0-301F-11D3-BF4B-00C04F79EFBC}") = "Solid.Practices.Composition.Container.MEF", "Solid.Practices.Composition.Container.MEF\Solid.Practices.Composition.Container.MEF.csproj", "{B4220CB3-0612-404E-BE3D-DD197080C256}"
EndProject
Project("{FAE04EC0-301F-11D3-BF4B-00C04F79EFBC}") = "Solid.Practices.Composition.Platform.NET45", "Solid.Practices.Composition.Platform\net45\Solid.Practices.Composition.Platform.NET45.csproj", "{705DFE80-50DD-453D-A515-DEDB877C8699}"
EndProject
Project("{FAE04EC0-301F-11D3-BF4B-00C04F79EFBC}") = "Solid.Practices.Composition.Platform.UWP", "Solid.Practices.Composition.Platform\uwp\Solid.Practices.Composition.Platform.UWP.csproj", "{8E66C48C-7DD2-4374-9737-F4945C17C9B7}"
EndProject
Project("{FAE04EC0-301F-11D3-BF4B-00C04F79EFBC}") = "Solid.Practices.Composition.Client.Platform.WINRT", "Solid.Practices.Composition.Client.Platform\winrt\Solid.Practices.Composition.Client.Platform.WINRT.csproj", "{68EBFE00-9410-41CC-A76B-09E528E1418B}"
EndProject
Project("{FAE04EC0-301F-11D3-BF4B-00C04F79EFBC}") = "Solid.Practices.Composition.Platform.WINRT", "Solid.Practices.Composition.Platform\winrt\Solid.Practices.Composition.Platform.WINRT.csproj", "{A8131C16-5EB2-4CC5-BBCE-6F5E401EE7DF}"
EndProject
Project("{2150E333-8FDC-42A3-9474-1A3956D46DE8}") = "Bootstrapping", "Bootstrapping", "{50E59CB7-5DC6-4133-82D3-223CE387F9A7}"
EndProject
Project("{2150E333-8FDC-42A3-9474-1A3956D46DE8}") = "Extensibility", "Extensibility", "{2A800A7F-1255-4617-B636-CBD74E0ED96A}"
EndProject
Project("{FAE04EC0-301F-11D3-BF4B-00C04F79EFBC}") = "Solid.IoC.Adapters.ObjectContainer", "Solid.IoC.Adapters.ObjectContainer\Solid.IoC.Adapters.ObjectContainer.csproj", "{7905B66F-51AB-4031-96BA-9B76A39237EE}"
EndProject
Project("{FAE04EC0-301F-11D3-BF4B-00C04F79EFBC}") = "Solid.Practices.IoC", "Solid.Practices.IoC\portable\Solid.Practices.IoC.csproj", "{3583B84F-B883-4DB5-BC23-25C90B4C1567}"
EndProject
Project("{FAE04EC0-301F-11D3-BF4B-00C04F79EFBC}") = "Solid.Practices.IoC.NET45", "Solid.Practices.IoC\net45\Solid.Practices.IoC.NET45.csproj", "{B21B0993-B149-416B-B067-634177A0C3CA}"
EndProject
Project("{FAE04EC0-301F-11D3-BF4B-00C04F79EFBC}") = "Solid.Practices.Middleware", "Solid.Practices.Middleware\portable\Solid.Practices.Middleware.csproj", "{4B92CF65-EDD3-4041-B3BF-AF79058AB2A6}"
EndProject
Project("{FAE04EC0-301F-11D3-BF4B-00C04F79EFBC}") = "Solid.Practices.Middleware.NET45", "Solid.Practices.Middleware\net45\Solid.Practices.Middleware.NET45.csproj", "{BF21C463-257A-4559-BA73-F54CADE619F0}"
EndProject
Project("{FAE04EC0-301F-11D3-BF4B-00C04F79EFBC}") = "Solid.Extensibility", "Solid.Extensibility\portable\Solid.Extensibility.csproj", "{F7E2A917-1679-4051-AB5F-7D9440867928}"
EndProject
Project("{FAE04EC0-301F-11D3-BF4B-00C04F79EFBC}") = "Solid.Extensibility.NET45", "Solid.Extensibility\net45\Solid.Extensibility.NET45.csproj", "{F8687379-EE24-4B1E-B802-A06D12BE67D0}"
EndProject
Project("{FAE04EC0-301F-11D3-BF4B-00C04F79EFBC}") = "Solid.Practices.Modularity", "Solid.Practices.Modularity\portable\Solid.Practices.Modularity.csproj", "{82BB5DF3-82AC-466D-BDDF-C65A9ECDB8A4}"
EndProject
Project("{FAE04EC0-301F-11D3-BF4B-00C04F79EFBC}") = "Solid.Practices.Modularity.NET45", "Solid.Practices.Modularity\net45\Solid.Practices.Modularity.NET45.csproj", "{578DE3AB-C18E-4F44-9E54-61F39F42AB2D}"
EndProject
Project("{FAE04EC0-301F-11D3-BF4B-00C04F79EFBC}") = "Solid.Bootstrapping", "Solid.Bootstrapping\portable\Solid.Bootstrapping.csproj", "{DB97D15D-853F-4C7A-87A4-2CFA43D6FD83}"
EndProject
Project("{FAE04EC0-301F-11D3-BF4B-00C04F79EFBC}") = "Solid.Bootstrapping.NET45", "Solid.Bootstrapping\net45\Solid.Bootstrapping.NET45.csproj", "{2F1ED29D-66ED-4A74-9496-9561970F7536}"
EndProject
Project("{FAE04EC0-301F-11D3-BF4B-00C04F79EFBC}") = "Solid.Practices.Composition.Contracts", "Solid.Practices.Composition.Contracts\portable\Solid.Practices.Composition.Contracts.csproj", "{0688E6E1-40E1-4625-B10B-E8F36F6D7690}"
EndProject
Project("{FAE04EC0-301F-11D3-BF4B-00C04F79EFBC}") = "Solid.Practices.Composition.Contracts.NET45", "Solid.Practices.Composition.Contracts\net45\Solid.Practices.Composition.Contracts.NET45.csproj", "{43A281E6-5203-4D2B-94CA-558336D1B136}"
EndProject
Project("{FAE04EC0-301F-11D3-BF4B-00C04F79EFBC}") = "Solid.Practices.Composition.Container", "Solid.Practices.Composition.Container\portable\Solid.Practices.Composition.Container.csproj", "{CD8C55DE-EF22-4B4D-9DD3-8F0B336244B4}"
EndProject
Project("{FAE04EC0-301F-11D3-BF4B-00C04F79EFBC}") = "Solid.Practices.Composition.Container.NET45", "Solid.Practices.Composition.Container\net45\Solid.Practices.Composition.Container.NET45.csproj", "{6223D9A1-C604-48D2-8DF3-60D1B84BD247}"
EndProject
Project("{FAE04EC0-301F-11D3-BF4B-00C04F79EFBC}") = "Solid.Practices.Composition", "Solid.Practices.Composition\portable\Solid.Practices.Composition.csproj", "{FA9056E5-FA5A-43A0-BB88-4CD9BC4537E6}"
EndProject
Project("{FAE04EC0-301F-11D3-BF4B-00C04F79EFBC}") = "Solid.Practices.Composition.NET45", "Solid.Practices.Composition\net45\Solid.Practices.Composition.NET45.csproj", "{C46D427D-580F-40AE-A429-7F3114673FAD}"
EndProject
Project("{FAE04EC0-301F-11D3-BF4B-00C04F79EFBC}") = "Solid.Practices.Scheduling", "Solid.Practices.Scheduling\portable\Solid.Practices.Scheduling.csproj", "{168418B8-3034-4938-9CB0-F2632E27DD3D}"
EndProject
Project("{FAE04EC0-301F-11D3-BF4B-00C04F79EFBC}") = "Solid.Practices.Scheduling.NET45", "Solid.Practices.Scheduling\net45\Solid.Practices.Scheduling.NET45.csproj", "{082BFE6A-3A00-4165-A5B2-0D4D616A60AB}"
EndProject
Project("{FAE04EC0-301F-11D3-BF4B-00C04F79EFBC}") = "Solid.Patterns.Visitor", "Solid.Patterns.Visitor\portable\Solid.Patterns.Visitor.csproj", "{06ACFB8D-30ED-4A01-A47A-C15B067A8322}"
EndProject
Project("{FAE04EC0-301F-11D3-BF4B-00C04F79EFBC}") = "Solid.Patterns.Visitor.NET45", "Solid.Patterns.Visitor\net45\Solid.Patterns.Visitor.NET45.csproj", "{6E7DBB74-8D46-43C0-B9B6-44EC79B3665F}"
EndProject
Project("{FAE04EC0-301F-11D3-BF4B-00C04F79EFBC}") = "Solid.Patterns.Memento", "Solid.Patterns.Memento\portable\Solid.Patterns.Memento.csproj", "{F8D7B5C4-87F6-4D7D-A021-E6AFB40E408E}"
EndProject
Project("{FAE04EC0-301F-11D3-BF4B-00C04F79EFBC}") = "Solid.Patterns.Memento.NET45", "Solid.Patterns.Memento\net45\Solid.Patterns.Memento.NET45.csproj", "{2B40E8AD-C935-4BEB-B729-5A0A2732D688}"
EndProject
Project("{FAE04EC0-301F-11D3-BF4B-00C04F79EFBC}") = "Solid.Patterns.ChainOfResponsibility", "Solid.Patterns.ChainOfResponsibility\portable\Solid.Patterns.ChainOfResponsibility.csproj", "{D050DDDE-A896-4F5D-8B41-728C8ECCA31F}"
EndProject
Project("{FAE04EC0-301F-11D3-BF4B-00C04F79EFBC}") = "Solid.Patterns.ChainOfResponsibility.NET45", "Solid.Patterns.ChainOfResponsibility\net45\Solid.Patterns.ChainOfResponsibility.NET45.csproj", "{41B7E273-3E43-4855-B4A3-25534F014B66}"
EndProject
Project("{9A19103F-16F7-4668-BE54-9A1E7A4F7556}") = "Solid.Practices.IoC.NETStandard13", "Solid.Practices.IoC\netstandard1.3\Solid.Practices.IoC.NETStandard13.csproj", "{35D10438-9F47-4B53-927A-02304849D536}"
EndProject
Project("{9A19103F-16F7-4668-BE54-9A1E7A4F7556}") = "Solid.Practices.Middleware.NETStandard13", "Solid.Practices.Middleware\netstandard1.3\Solid.Practices.Middleware.NETStandard13.csproj", "{7F240D3C-5079-42E8-8D5A-58D6C7EAE6E0}"
EndProject
Project("{9A19103F-16F7-4668-BE54-9A1E7A4F7556}") = "Solid.Practices.Scheduling.NETStandard13", "Solid.Practices.Scheduling\netstandard1.3\Solid.Practices.Scheduling.NETStandard13.csproj", "{53998969-9DAD-4A82-8F49-82E3FD687361}"
EndProject
Project("{9A19103F-16F7-4668-BE54-9A1E7A4F7556}") = "Solid.Practices.Modularity.NETStandard13", "Solid.Practices.Modularity\netstandard1.3\Solid.Practices.Modularity.NETStandard13.csproj", "{C45DFDDF-D6A5-4562-A019-07294FE82B3F}"
EndProject
Project("{9A19103F-16F7-4668-BE54-9A1E7A4F7556}") = "Solid.Bootstrapping.NETStandard13", "Solid.Bootstrapping\netstandard1.3\Solid.Bootstrapping.NETStandard13.csproj", "{020920AC-3C23-47AF-A72D-F6159E4B742D}"
EndProject
Global
	GlobalSection(SolutionConfigurationPlatforms) = preSolution
		Debug|Any CPU = Debug|Any CPU
		Debug|ARM = Debug|ARM
		Debug|x64 = Debug|x64
		Debug|x86 = Debug|x86
		Release|Any CPU = Release|Any CPU
		Release|ARM = Release|ARM
		Release|x64 = Release|x64
		Release|x86 = Release|x86
	EndGlobalSection
	GlobalSection(ProjectConfigurationPlatforms) = postSolution
		{C77719B8-C488-45ED-A238-EC2CF37F5852}.Debug|Any CPU.ActiveCfg = Debug|Any CPU
		{C77719B8-C488-45ED-A238-EC2CF37F5852}.Debug|Any CPU.Build.0 = Debug|Any CPU
		{C77719B8-C488-45ED-A238-EC2CF37F5852}.Debug|ARM.ActiveCfg = Debug|Any CPU
		{C77719B8-C488-45ED-A238-EC2CF37F5852}.Debug|ARM.Build.0 = Debug|Any CPU
		{C77719B8-C488-45ED-A238-EC2CF37F5852}.Debug|x64.ActiveCfg = Debug|Any CPU
		{C77719B8-C488-45ED-A238-EC2CF37F5852}.Debug|x64.Build.0 = Debug|Any CPU
		{C77719B8-C488-45ED-A238-EC2CF37F5852}.Debug|x86.ActiveCfg = Debug|Any CPU
		{C77719B8-C488-45ED-A238-EC2CF37F5852}.Debug|x86.Build.0 = Debug|Any CPU
		{C77719B8-C488-45ED-A238-EC2CF37F5852}.Release|Any CPU.ActiveCfg = Release|Any CPU
		{C77719B8-C488-45ED-A238-EC2CF37F5852}.Release|Any CPU.Build.0 = Release|Any CPU
		{C77719B8-C488-45ED-A238-EC2CF37F5852}.Release|ARM.ActiveCfg = Release|Any CPU
		{C77719B8-C488-45ED-A238-EC2CF37F5852}.Release|ARM.Build.0 = Release|Any CPU
		{C77719B8-C488-45ED-A238-EC2CF37F5852}.Release|x64.ActiveCfg = Release|Any CPU
		{C77719B8-C488-45ED-A238-EC2CF37F5852}.Release|x64.Build.0 = Release|Any CPU
		{C77719B8-C488-45ED-A238-EC2CF37F5852}.Release|x86.ActiveCfg = Release|Any CPU
		{C77719B8-C488-45ED-A238-EC2CF37F5852}.Release|x86.Build.0 = Release|Any CPU
		{A7428F9E-2B46-4BB4-8329-CD86EA4A961E}.Debug|Any CPU.ActiveCfg = Debug|Any CPU
		{A7428F9E-2B46-4BB4-8329-CD86EA4A961E}.Debug|Any CPU.Build.0 = Debug|Any CPU
		{A7428F9E-2B46-4BB4-8329-CD86EA4A961E}.Debug|ARM.ActiveCfg = Debug|Any CPU
		{A7428F9E-2B46-4BB4-8329-CD86EA4A961E}.Debug|ARM.Build.0 = Debug|Any CPU
		{A7428F9E-2B46-4BB4-8329-CD86EA4A961E}.Debug|x64.ActiveCfg = Debug|Any CPU
		{A7428F9E-2B46-4BB4-8329-CD86EA4A961E}.Debug|x64.Build.0 = Debug|Any CPU
		{A7428F9E-2B46-4BB4-8329-CD86EA4A961E}.Debug|x86.ActiveCfg = Debug|Any CPU
		{A7428F9E-2B46-4BB4-8329-CD86EA4A961E}.Debug|x86.Build.0 = Debug|Any CPU
		{A7428F9E-2B46-4BB4-8329-CD86EA4A961E}.Release|Any CPU.ActiveCfg = Release|Any CPU
		{A7428F9E-2B46-4BB4-8329-CD86EA4A961E}.Release|Any CPU.Build.0 = Release|Any CPU
		{A7428F9E-2B46-4BB4-8329-CD86EA4A961E}.Release|ARM.ActiveCfg = Release|Any CPU
		{A7428F9E-2B46-4BB4-8329-CD86EA4A961E}.Release|ARM.Build.0 = Release|Any CPU
		{A7428F9E-2B46-4BB4-8329-CD86EA4A961E}.Release|x64.ActiveCfg = Release|Any CPU
		{A7428F9E-2B46-4BB4-8329-CD86EA4A961E}.Release|x64.Build.0 = Release|Any CPU
		{A7428F9E-2B46-4BB4-8329-CD86EA4A961E}.Release|x86.ActiveCfg = Release|Any CPU
		{A7428F9E-2B46-4BB4-8329-CD86EA4A961E}.Release|x86.Build.0 = Release|Any CPU
		{B43A112D-9AF3-4B5B-A966-1BC91F0759F3}.Debug|Any CPU.ActiveCfg = Debug|Any CPU
		{B43A112D-9AF3-4B5B-A966-1BC91F0759F3}.Debug|Any CPU.Build.0 = Debug|Any CPU
		{B43A112D-9AF3-4B5B-A966-1BC91F0759F3}.Debug|ARM.ActiveCfg = Debug|Any CPU
		{B43A112D-9AF3-4B5B-A966-1BC91F0759F3}.Debug|ARM.Build.0 = Debug|Any CPU
		{B43A112D-9AF3-4B5B-A966-1BC91F0759F3}.Debug|x64.ActiveCfg = Debug|Any CPU
		{B43A112D-9AF3-4B5B-A966-1BC91F0759F3}.Debug|x64.Build.0 = Debug|Any CPU
		{B43A112D-9AF3-4B5B-A966-1BC91F0759F3}.Debug|x86.ActiveCfg = Debug|Any CPU
		{B43A112D-9AF3-4B5B-A966-1BC91F0759F3}.Debug|x86.Build.0 = Debug|Any CPU
		{B43A112D-9AF3-4B5B-A966-1BC91F0759F3}.Release|Any CPU.ActiveCfg = Release|Any CPU
		{B43A112D-9AF3-4B5B-A966-1BC91F0759F3}.Release|Any CPU.Build.0 = Release|Any CPU
		{B43A112D-9AF3-4B5B-A966-1BC91F0759F3}.Release|ARM.ActiveCfg = Release|Any CPU
		{B43A112D-9AF3-4B5B-A966-1BC91F0759F3}.Release|ARM.Build.0 = Release|Any CPU
		{B43A112D-9AF3-4B5B-A966-1BC91F0759F3}.Release|x64.ActiveCfg = Release|Any CPU
		{B43A112D-9AF3-4B5B-A966-1BC91F0759F3}.Release|x64.Build.0 = Release|Any CPU
		{B43A112D-9AF3-4B5B-A966-1BC91F0759F3}.Release|x86.ActiveCfg = Release|Any CPU
		{B43A112D-9AF3-4B5B-A966-1BC91F0759F3}.Release|x86.Build.0 = Release|Any CPU
		{15A3B23C-FF3D-4A8F-B791-E5557F44F2C6}.Debug|Any CPU.ActiveCfg = Debug|Any CPU
		{15A3B23C-FF3D-4A8F-B791-E5557F44F2C6}.Debug|Any CPU.Build.0 = Debug|Any CPU
		{15A3B23C-FF3D-4A8F-B791-E5557F44F2C6}.Debug|ARM.ActiveCfg = Debug|ARM
		{15A3B23C-FF3D-4A8F-B791-E5557F44F2C6}.Debug|ARM.Build.0 = Debug|ARM
		{15A3B23C-FF3D-4A8F-B791-E5557F44F2C6}.Debug|x64.ActiveCfg = Debug|x64
		{15A3B23C-FF3D-4A8F-B791-E5557F44F2C6}.Debug|x64.Build.0 = Debug|x64
		{15A3B23C-FF3D-4A8F-B791-E5557F44F2C6}.Debug|x86.ActiveCfg = Debug|x86
		{15A3B23C-FF3D-4A8F-B791-E5557F44F2C6}.Debug|x86.Build.0 = Debug|x86
		{15A3B23C-FF3D-4A8F-B791-E5557F44F2C6}.Release|Any CPU.ActiveCfg = Release|Any CPU
		{15A3B23C-FF3D-4A8F-B791-E5557F44F2C6}.Release|Any CPU.Build.0 = Release|Any CPU
		{15A3B23C-FF3D-4A8F-B791-E5557F44F2C6}.Release|ARM.ActiveCfg = Release|ARM
		{15A3B23C-FF3D-4A8F-B791-E5557F44F2C6}.Release|ARM.Build.0 = Release|ARM
		{15A3B23C-FF3D-4A8F-B791-E5557F44F2C6}.Release|x64.ActiveCfg = Release|x64
		{15A3B23C-FF3D-4A8F-B791-E5557F44F2C6}.Release|x64.Build.0 = Release|x64
		{15A3B23C-FF3D-4A8F-B791-E5557F44F2C6}.Release|x86.ActiveCfg = Release|x86
		{15A3B23C-FF3D-4A8F-B791-E5557F44F2C6}.Release|x86.Build.0 = Release|x86
		{B4220CB3-0612-404E-BE3D-DD197080C256}.Debug|Any CPU.ActiveCfg = Debug|Any CPU
		{B4220CB3-0612-404E-BE3D-DD197080C256}.Debug|Any CPU.Build.0 = Debug|Any CPU
		{B4220CB3-0612-404E-BE3D-DD197080C256}.Debug|ARM.ActiveCfg = Debug|Any CPU
		{B4220CB3-0612-404E-BE3D-DD197080C256}.Debug|ARM.Build.0 = Debug|Any CPU
		{B4220CB3-0612-404E-BE3D-DD197080C256}.Debug|x64.ActiveCfg = Debug|Any CPU
		{B4220CB3-0612-404E-BE3D-DD197080C256}.Debug|x64.Build.0 = Debug|Any CPU
		{B4220CB3-0612-404E-BE3D-DD197080C256}.Debug|x86.ActiveCfg = Debug|Any CPU
		{B4220CB3-0612-404E-BE3D-DD197080C256}.Debug|x86.Build.0 = Debug|Any CPU
		{B4220CB3-0612-404E-BE3D-DD197080C256}.Release|Any CPU.ActiveCfg = Release|Any CPU
		{B4220CB3-0612-404E-BE3D-DD197080C256}.Release|Any CPU.Build.0 = Release|Any CPU
		{B4220CB3-0612-404E-BE3D-DD197080C256}.Release|ARM.ActiveCfg = Release|Any CPU
		{B4220CB3-0612-404E-BE3D-DD197080C256}.Release|ARM.Build.0 = Release|Any CPU
		{B4220CB3-0612-404E-BE3D-DD197080C256}.Release|x64.ActiveCfg = Release|Any CPU
		{B4220CB3-0612-404E-BE3D-DD197080C256}.Release|x64.Build.0 = Release|Any CPU
		{B4220CB3-0612-404E-BE3D-DD197080C256}.Release|x86.ActiveCfg = Release|Any CPU
		{B4220CB3-0612-404E-BE3D-DD197080C256}.Release|x86.Build.0 = Release|Any CPU
		{705DFE80-50DD-453D-A515-DEDB877C8699}.Debug|Any CPU.ActiveCfg = Debug|Any CPU
		{705DFE80-50DD-453D-A515-DEDB877C8699}.Debug|Any CPU.Build.0 = Debug|Any CPU
		{705DFE80-50DD-453D-A515-DEDB877C8699}.Debug|ARM.ActiveCfg = Debug|Any CPU
		{705DFE80-50DD-453D-A515-DEDB877C8699}.Debug|ARM.Build.0 = Debug|Any CPU
		{705DFE80-50DD-453D-A515-DEDB877C8699}.Debug|x64.ActiveCfg = Debug|Any CPU
		{705DFE80-50DD-453D-A515-DEDB877C8699}.Debug|x64.Build.0 = Debug|Any CPU
		{705DFE80-50DD-453D-A515-DEDB877C8699}.Debug|x86.ActiveCfg = Debug|Any CPU
		{705DFE80-50DD-453D-A515-DEDB877C8699}.Debug|x86.Build.0 = Debug|Any CPU
		{705DFE80-50DD-453D-A515-DEDB877C8699}.Release|Any CPU.ActiveCfg = Release|Any CPU
		{705DFE80-50DD-453D-A515-DEDB877C8699}.Release|Any CPU.Build.0 = Release|Any CPU
		{705DFE80-50DD-453D-A515-DEDB877C8699}.Release|ARM.ActiveCfg = Release|Any CPU
		{705DFE80-50DD-453D-A515-DEDB877C8699}.Release|ARM.Build.0 = Release|Any CPU
		{705DFE80-50DD-453D-A515-DEDB877C8699}.Release|x64.ActiveCfg = Release|Any CPU
		{705DFE80-50DD-453D-A515-DEDB877C8699}.Release|x64.Build.0 = Release|Any CPU
		{705DFE80-50DD-453D-A515-DEDB877C8699}.Release|x86.ActiveCfg = Release|Any CPU
		{705DFE80-50DD-453D-A515-DEDB877C8699}.Release|x86.Build.0 = Release|Any CPU
		{8E66C48C-7DD2-4374-9737-F4945C17C9B7}.Debug|Any CPU.ActiveCfg = Debug|Any CPU
		{8E66C48C-7DD2-4374-9737-F4945C17C9B7}.Debug|Any CPU.Build.0 = Debug|Any CPU
		{8E66C48C-7DD2-4374-9737-F4945C17C9B7}.Debug|ARM.ActiveCfg = Debug|ARM
		{8E66C48C-7DD2-4374-9737-F4945C17C9B7}.Debug|ARM.Build.0 = Debug|ARM
		{8E66C48C-7DD2-4374-9737-F4945C17C9B7}.Debug|x64.ActiveCfg = Debug|x64
		{8E66C48C-7DD2-4374-9737-F4945C17C9B7}.Debug|x64.Build.0 = Debug|x64
		{8E66C48C-7DD2-4374-9737-F4945C17C9B7}.Debug|x86.ActiveCfg = Debug|x86
		{8E66C48C-7DD2-4374-9737-F4945C17C9B7}.Debug|x86.Build.0 = Debug|x86
		{8E66C48C-7DD2-4374-9737-F4945C17C9B7}.Release|Any CPU.ActiveCfg = Release|Any CPU
		{8E66C48C-7DD2-4374-9737-F4945C17C9B7}.Release|Any CPU.Build.0 = Release|Any CPU
		{8E66C48C-7DD2-4374-9737-F4945C17C9B7}.Release|ARM.ActiveCfg = Release|ARM
		{8E66C48C-7DD2-4374-9737-F4945C17C9B7}.Release|ARM.Build.0 = Release|ARM
		{8E66C48C-7DD2-4374-9737-F4945C17C9B7}.Release|x64.ActiveCfg = Release|x64
		{8E66C48C-7DD2-4374-9737-F4945C17C9B7}.Release|x64.Build.0 = Release|x64
		{8E66C48C-7DD2-4374-9737-F4945C17C9B7}.Release|x86.ActiveCfg = Release|x86
		{8E66C48C-7DD2-4374-9737-F4945C17C9B7}.Release|x86.Build.0 = Release|x86
		{68EBFE00-9410-41CC-A76B-09E528E1418B}.Debug|Any CPU.ActiveCfg = Debug|Any CPU
		{68EBFE00-9410-41CC-A76B-09E528E1418B}.Debug|Any CPU.Build.0 = Debug|Any CPU
		{68EBFE00-9410-41CC-A76B-09E528E1418B}.Debug|ARM.ActiveCfg = Debug|Any CPU
		{68EBFE00-9410-41CC-A76B-09E528E1418B}.Debug|ARM.Build.0 = Debug|Any CPU
		{68EBFE00-9410-41CC-A76B-09E528E1418B}.Debug|x64.ActiveCfg = Debug|Any CPU
		{68EBFE00-9410-41CC-A76B-09E528E1418B}.Debug|x64.Build.0 = Debug|Any CPU
		{68EBFE00-9410-41CC-A76B-09E528E1418B}.Debug|x86.ActiveCfg = Debug|Any CPU
		{68EBFE00-9410-41CC-A76B-09E528E1418B}.Debug|x86.Build.0 = Debug|Any CPU
		{68EBFE00-9410-41CC-A76B-09E528E1418B}.Release|Any CPU.ActiveCfg = Release|Any CPU
		{68EBFE00-9410-41CC-A76B-09E528E1418B}.Release|Any CPU.Build.0 = Release|Any CPU
		{68EBFE00-9410-41CC-A76B-09E528E1418B}.Release|ARM.ActiveCfg = Release|Any CPU
		{68EBFE00-9410-41CC-A76B-09E528E1418B}.Release|ARM.Build.0 = Release|Any CPU
		{68EBFE00-9410-41CC-A76B-09E528E1418B}.Release|x64.ActiveCfg = Release|Any CPU
		{68EBFE00-9410-41CC-A76B-09E528E1418B}.Release|x64.Build.0 = Release|Any CPU
		{68EBFE00-9410-41CC-A76B-09E528E1418B}.Release|x86.ActiveCfg = Release|Any CPU
		{68EBFE00-9410-41CC-A76B-09E528E1418B}.Release|x86.Build.0 = Release|Any CPU
		{A8131C16-5EB2-4CC5-BBCE-6F5E401EE7DF}.Debug|Any CPU.ActiveCfg = Debug|Any CPU
		{A8131C16-5EB2-4CC5-BBCE-6F5E401EE7DF}.Debug|Any CPU.Build.0 = Debug|Any CPU
		{A8131C16-5EB2-4CC5-BBCE-6F5E401EE7DF}.Debug|ARM.ActiveCfg = Debug|Any CPU
		{A8131C16-5EB2-4CC5-BBCE-6F5E401EE7DF}.Debug|ARM.Build.0 = Debug|Any CPU
		{A8131C16-5EB2-4CC5-BBCE-6F5E401EE7DF}.Debug|x64.ActiveCfg = Debug|Any CPU
		{A8131C16-5EB2-4CC5-BBCE-6F5E401EE7DF}.Debug|x64.Build.0 = Debug|Any CPU
		{A8131C16-5EB2-4CC5-BBCE-6F5E401EE7DF}.Debug|x86.ActiveCfg = Debug|Any CPU
		{A8131C16-5EB2-4CC5-BBCE-6F5E401EE7DF}.Debug|x86.Build.0 = Debug|Any CPU
		{A8131C16-5EB2-4CC5-BBCE-6F5E401EE7DF}.Release|Any CPU.ActiveCfg = Release|Any CPU
		{A8131C16-5EB2-4CC5-BBCE-6F5E401EE7DF}.Release|Any CPU.Build.0 = Release|Any CPU
		{A8131C16-5EB2-4CC5-BBCE-6F5E401EE7DF}.Release|ARM.ActiveCfg = Release|Any CPU
		{A8131C16-5EB2-4CC5-BBCE-6F5E401EE7DF}.Release|ARM.Build.0 = Release|Any CPU
		{A8131C16-5EB2-4CC5-BBCE-6F5E401EE7DF}.Release|x64.ActiveCfg = Release|Any CPU
		{A8131C16-5EB2-4CC5-BBCE-6F5E401EE7DF}.Release|x64.Build.0 = Release|Any CPU
		{A8131C16-5EB2-4CC5-BBCE-6F5E401EE7DF}.Release|x86.ActiveCfg = Release|Any CPU
		{A8131C16-5EB2-4CC5-BBCE-6F5E401EE7DF}.Release|x86.Build.0 = Release|Any CPU
		{7905B66F-51AB-4031-96BA-9B76A39237EE}.Debug|Any CPU.ActiveCfg = Debug|Any CPU
		{7905B66F-51AB-4031-96BA-9B76A39237EE}.Debug|Any CPU.Build.0 = Debug|Any CPU
		{7905B66F-51AB-4031-96BA-9B76A39237EE}.Debug|ARM.ActiveCfg = Debug|Any CPU
		{7905B66F-51AB-4031-96BA-9B76A39237EE}.Debug|ARM.Build.0 = Debug|Any CPU
		{7905B66F-51AB-4031-96BA-9B76A39237EE}.Debug|x64.ActiveCfg = Debug|Any CPU
		{7905B66F-51AB-4031-96BA-9B76A39237EE}.Debug|x64.Build.0 = Debug|Any CPU
		{7905B66F-51AB-4031-96BA-9B76A39237EE}.Debug|x86.ActiveCfg = Debug|Any CPU
		{7905B66F-51AB-4031-96BA-9B76A39237EE}.Debug|x86.Build.0 = Debug|Any CPU
		{7905B66F-51AB-4031-96BA-9B76A39237EE}.Release|Any CPU.ActiveCfg = Release|Any CPU
		{7905B66F-51AB-4031-96BA-9B76A39237EE}.Release|Any CPU.Build.0 = Release|Any CPU
		{7905B66F-51AB-4031-96BA-9B76A39237EE}.Release|ARM.ActiveCfg = Release|Any CPU
		{7905B66F-51AB-4031-96BA-9B76A39237EE}.Release|ARM.Build.0 = Release|Any CPU
		{7905B66F-51AB-4031-96BA-9B76A39237EE}.Release|x64.ActiveCfg = Release|Any CPU
		{7905B66F-51AB-4031-96BA-9B76A39237EE}.Release|x64.Build.0 = Release|Any CPU
		{7905B66F-51AB-4031-96BA-9B76A39237EE}.Release|x86.ActiveCfg = Release|Any CPU
		{7905B66F-51AB-4031-96BA-9B76A39237EE}.Release|x86.Build.0 = Release|Any CPU
		{3583B84F-B883-4DB5-BC23-25C90B4C1567}.Debug|Any CPU.ActiveCfg = Debug|Any CPU
		{3583B84F-B883-4DB5-BC23-25C90B4C1567}.Debug|Any CPU.Build.0 = Debug|Any CPU
		{3583B84F-B883-4DB5-BC23-25C90B4C1567}.Debug|ARM.ActiveCfg = Debug|Any CPU
		{3583B84F-B883-4DB5-BC23-25C90B4C1567}.Debug|ARM.Build.0 = Debug|Any CPU
		{3583B84F-B883-4DB5-BC23-25C90B4C1567}.Debug|x64.ActiveCfg = Debug|Any CPU
		{3583B84F-B883-4DB5-BC23-25C90B4C1567}.Debug|x64.Build.0 = Debug|Any CPU
		{3583B84F-B883-4DB5-BC23-25C90B4C1567}.Debug|x86.ActiveCfg = Debug|Any CPU
		{3583B84F-B883-4DB5-BC23-25C90B4C1567}.Debug|x86.Build.0 = Debug|Any CPU
		{3583B84F-B883-4DB5-BC23-25C90B4C1567}.Release|Any CPU.ActiveCfg = Release|Any CPU
		{3583B84F-B883-4DB5-BC23-25C90B4C1567}.Release|Any CPU.Build.0 = Release|Any CPU
		{3583B84F-B883-4DB5-BC23-25C90B4C1567}.Release|ARM.ActiveCfg = Release|Any CPU
		{3583B84F-B883-4DB5-BC23-25C90B4C1567}.Release|ARM.Build.0 = Release|Any CPU
		{3583B84F-B883-4DB5-BC23-25C90B4C1567}.Release|x64.ActiveCfg = Release|Any CPU
		{3583B84F-B883-4DB5-BC23-25C90B4C1567}.Release|x64.Build.0 = Release|Any CPU
		{3583B84F-B883-4DB5-BC23-25C90B4C1567}.Release|x86.ActiveCfg = Release|Any CPU
		{3583B84F-B883-4DB5-BC23-25C90B4C1567}.Release|x86.Build.0 = Release|Any CPU
		{B21B0993-B149-416B-B067-634177A0C3CA}.Debug|Any CPU.ActiveCfg = Debug|Any CPU
		{B21B0993-B149-416B-B067-634177A0C3CA}.Debug|Any CPU.Build.0 = Debug|Any CPU
		{B21B0993-B149-416B-B067-634177A0C3CA}.Debug|ARM.ActiveCfg = Debug|Any CPU
		{B21B0993-B149-416B-B067-634177A0C3CA}.Debug|ARM.Build.0 = Debug|Any CPU
		{B21B0993-B149-416B-B067-634177A0C3CA}.Debug|x64.ActiveCfg = Debug|Any CPU
		{B21B0993-B149-416B-B067-634177A0C3CA}.Debug|x64.Build.0 = Debug|Any CPU
		{B21B0993-B149-416B-B067-634177A0C3CA}.Debug|x86.ActiveCfg = Debug|Any CPU
		{B21B0993-B149-416B-B067-634177A0C3CA}.Debug|x86.Build.0 = Debug|Any CPU
		{B21B0993-B149-416B-B067-634177A0C3CA}.Release|Any CPU.ActiveCfg = Release|Any CPU
		{B21B0993-B149-416B-B067-634177A0C3CA}.Release|Any CPU.Build.0 = Release|Any CPU
		{B21B0993-B149-416B-B067-634177A0C3CA}.Release|ARM.ActiveCfg = Release|Any CPU
		{B21B0993-B149-416B-B067-634177A0C3CA}.Release|ARM.Build.0 = Release|Any CPU
		{B21B0993-B149-416B-B067-634177A0C3CA}.Release|x64.ActiveCfg = Release|Any CPU
		{B21B0993-B149-416B-B067-634177A0C3CA}.Release|x64.Build.0 = Release|Any CPU
		{B21B0993-B149-416B-B067-634177A0C3CA}.Release|x86.ActiveCfg = Release|Any CPU
		{B21B0993-B149-416B-B067-634177A0C3CA}.Release|x86.Build.0 = Release|Any CPU
		{4B92CF65-EDD3-4041-B3BF-AF79058AB2A6}.Debug|Any CPU.ActiveCfg = Debug|Any CPU
		{4B92CF65-EDD3-4041-B3BF-AF79058AB2A6}.Debug|Any CPU.Build.0 = Debug|Any CPU
		{4B92CF65-EDD3-4041-B3BF-AF79058AB2A6}.Debug|ARM.ActiveCfg = Debug|Any CPU
		{4B92CF65-EDD3-4041-B3BF-AF79058AB2A6}.Debug|ARM.Build.0 = Debug|Any CPU
		{4B92CF65-EDD3-4041-B3BF-AF79058AB2A6}.Debug|x64.ActiveCfg = Debug|Any CPU
		{4B92CF65-EDD3-4041-B3BF-AF79058AB2A6}.Debug|x64.Build.0 = Debug|Any CPU
		{4B92CF65-EDD3-4041-B3BF-AF79058AB2A6}.Debug|x86.ActiveCfg = Debug|Any CPU
		{4B92CF65-EDD3-4041-B3BF-AF79058AB2A6}.Debug|x86.Build.0 = Debug|Any CPU
		{4B92CF65-EDD3-4041-B3BF-AF79058AB2A6}.Release|Any CPU.ActiveCfg = Release|Any CPU
		{4B92CF65-EDD3-4041-B3BF-AF79058AB2A6}.Release|Any CPU.Build.0 = Release|Any CPU
		{4B92CF65-EDD3-4041-B3BF-AF79058AB2A6}.Release|ARM.ActiveCfg = Release|Any CPU
		{4B92CF65-EDD3-4041-B3BF-AF79058AB2A6}.Release|ARM.Build.0 = Release|Any CPU
		{4B92CF65-EDD3-4041-B3BF-AF79058AB2A6}.Release|x64.ActiveCfg = Release|Any CPU
		{4B92CF65-EDD3-4041-B3BF-AF79058AB2A6}.Release|x64.Build.0 = Release|Any CPU
		{4B92CF65-EDD3-4041-B3BF-AF79058AB2A6}.Release|x86.ActiveCfg = Release|Any CPU
		{4B92CF65-EDD3-4041-B3BF-AF79058AB2A6}.Release|x86.Build.0 = Release|Any CPU
		{BF21C463-257A-4559-BA73-F54CADE619F0}.Debug|Any CPU.ActiveCfg = Debug|Any CPU
		{BF21C463-257A-4559-BA73-F54CADE619F0}.Debug|Any CPU.Build.0 = Debug|Any CPU
		{BF21C463-257A-4559-BA73-F54CADE619F0}.Debug|ARM.ActiveCfg = Debug|Any CPU
		{BF21C463-257A-4559-BA73-F54CADE619F0}.Debug|ARM.Build.0 = Debug|Any CPU
		{BF21C463-257A-4559-BA73-F54CADE619F0}.Debug|x64.ActiveCfg = Debug|Any CPU
		{BF21C463-257A-4559-BA73-F54CADE619F0}.Debug|x64.Build.0 = Debug|Any CPU
		{BF21C463-257A-4559-BA73-F54CADE619F0}.Debug|x86.ActiveCfg = Debug|Any CPU
		{BF21C463-257A-4559-BA73-F54CADE619F0}.Debug|x86.Build.0 = Debug|Any CPU
		{BF21C463-257A-4559-BA73-F54CADE619F0}.Release|Any CPU.ActiveCfg = Release|Any CPU
		{BF21C463-257A-4559-BA73-F54CADE619F0}.Release|Any CPU.Build.0 = Release|Any CPU
		{BF21C463-257A-4559-BA73-F54CADE619F0}.Release|ARM.ActiveCfg = Release|Any CPU
		{BF21C463-257A-4559-BA73-F54CADE619F0}.Release|ARM.Build.0 = Release|Any CPU
		{BF21C463-257A-4559-BA73-F54CADE619F0}.Release|x64.ActiveCfg = Release|Any CPU
		{BF21C463-257A-4559-BA73-F54CADE619F0}.Release|x64.Build.0 = Release|Any CPU
		{BF21C463-257A-4559-BA73-F54CADE619F0}.Release|x86.ActiveCfg = Release|Any CPU
		{BF21C463-257A-4559-BA73-F54CADE619F0}.Release|x86.Build.0 = Release|Any CPU
		{F7E2A917-1679-4051-AB5F-7D9440867928}.Debug|Any CPU.ActiveCfg = Debug|Any CPU
		{F7E2A917-1679-4051-AB5F-7D9440867928}.Debug|Any CPU.Build.0 = Debug|Any CPU
		{F7E2A917-1679-4051-AB5F-7D9440867928}.Debug|ARM.ActiveCfg = Debug|Any CPU
		{F7E2A917-1679-4051-AB5F-7D9440867928}.Debug|ARM.Build.0 = Debug|Any CPU
		{F7E2A917-1679-4051-AB5F-7D9440867928}.Debug|x64.ActiveCfg = Debug|Any CPU
		{F7E2A917-1679-4051-AB5F-7D9440867928}.Debug|x64.Build.0 = Debug|Any CPU
		{F7E2A917-1679-4051-AB5F-7D9440867928}.Debug|x86.ActiveCfg = Debug|Any CPU
		{F7E2A917-1679-4051-AB5F-7D9440867928}.Debug|x86.Build.0 = Debug|Any CPU
		{F7E2A917-1679-4051-AB5F-7D9440867928}.Release|Any CPU.ActiveCfg = Release|Any CPU
		{F7E2A917-1679-4051-AB5F-7D9440867928}.Release|Any CPU.Build.0 = Release|Any CPU
		{F7E2A917-1679-4051-AB5F-7D9440867928}.Release|ARM.ActiveCfg = Release|Any CPU
		{F7E2A917-1679-4051-AB5F-7D9440867928}.Release|ARM.Build.0 = Release|Any CPU
		{F7E2A917-1679-4051-AB5F-7D9440867928}.Release|x64.ActiveCfg = Release|Any CPU
		{F7E2A917-1679-4051-AB5F-7D9440867928}.Release|x64.Build.0 = Release|Any CPU
		{F7E2A917-1679-4051-AB5F-7D9440867928}.Release|x86.ActiveCfg = Release|Any CPU
		{F7E2A917-1679-4051-AB5F-7D9440867928}.Release|x86.Build.0 = Release|Any CPU
		{F8687379-EE24-4B1E-B802-A06D12BE67D0}.Debug|Any CPU.ActiveCfg = Debug|Any CPU
		{F8687379-EE24-4B1E-B802-A06D12BE67D0}.Debug|Any CPU.Build.0 = Debug|Any CPU
		{F8687379-EE24-4B1E-B802-A06D12BE67D0}.Debug|ARM.ActiveCfg = Debug|Any CPU
		{F8687379-EE24-4B1E-B802-A06D12BE67D0}.Debug|ARM.Build.0 = Debug|Any CPU
		{F8687379-EE24-4B1E-B802-A06D12BE67D0}.Debug|x64.ActiveCfg = Debug|Any CPU
		{F8687379-EE24-4B1E-B802-A06D12BE67D0}.Debug|x64.Build.0 = Debug|Any CPU
		{F8687379-EE24-4B1E-B802-A06D12BE67D0}.Debug|x86.ActiveCfg = Debug|Any CPU
		{F8687379-EE24-4B1E-B802-A06D12BE67D0}.Debug|x86.Build.0 = Debug|Any CPU
		{F8687379-EE24-4B1E-B802-A06D12BE67D0}.Release|Any CPU.ActiveCfg = Release|Any CPU
		{F8687379-EE24-4B1E-B802-A06D12BE67D0}.Release|Any CPU.Build.0 = Release|Any CPU
		{F8687379-EE24-4B1E-B802-A06D12BE67D0}.Release|ARM.ActiveCfg = Release|Any CPU
		{F8687379-EE24-4B1E-B802-A06D12BE67D0}.Release|ARM.Build.0 = Release|Any CPU
		{F8687379-EE24-4B1E-B802-A06D12BE67D0}.Release|x64.ActiveCfg = Release|Any CPU
		{F8687379-EE24-4B1E-B802-A06D12BE67D0}.Release|x64.Build.0 = Release|Any CPU
		{F8687379-EE24-4B1E-B802-A06D12BE67D0}.Release|x86.ActiveCfg = Release|Any CPU
		{F8687379-EE24-4B1E-B802-A06D12BE67D0}.Release|x86.Build.0 = Release|Any CPU
		{82BB5DF3-82AC-466D-BDDF-C65A9ECDB8A4}.Debug|Any CPU.ActiveCfg = Debug|Any CPU
		{82BB5DF3-82AC-466D-BDDF-C65A9ECDB8A4}.Debug|Any CPU.Build.0 = Debug|Any CPU
		{82BB5DF3-82AC-466D-BDDF-C65A9ECDB8A4}.Debug|ARM.ActiveCfg = Debug|Any CPU
		{82BB5DF3-82AC-466D-BDDF-C65A9ECDB8A4}.Debug|ARM.Build.0 = Debug|Any CPU
		{82BB5DF3-82AC-466D-BDDF-C65A9ECDB8A4}.Debug|x64.ActiveCfg = Debug|Any CPU
		{82BB5DF3-82AC-466D-BDDF-C65A9ECDB8A4}.Debug|x64.Build.0 = Debug|Any CPU
		{82BB5DF3-82AC-466D-BDDF-C65A9ECDB8A4}.Debug|x86.ActiveCfg = Debug|Any CPU
		{82BB5DF3-82AC-466D-BDDF-C65A9ECDB8A4}.Debug|x86.Build.0 = Debug|Any CPU
		{82BB5DF3-82AC-466D-BDDF-C65A9ECDB8A4}.Release|Any CPU.ActiveCfg = Release|Any CPU
		{82BB5DF3-82AC-466D-BDDF-C65A9ECDB8A4}.Release|Any CPU.Build.0 = Release|Any CPU
		{82BB5DF3-82AC-466D-BDDF-C65A9ECDB8A4}.Release|ARM.ActiveCfg = Release|Any CPU
		{82BB5DF3-82AC-466D-BDDF-C65A9ECDB8A4}.Release|ARM.Build.0 = Release|Any CPU
		{82BB5DF3-82AC-466D-BDDF-C65A9ECDB8A4}.Release|x64.ActiveCfg = Release|Any CPU
		{82BB5DF3-82AC-466D-BDDF-C65A9ECDB8A4}.Release|x64.Build.0 = Release|Any CPU
		{82BB5DF3-82AC-466D-BDDF-C65A9ECDB8A4}.Release|x86.ActiveCfg = Release|Any CPU
		{82BB5DF3-82AC-466D-BDDF-C65A9ECDB8A4}.Release|x86.Build.0 = Release|Any CPU
		{578DE3AB-C18E-4F44-9E54-61F39F42AB2D}.Debug|Any CPU.ActiveCfg = Debug|Any CPU
		{578DE3AB-C18E-4F44-9E54-61F39F42AB2D}.Debug|Any CPU.Build.0 = Debug|Any CPU
		{578DE3AB-C18E-4F44-9E54-61F39F42AB2D}.Debug|ARM.ActiveCfg = Debug|Any CPU
		{578DE3AB-C18E-4F44-9E54-61F39F42AB2D}.Debug|ARM.Build.0 = Debug|Any CPU
		{578DE3AB-C18E-4F44-9E54-61F39F42AB2D}.Debug|x64.ActiveCfg = Debug|Any CPU
		{578DE3AB-C18E-4F44-9E54-61F39F42AB2D}.Debug|x64.Build.0 = Debug|Any CPU
		{578DE3AB-C18E-4F44-9E54-61F39F42AB2D}.Debug|x86.ActiveCfg = Debug|Any CPU
		{578DE3AB-C18E-4F44-9E54-61F39F42AB2D}.Debug|x86.Build.0 = Debug|Any CPU
		{578DE3AB-C18E-4F44-9E54-61F39F42AB2D}.Release|Any CPU.ActiveCfg = Release|Any CPU
		{578DE3AB-C18E-4F44-9E54-61F39F42AB2D}.Release|Any CPU.Build.0 = Release|Any CPU
		{578DE3AB-C18E-4F44-9E54-61F39F42AB2D}.Release|ARM.ActiveCfg = Release|Any CPU
		{578DE3AB-C18E-4F44-9E54-61F39F42AB2D}.Release|ARM.Build.0 = Release|Any CPU
		{578DE3AB-C18E-4F44-9E54-61F39F42AB2D}.Release|x64.ActiveCfg = Release|Any CPU
		{578DE3AB-C18E-4F44-9E54-61F39F42AB2D}.Release|x64.Build.0 = Release|Any CPU
		{578DE3AB-C18E-4F44-9E54-61F39F42AB2D}.Release|x86.ActiveCfg = Release|Any CPU
		{578DE3AB-C18E-4F44-9E54-61F39F42AB2D}.Release|x86.Build.0 = Release|Any CPU
		{DB97D15D-853F-4C7A-87A4-2CFA43D6FD83}.Debug|Any CPU.ActiveCfg = Debug|Any CPU
		{DB97D15D-853F-4C7A-87A4-2CFA43D6FD83}.Debug|Any CPU.Build.0 = Debug|Any CPU
		{DB97D15D-853F-4C7A-87A4-2CFA43D6FD83}.Debug|ARM.ActiveCfg = Debug|Any CPU
		{DB97D15D-853F-4C7A-87A4-2CFA43D6FD83}.Debug|ARM.Build.0 = Debug|Any CPU
		{DB97D15D-853F-4C7A-87A4-2CFA43D6FD83}.Debug|x64.ActiveCfg = Debug|Any CPU
		{DB97D15D-853F-4C7A-87A4-2CFA43D6FD83}.Debug|x64.Build.0 = Debug|Any CPU
		{DB97D15D-853F-4C7A-87A4-2CFA43D6FD83}.Debug|x86.ActiveCfg = Debug|Any CPU
		{DB97D15D-853F-4C7A-87A4-2CFA43D6FD83}.Debug|x86.Build.0 = Debug|Any CPU
		{DB97D15D-853F-4C7A-87A4-2CFA43D6FD83}.Release|Any CPU.ActiveCfg = Release|Any CPU
		{DB97D15D-853F-4C7A-87A4-2CFA43D6FD83}.Release|Any CPU.Build.0 = Release|Any CPU
		{DB97D15D-853F-4C7A-87A4-2CFA43D6FD83}.Release|ARM.ActiveCfg = Release|Any CPU
		{DB97D15D-853F-4C7A-87A4-2CFA43D6FD83}.Release|ARM.Build.0 = Release|Any CPU
		{DB97D15D-853F-4C7A-87A4-2CFA43D6FD83}.Release|x64.ActiveCfg = Release|Any CPU
		{DB97D15D-853F-4C7A-87A4-2CFA43D6FD83}.Release|x64.Build.0 = Release|Any CPU
		{DB97D15D-853F-4C7A-87A4-2CFA43D6FD83}.Release|x86.ActiveCfg = Release|Any CPU
		{DB97D15D-853F-4C7A-87A4-2CFA43D6FD83}.Release|x86.Build.0 = Release|Any CPU
		{2F1ED29D-66ED-4A74-9496-9561970F7536}.Debug|Any CPU.ActiveCfg = Debug|Any CPU
		{2F1ED29D-66ED-4A74-9496-9561970F7536}.Debug|Any CPU.Build.0 = Debug|Any CPU
		{2F1ED29D-66ED-4A74-9496-9561970F7536}.Debug|ARM.ActiveCfg = Debug|Any CPU
		{2F1ED29D-66ED-4A74-9496-9561970F7536}.Debug|ARM.Build.0 = Debug|Any CPU
		{2F1ED29D-66ED-4A74-9496-9561970F7536}.Debug|x64.ActiveCfg = Debug|Any CPU
		{2F1ED29D-66ED-4A74-9496-9561970F7536}.Debug|x64.Build.0 = Debug|Any CPU
		{2F1ED29D-66ED-4A74-9496-9561970F7536}.Debug|x86.ActiveCfg = Debug|Any CPU
		{2F1ED29D-66ED-4A74-9496-9561970F7536}.Debug|x86.Build.0 = Debug|Any CPU
		{2F1ED29D-66ED-4A74-9496-9561970F7536}.Release|Any CPU.ActiveCfg = Release|Any CPU
		{2F1ED29D-66ED-4A74-9496-9561970F7536}.Release|Any CPU.Build.0 = Release|Any CPU
		{2F1ED29D-66ED-4A74-9496-9561970F7536}.Release|ARM.ActiveCfg = Release|Any CPU
		{2F1ED29D-66ED-4A74-9496-9561970F7536}.Release|ARM.Build.0 = Release|Any CPU
		{2F1ED29D-66ED-4A74-9496-9561970F7536}.Release|x64.ActiveCfg = Release|Any CPU
		{2F1ED29D-66ED-4A74-9496-9561970F7536}.Release|x64.Build.0 = Release|Any CPU
		{2F1ED29D-66ED-4A74-9496-9561970F7536}.Release|x86.ActiveCfg = Release|Any CPU
		{2F1ED29D-66ED-4A74-9496-9561970F7536}.Release|x86.Build.0 = Release|Any CPU
		{0688E6E1-40E1-4625-B10B-E8F36F6D7690}.Debug|Any CPU.ActiveCfg = Debug|Any CPU
		{0688E6E1-40E1-4625-B10B-E8F36F6D7690}.Debug|Any CPU.Build.0 = Debug|Any CPU
		{0688E6E1-40E1-4625-B10B-E8F36F6D7690}.Debug|ARM.ActiveCfg = Debug|Any CPU
		{0688E6E1-40E1-4625-B10B-E8F36F6D7690}.Debug|ARM.Build.0 = Debug|Any CPU
		{0688E6E1-40E1-4625-B10B-E8F36F6D7690}.Debug|x64.ActiveCfg = Debug|Any CPU
		{0688E6E1-40E1-4625-B10B-E8F36F6D7690}.Debug|x64.Build.0 = Debug|Any CPU
		{0688E6E1-40E1-4625-B10B-E8F36F6D7690}.Debug|x86.ActiveCfg = Debug|Any CPU
		{0688E6E1-40E1-4625-B10B-E8F36F6D7690}.Debug|x86.Build.0 = Debug|Any CPU
		{0688E6E1-40E1-4625-B10B-E8F36F6D7690}.Release|Any CPU.ActiveCfg = Release|Any CPU
		{0688E6E1-40E1-4625-B10B-E8F36F6D7690}.Release|Any CPU.Build.0 = Release|Any CPU
		{0688E6E1-40E1-4625-B10B-E8F36F6D7690}.Release|ARM.ActiveCfg = Release|Any CPU
		{0688E6E1-40E1-4625-B10B-E8F36F6D7690}.Release|ARM.Build.0 = Release|Any CPU
		{0688E6E1-40E1-4625-B10B-E8F36F6D7690}.Release|x64.ActiveCfg = Release|Any CPU
		{0688E6E1-40E1-4625-B10B-E8F36F6D7690}.Release|x64.Build.0 = Release|Any CPU
		{0688E6E1-40E1-4625-B10B-E8F36F6D7690}.Release|x86.ActiveCfg = Release|Any CPU
		{0688E6E1-40E1-4625-B10B-E8F36F6D7690}.Release|x86.Build.0 = Release|Any CPU
		{43A281E6-5203-4D2B-94CA-558336D1B136}.Debug|Any CPU.ActiveCfg = Debug|Any CPU
		{43A281E6-5203-4D2B-94CA-558336D1B136}.Debug|Any CPU.Build.0 = Debug|Any CPU
		{43A281E6-5203-4D2B-94CA-558336D1B136}.Debug|ARM.ActiveCfg = Debug|Any CPU
		{43A281E6-5203-4D2B-94CA-558336D1B136}.Debug|ARM.Build.0 = Debug|Any CPU
		{43A281E6-5203-4D2B-94CA-558336D1B136}.Debug|x64.ActiveCfg = Debug|Any CPU
		{43A281E6-5203-4D2B-94CA-558336D1B136}.Debug|x64.Build.0 = Debug|Any CPU
		{43A281E6-5203-4D2B-94CA-558336D1B136}.Debug|x86.ActiveCfg = Debug|Any CPU
		{43A281E6-5203-4D2B-94CA-558336D1B136}.Debug|x86.Build.0 = Debug|Any CPU
		{43A281E6-5203-4D2B-94CA-558336D1B136}.Release|Any CPU.ActiveCfg = Release|Any CPU
		{43A281E6-5203-4D2B-94CA-558336D1B136}.Release|Any CPU.Build.0 = Release|Any CPU
		{43A281E6-5203-4D2B-94CA-558336D1B136}.Release|ARM.ActiveCfg = Release|Any CPU
		{43A281E6-5203-4D2B-94CA-558336D1B136}.Release|ARM.Build.0 = Release|Any CPU
		{43A281E6-5203-4D2B-94CA-558336D1B136}.Release|x64.ActiveCfg = Release|Any CPU
		{43A281E6-5203-4D2B-94CA-558336D1B136}.Release|x64.Build.0 = Release|Any CPU
		{43A281E6-5203-4D2B-94CA-558336D1B136}.Release|x86.ActiveCfg = Release|Any CPU
		{43A281E6-5203-4D2B-94CA-558336D1B136}.Release|x86.Build.0 = Release|Any CPU
		{CD8C55DE-EF22-4B4D-9DD3-8F0B336244B4}.Debug|Any CPU.ActiveCfg = Debug|Any CPU
		{CD8C55DE-EF22-4B4D-9DD3-8F0B336244B4}.Debug|Any CPU.Build.0 = Debug|Any CPU
		{CD8C55DE-EF22-4B4D-9DD3-8F0B336244B4}.Debug|ARM.ActiveCfg = Debug|Any CPU
		{CD8C55DE-EF22-4B4D-9DD3-8F0B336244B4}.Debug|ARM.Build.0 = Debug|Any CPU
		{CD8C55DE-EF22-4B4D-9DD3-8F0B336244B4}.Debug|x64.ActiveCfg = Debug|Any CPU
		{CD8C55DE-EF22-4B4D-9DD3-8F0B336244B4}.Debug|x64.Build.0 = Debug|Any CPU
		{CD8C55DE-EF22-4B4D-9DD3-8F0B336244B4}.Debug|x86.ActiveCfg = Debug|Any CPU
		{CD8C55DE-EF22-4B4D-9DD3-8F0B336244B4}.Debug|x86.Build.0 = Debug|Any CPU
		{CD8C55DE-EF22-4B4D-9DD3-8F0B336244B4}.Release|Any CPU.ActiveCfg = Release|Any CPU
		{CD8C55DE-EF22-4B4D-9DD3-8F0B336244B4}.Release|Any CPU.Build.0 = Release|Any CPU
		{CD8C55DE-EF22-4B4D-9DD3-8F0B336244B4}.Release|ARM.ActiveCfg = Release|Any CPU
		{CD8C55DE-EF22-4B4D-9DD3-8F0B336244B4}.Release|ARM.Build.0 = Release|Any CPU
		{CD8C55DE-EF22-4B4D-9DD3-8F0B336244B4}.Release|x64.ActiveCfg = Release|Any CPU
		{CD8C55DE-EF22-4B4D-9DD3-8F0B336244B4}.Release|x64.Build.0 = Release|Any CPU
		{CD8C55DE-EF22-4B4D-9DD3-8F0B336244B4}.Release|x86.ActiveCfg = Release|Any CPU
		{CD8C55DE-EF22-4B4D-9DD3-8F0B336244B4}.Release|x86.Build.0 = Release|Any CPU
		{6223D9A1-C604-48D2-8DF3-60D1B84BD247}.Debug|Any CPU.ActiveCfg = Debug|Any CPU
		{6223D9A1-C604-48D2-8DF3-60D1B84BD247}.Debug|Any CPU.Build.0 = Debug|Any CPU
		{6223D9A1-C604-48D2-8DF3-60D1B84BD247}.Debug|ARM.ActiveCfg = Debug|Any CPU
		{6223D9A1-C604-48D2-8DF3-60D1B84BD247}.Debug|ARM.Build.0 = Debug|Any CPU
		{6223D9A1-C604-48D2-8DF3-60D1B84BD247}.Debug|x64.ActiveCfg = Debug|Any CPU
		{6223D9A1-C604-48D2-8DF3-60D1B84BD247}.Debug|x64.Build.0 = Debug|Any CPU
		{6223D9A1-C604-48D2-8DF3-60D1B84BD247}.Debug|x86.ActiveCfg = Debug|Any CPU
		{6223D9A1-C604-48D2-8DF3-60D1B84BD247}.Debug|x86.Build.0 = Debug|Any CPU
		{6223D9A1-C604-48D2-8DF3-60D1B84BD247}.Release|Any CPU.ActiveCfg = Release|Any CPU
		{6223D9A1-C604-48D2-8DF3-60D1B84BD247}.Release|Any CPU.Build.0 = Release|Any CPU
		{6223D9A1-C604-48D2-8DF3-60D1B84BD247}.Release|ARM.ActiveCfg = Release|Any CPU
		{6223D9A1-C604-48D2-8DF3-60D1B84BD247}.Release|ARM.Build.0 = Release|Any CPU
		{6223D9A1-C604-48D2-8DF3-60D1B84BD247}.Release|x64.ActiveCfg = Release|Any CPU
		{6223D9A1-C604-48D2-8DF3-60D1B84BD247}.Release|x64.Build.0 = Release|Any CPU
		{6223D9A1-C604-48D2-8DF3-60D1B84BD247}.Release|x86.ActiveCfg = Release|Any CPU
		{6223D9A1-C604-48D2-8DF3-60D1B84BD247}.Release|x86.Build.0 = Release|Any CPU
		{FA9056E5-FA5A-43A0-BB88-4CD9BC4537E6}.Debug|Any CPU.ActiveCfg = Debug|Any CPU
		{FA9056E5-FA5A-43A0-BB88-4CD9BC4537E6}.Debug|Any CPU.Build.0 = Debug|Any CPU
		{FA9056E5-FA5A-43A0-BB88-4CD9BC4537E6}.Debug|ARM.ActiveCfg = Debug|Any CPU
		{FA9056E5-FA5A-43A0-BB88-4CD9BC4537E6}.Debug|ARM.Build.0 = Debug|Any CPU
		{FA9056E5-FA5A-43A0-BB88-4CD9BC4537E6}.Debug|x64.ActiveCfg = Debug|Any CPU
		{FA9056E5-FA5A-43A0-BB88-4CD9BC4537E6}.Debug|x64.Build.0 = Debug|Any CPU
		{FA9056E5-FA5A-43A0-BB88-4CD9BC4537E6}.Debug|x86.ActiveCfg = Debug|Any CPU
		{FA9056E5-FA5A-43A0-BB88-4CD9BC4537E6}.Debug|x86.Build.0 = Debug|Any CPU
		{FA9056E5-FA5A-43A0-BB88-4CD9BC4537E6}.Release|Any CPU.ActiveCfg = Release|Any CPU
		{FA9056E5-FA5A-43A0-BB88-4CD9BC4537E6}.Release|Any CPU.Build.0 = Release|Any CPU
		{FA9056E5-FA5A-43A0-BB88-4CD9BC4537E6}.Release|ARM.ActiveCfg = Release|Any CPU
		{FA9056E5-FA5A-43A0-BB88-4CD9BC4537E6}.Release|ARM.Build.0 = Release|Any CPU
		{FA9056E5-FA5A-43A0-BB88-4CD9BC4537E6}.Release|x64.ActiveCfg = Release|Any CPU
		{FA9056E5-FA5A-43A0-BB88-4CD9BC4537E6}.Release|x64.Build.0 = Release|Any CPU
		{FA9056E5-FA5A-43A0-BB88-4CD9BC4537E6}.Release|x86.ActiveCfg = Release|Any CPU
		{FA9056E5-FA5A-43A0-BB88-4CD9BC4537E6}.Release|x86.Build.0 = Release|Any CPU
		{C46D427D-580F-40AE-A429-7F3114673FAD}.Debug|Any CPU.ActiveCfg = Debug|Any CPU
		{C46D427D-580F-40AE-A429-7F3114673FAD}.Debug|Any CPU.Build.0 = Debug|Any CPU
		{C46D427D-580F-40AE-A429-7F3114673FAD}.Debug|ARM.ActiveCfg = Debug|Any CPU
		{C46D427D-580F-40AE-A429-7F3114673FAD}.Debug|ARM.Build.0 = Debug|Any CPU
		{C46D427D-580F-40AE-A429-7F3114673FAD}.Debug|x64.ActiveCfg = Debug|Any CPU
		{C46D427D-580F-40AE-A429-7F3114673FAD}.Debug|x64.Build.0 = Debug|Any CPU
		{C46D427D-580F-40AE-A429-7F3114673FAD}.Debug|x86.ActiveCfg = Debug|Any CPU
		{C46D427D-580F-40AE-A429-7F3114673FAD}.Debug|x86.Build.0 = Debug|Any CPU
		{C46D427D-580F-40AE-A429-7F3114673FAD}.Release|Any CPU.ActiveCfg = Release|Any CPU
		{C46D427D-580F-40AE-A429-7F3114673FAD}.Release|Any CPU.Build.0 = Release|Any CPU
		{C46D427D-580F-40AE-A429-7F3114673FAD}.Release|ARM.ActiveCfg = Release|Any CPU
		{C46D427D-580F-40AE-A429-7F3114673FAD}.Release|ARM.Build.0 = Release|Any CPU
		{C46D427D-580F-40AE-A429-7F3114673FAD}.Release|x64.ActiveCfg = Release|Any CPU
		{C46D427D-580F-40AE-A429-7F3114673FAD}.Release|x64.Build.0 = Release|Any CPU
		{C46D427D-580F-40AE-A429-7F3114673FAD}.Release|x86.ActiveCfg = Release|Any CPU
		{C46D427D-580F-40AE-A429-7F3114673FAD}.Release|x86.Build.0 = Release|Any CPU
		{168418B8-3034-4938-9CB0-F2632E27DD3D}.Debug|Any CPU.ActiveCfg = Debug|Any CPU
		{168418B8-3034-4938-9CB0-F2632E27DD3D}.Debug|Any CPU.Build.0 = Debug|Any CPU
		{168418B8-3034-4938-9CB0-F2632E27DD3D}.Debug|ARM.ActiveCfg = Debug|Any CPU
		{168418B8-3034-4938-9CB0-F2632E27DD3D}.Debug|ARM.Build.0 = Debug|Any CPU
		{168418B8-3034-4938-9CB0-F2632E27DD3D}.Debug|x64.ActiveCfg = Debug|Any CPU
		{168418B8-3034-4938-9CB0-F2632E27DD3D}.Debug|x64.Build.0 = Debug|Any CPU
		{168418B8-3034-4938-9CB0-F2632E27DD3D}.Debug|x86.ActiveCfg = Debug|Any CPU
		{168418B8-3034-4938-9CB0-F2632E27DD3D}.Debug|x86.Build.0 = Debug|Any CPU
		{168418B8-3034-4938-9CB0-F2632E27DD3D}.Release|Any CPU.ActiveCfg = Release|Any CPU
		{168418B8-3034-4938-9CB0-F2632E27DD3D}.Release|Any CPU.Build.0 = Release|Any CPU
		{168418B8-3034-4938-9CB0-F2632E27DD3D}.Release|ARM.ActiveCfg = Release|Any CPU
		{168418B8-3034-4938-9CB0-F2632E27DD3D}.Release|ARM.Build.0 = Release|Any CPU
		{168418B8-3034-4938-9CB0-F2632E27DD3D}.Release|x64.ActiveCfg = Release|Any CPU
		{168418B8-3034-4938-9CB0-F2632E27DD3D}.Release|x64.Build.0 = Release|Any CPU
		{168418B8-3034-4938-9CB0-F2632E27DD3D}.Release|x86.ActiveCfg = Release|Any CPU
		{168418B8-3034-4938-9CB0-F2632E27DD3D}.Release|x86.Build.0 = Release|Any CPU
		{082BFE6A-3A00-4165-A5B2-0D4D616A60AB}.Debug|Any CPU.ActiveCfg = Debug|Any CPU
		{082BFE6A-3A00-4165-A5B2-0D4D616A60AB}.Debug|Any CPU.Build.0 = Debug|Any CPU
		{082BFE6A-3A00-4165-A5B2-0D4D616A60AB}.Debug|ARM.ActiveCfg = Debug|Any CPU
		{082BFE6A-3A00-4165-A5B2-0D4D616A60AB}.Debug|ARM.Build.0 = Debug|Any CPU
		{082BFE6A-3A00-4165-A5B2-0D4D616A60AB}.Debug|x64.ActiveCfg = Debug|Any CPU
		{082BFE6A-3A00-4165-A5B2-0D4D616A60AB}.Debug|x64.Build.0 = Debug|Any CPU
		{082BFE6A-3A00-4165-A5B2-0D4D616A60AB}.Debug|x86.ActiveCfg = Debug|Any CPU
		{082BFE6A-3A00-4165-A5B2-0D4D616A60AB}.Debug|x86.Build.0 = Debug|Any CPU
		{082BFE6A-3A00-4165-A5B2-0D4D616A60AB}.Release|Any CPU.ActiveCfg = Release|Any CPU
		{082BFE6A-3A00-4165-A5B2-0D4D616A60AB}.Release|Any CPU.Build.0 = Release|Any CPU
		{082BFE6A-3A00-4165-A5B2-0D4D616A60AB}.Release|ARM.ActiveCfg = Release|Any CPU
		{082BFE6A-3A00-4165-A5B2-0D4D616A60AB}.Release|ARM.Build.0 = Release|Any CPU
		{082BFE6A-3A00-4165-A5B2-0D4D616A60AB}.Release|x64.ActiveCfg = Release|Any CPU
		{082BFE6A-3A00-4165-A5B2-0D4D616A60AB}.Release|x64.Build.0 = Release|Any CPU
		{082BFE6A-3A00-4165-A5B2-0D4D616A60AB}.Release|x86.ActiveCfg = Release|Any CPU
		{082BFE6A-3A00-4165-A5B2-0D4D616A60AB}.Release|x86.Build.0 = Release|Any CPU
		{06ACFB8D-30ED-4A01-A47A-C15B067A8322}.Debug|Any CPU.ActiveCfg = Debug|Any CPU
		{06ACFB8D-30ED-4A01-A47A-C15B067A8322}.Debug|Any CPU.Build.0 = Debug|Any CPU
		{06ACFB8D-30ED-4A01-A47A-C15B067A8322}.Debug|ARM.ActiveCfg = Debug|Any CPU
		{06ACFB8D-30ED-4A01-A47A-C15B067A8322}.Debug|ARM.Build.0 = Debug|Any CPU
		{06ACFB8D-30ED-4A01-A47A-C15B067A8322}.Debug|x64.ActiveCfg = Debug|Any CPU
		{06ACFB8D-30ED-4A01-A47A-C15B067A8322}.Debug|x64.Build.0 = Debug|Any CPU
		{06ACFB8D-30ED-4A01-A47A-C15B067A8322}.Debug|x86.ActiveCfg = Debug|Any CPU
		{06ACFB8D-30ED-4A01-A47A-C15B067A8322}.Debug|x86.Build.0 = Debug|Any CPU
		{06ACFB8D-30ED-4A01-A47A-C15B067A8322}.Release|Any CPU.ActiveCfg = Release|Any CPU
		{06ACFB8D-30ED-4A01-A47A-C15B067A8322}.Release|Any CPU.Build.0 = Release|Any CPU
		{06ACFB8D-30ED-4A01-A47A-C15B067A8322}.Release|ARM.ActiveCfg = Release|Any CPU
		{06ACFB8D-30ED-4A01-A47A-C15B067A8322}.Release|ARM.Build.0 = Release|Any CPU
		{06ACFB8D-30ED-4A01-A47A-C15B067A8322}.Release|x64.ActiveCfg = Release|Any CPU
		{06ACFB8D-30ED-4A01-A47A-C15B067A8322}.Release|x64.Build.0 = Release|Any CPU
		{06ACFB8D-30ED-4A01-A47A-C15B067A8322}.Release|x86.ActiveCfg = Release|Any CPU
		{06ACFB8D-30ED-4A01-A47A-C15B067A8322}.Release|x86.Build.0 = Release|Any CPU
		{6E7DBB74-8D46-43C0-B9B6-44EC79B3665F}.Debug|Any CPU.ActiveCfg = Debug|Any CPU
		{6E7DBB74-8D46-43C0-B9B6-44EC79B3665F}.Debug|Any CPU.Build.0 = Debug|Any CPU
		{6E7DBB74-8D46-43C0-B9B6-44EC79B3665F}.Debug|ARM.ActiveCfg = Debug|Any CPU
		{6E7DBB74-8D46-43C0-B9B6-44EC79B3665F}.Debug|ARM.Build.0 = Debug|Any CPU
		{6E7DBB74-8D46-43C0-B9B6-44EC79B3665F}.Debug|x64.ActiveCfg = Debug|Any CPU
		{6E7DBB74-8D46-43C0-B9B6-44EC79B3665F}.Debug|x64.Build.0 = Debug|Any CPU
		{6E7DBB74-8D46-43C0-B9B6-44EC79B3665F}.Debug|x86.ActiveCfg = Debug|Any CPU
		{6E7DBB74-8D46-43C0-B9B6-44EC79B3665F}.Debug|x86.Build.0 = Debug|Any CPU
		{6E7DBB74-8D46-43C0-B9B6-44EC79B3665F}.Release|Any CPU.ActiveCfg = Release|Any CPU
		{6E7DBB74-8D46-43C0-B9B6-44EC79B3665F}.Release|Any CPU.Build.0 = Release|Any CPU
		{6E7DBB74-8D46-43C0-B9B6-44EC79B3665F}.Release|ARM.ActiveCfg = Release|Any CPU
		{6E7DBB74-8D46-43C0-B9B6-44EC79B3665F}.Release|ARM.Build.0 = Release|Any CPU
		{6E7DBB74-8D46-43C0-B9B6-44EC79B3665F}.Release|x64.ActiveCfg = Release|Any CPU
		{6E7DBB74-8D46-43C0-B9B6-44EC79B3665F}.Release|x64.Build.0 = Release|Any CPU
		{6E7DBB74-8D46-43C0-B9B6-44EC79B3665F}.Release|x86.ActiveCfg = Release|Any CPU
		{6E7DBB74-8D46-43C0-B9B6-44EC79B3665F}.Release|x86.Build.0 = Release|Any CPU
		{F8D7B5C4-87F6-4D7D-A021-E6AFB40E408E}.Debug|Any CPU.ActiveCfg = Debug|Any CPU
		{F8D7B5C4-87F6-4D7D-A021-E6AFB40E408E}.Debug|Any CPU.Build.0 = Debug|Any CPU
		{F8D7B5C4-87F6-4D7D-A021-E6AFB40E408E}.Debug|ARM.ActiveCfg = Debug|Any CPU
		{F8D7B5C4-87F6-4D7D-A021-E6AFB40E408E}.Debug|ARM.Build.0 = Debug|Any CPU
		{F8D7B5C4-87F6-4D7D-A021-E6AFB40E408E}.Debug|x64.ActiveCfg = Debug|Any CPU
		{F8D7B5C4-87F6-4D7D-A021-E6AFB40E408E}.Debug|x64.Build.0 = Debug|Any CPU
		{F8D7B5C4-87F6-4D7D-A021-E6AFB40E408E}.Debug|x86.ActiveCfg = Debug|Any CPU
		{F8D7B5C4-87F6-4D7D-A021-E6AFB40E408E}.Debug|x86.Build.0 = Debug|Any CPU
		{F8D7B5C4-87F6-4D7D-A021-E6AFB40E408E}.Release|Any CPU.ActiveCfg = Release|Any CPU
		{F8D7B5C4-87F6-4D7D-A021-E6AFB40E408E}.Release|Any CPU.Build.0 = Release|Any CPU
		{F8D7B5C4-87F6-4D7D-A021-E6AFB40E408E}.Release|ARM.ActiveCfg = Release|Any CPU
		{F8D7B5C4-87F6-4D7D-A021-E6AFB40E408E}.Release|ARM.Build.0 = Release|Any CPU
		{F8D7B5C4-87F6-4D7D-A021-E6AFB40E408E}.Release|x64.ActiveCfg = Release|Any CPU
		{F8D7B5C4-87F6-4D7D-A021-E6AFB40E408E}.Release|x64.Build.0 = Release|Any CPU
		{F8D7B5C4-87F6-4D7D-A021-E6AFB40E408E}.Release|x86.ActiveCfg = Release|Any CPU
		{F8D7B5C4-87F6-4D7D-A021-E6AFB40E408E}.Release|x86.Build.0 = Release|Any CPU
		{2B40E8AD-C935-4BEB-B729-5A0A2732D688}.Debug|Any CPU.ActiveCfg = Debug|Any CPU
		{2B40E8AD-C935-4BEB-B729-5A0A2732D688}.Debug|Any CPU.Build.0 = Debug|Any CPU
		{2B40E8AD-C935-4BEB-B729-5A0A2732D688}.Debug|ARM.ActiveCfg = Debug|Any CPU
		{2B40E8AD-C935-4BEB-B729-5A0A2732D688}.Debug|ARM.Build.0 = Debug|Any CPU
		{2B40E8AD-C935-4BEB-B729-5A0A2732D688}.Debug|x64.ActiveCfg = Debug|Any CPU
		{2B40E8AD-C935-4BEB-B729-5A0A2732D688}.Debug|x64.Build.0 = Debug|Any CPU
		{2B40E8AD-C935-4BEB-B729-5A0A2732D688}.Debug|x86.ActiveCfg = Debug|Any CPU
		{2B40E8AD-C935-4BEB-B729-5A0A2732D688}.Debug|x86.Build.0 = Debug|Any CPU
		{2B40E8AD-C935-4BEB-B729-5A0A2732D688}.Release|Any CPU.ActiveCfg = Release|Any CPU
		{2B40E8AD-C935-4BEB-B729-5A0A2732D688}.Release|Any CPU.Build.0 = Release|Any CPU
		{2B40E8AD-C935-4BEB-B729-5A0A2732D688}.Release|ARM.ActiveCfg = Release|Any CPU
		{2B40E8AD-C935-4BEB-B729-5A0A2732D688}.Release|ARM.Build.0 = Release|Any CPU
		{2B40E8AD-C935-4BEB-B729-5A0A2732D688}.Release|x64.ActiveCfg = Release|Any CPU
		{2B40E8AD-C935-4BEB-B729-5A0A2732D688}.Release|x64.Build.0 = Release|Any CPU
		{2B40E8AD-C935-4BEB-B729-5A0A2732D688}.Release|x86.ActiveCfg = Release|Any CPU
		{2B40E8AD-C935-4BEB-B729-5A0A2732D688}.Release|x86.Build.0 = Release|Any CPU
		{D050DDDE-A896-4F5D-8B41-728C8ECCA31F}.Debug|Any CPU.ActiveCfg = Debug|Any CPU
		{D050DDDE-A896-4F5D-8B41-728C8ECCA31F}.Debug|Any CPU.Build.0 = Debug|Any CPU
		{D050DDDE-A896-4F5D-8B41-728C8ECCA31F}.Debug|ARM.ActiveCfg = Debug|Any CPU
		{D050DDDE-A896-4F5D-8B41-728C8ECCA31F}.Debug|ARM.Build.0 = Debug|Any CPU
		{D050DDDE-A896-4F5D-8B41-728C8ECCA31F}.Debug|x64.ActiveCfg = Debug|Any CPU
		{D050DDDE-A896-4F5D-8B41-728C8ECCA31F}.Debug|x64.Build.0 = Debug|Any CPU
		{D050DDDE-A896-4F5D-8B41-728C8ECCA31F}.Debug|x86.ActiveCfg = Debug|Any CPU
		{D050DDDE-A896-4F5D-8B41-728C8ECCA31F}.Debug|x86.Build.0 = Debug|Any CPU
		{D050DDDE-A896-4F5D-8B41-728C8ECCA31F}.Release|Any CPU.ActiveCfg = Release|Any CPU
		{D050DDDE-A896-4F5D-8B41-728C8ECCA31F}.Release|Any CPU.Build.0 = Release|Any CPU
		{D050DDDE-A896-4F5D-8B41-728C8ECCA31F}.Release|ARM.ActiveCfg = Release|Any CPU
		{D050DDDE-A896-4F5D-8B41-728C8ECCA31F}.Release|ARM.Build.0 = Release|Any CPU
		{D050DDDE-A896-4F5D-8B41-728C8ECCA31F}.Release|x64.ActiveCfg = Release|Any CPU
		{D050DDDE-A896-4F5D-8B41-728C8ECCA31F}.Release|x64.Build.0 = Release|Any CPU
		{D050DDDE-A896-4F5D-8B41-728C8ECCA31F}.Release|x86.ActiveCfg = Release|Any CPU
		{D050DDDE-A896-4F5D-8B41-728C8ECCA31F}.Release|x86.Build.0 = Release|Any CPU
		{41B7E273-3E43-4855-B4A3-25534F014B66}.Debug|Any CPU.ActiveCfg = Debug|Any CPU
		{41B7E273-3E43-4855-B4A3-25534F014B66}.Debug|Any CPU.Build.0 = Debug|Any CPU
		{41B7E273-3E43-4855-B4A3-25534F014B66}.Debug|ARM.ActiveCfg = Debug|Any CPU
		{41B7E273-3E43-4855-B4A3-25534F014B66}.Debug|ARM.Build.0 = Debug|Any CPU
		{41B7E273-3E43-4855-B4A3-25534F014B66}.Debug|x64.ActiveCfg = Debug|Any CPU
		{41B7E273-3E43-4855-B4A3-25534F014B66}.Debug|x64.Build.0 = Debug|Any CPU
		{41B7E273-3E43-4855-B4A3-25534F014B66}.Debug|x86.ActiveCfg = Debug|Any CPU
		{41B7E273-3E43-4855-B4A3-25534F014B66}.Debug|x86.Build.0 = Debug|Any CPU
		{41B7E273-3E43-4855-B4A3-25534F014B66}.Release|Any CPU.ActiveCfg = Release|Any CPU
		{41B7E273-3E43-4855-B4A3-25534F014B66}.Release|Any CPU.Build.0 = Release|Any CPU
		{41B7E273-3E43-4855-B4A3-25534F014B66}.Release|ARM.ActiveCfg = Release|Any CPU
		{41B7E273-3E43-4855-B4A3-25534F014B66}.Release|ARM.Build.0 = Release|Any CPU
		{41B7E273-3E43-4855-B4A3-25534F014B66}.Release|x64.ActiveCfg = Release|Any CPU
		{41B7E273-3E43-4855-B4A3-25534F014B66}.Release|x64.Build.0 = Release|Any CPU
		{41B7E273-3E43-4855-B4A3-25534F014B66}.Release|x86.ActiveCfg = Release|Any CPU
		{41B7E273-3E43-4855-B4A3-25534F014B66}.Release|x86.Build.0 = Release|Any CPU
		{35D10438-9F47-4B53-927A-02304849D536}.Debug|Any CPU.ActiveCfg = Debug|Any CPU
		{35D10438-9F47-4B53-927A-02304849D536}.Debug|Any CPU.Build.0 = Debug|Any CPU
		{35D10438-9F47-4B53-927A-02304849D536}.Debug|ARM.ActiveCfg = Debug|Any CPU
		{35D10438-9F47-4B53-927A-02304849D536}.Debug|ARM.Build.0 = Debug|Any CPU
		{35D10438-9F47-4B53-927A-02304849D536}.Debug|x64.ActiveCfg = Debug|Any CPU
		{35D10438-9F47-4B53-927A-02304849D536}.Debug|x64.Build.0 = Debug|Any CPU
		{35D10438-9F47-4B53-927A-02304849D536}.Debug|x86.ActiveCfg = Debug|Any CPU
		{35D10438-9F47-4B53-927A-02304849D536}.Debug|x86.Build.0 = Debug|Any CPU
		{35D10438-9F47-4B53-927A-02304849D536}.Release|Any CPU.ActiveCfg = Release|Any CPU
		{35D10438-9F47-4B53-927A-02304849D536}.Release|Any CPU.Build.0 = Release|Any CPU
		{35D10438-9F47-4B53-927A-02304849D536}.Release|ARM.ActiveCfg = Release|Any CPU
		{35D10438-9F47-4B53-927A-02304849D536}.Release|ARM.Build.0 = Release|Any CPU
		{35D10438-9F47-4B53-927A-02304849D536}.Release|x64.ActiveCfg = Release|Any CPU
		{35D10438-9F47-4B53-927A-02304849D536}.Release|x64.Build.0 = Release|Any CPU
		{35D10438-9F47-4B53-927A-02304849D536}.Release|x86.ActiveCfg = Release|Any CPU
		{35D10438-9F47-4B53-927A-02304849D536}.Release|x86.Build.0 = Release|Any CPU
		{7F240D3C-5079-42E8-8D5A-58D6C7EAE6E0}.Debug|Any CPU.ActiveCfg = Debug|Any CPU
		{7F240D3C-5079-42E8-8D5A-58D6C7EAE6E0}.Debug|Any CPU.Build.0 = Debug|Any CPU
		{7F240D3C-5079-42E8-8D5A-58D6C7EAE6E0}.Debug|ARM.ActiveCfg = Debug|Any CPU
		{7F240D3C-5079-42E8-8D5A-58D6C7EAE6E0}.Debug|ARM.Build.0 = Debug|Any CPU
		{7F240D3C-5079-42E8-8D5A-58D6C7EAE6E0}.Debug|x64.ActiveCfg = Debug|Any CPU
		{7F240D3C-5079-42E8-8D5A-58D6C7EAE6E0}.Debug|x64.Build.0 = Debug|Any CPU
		{7F240D3C-5079-42E8-8D5A-58D6C7EAE6E0}.Debug|x86.ActiveCfg = Debug|Any CPU
		{7F240D3C-5079-42E8-8D5A-58D6C7EAE6E0}.Debug|x86.Build.0 = Debug|Any CPU
		{7F240D3C-5079-42E8-8D5A-58D6C7EAE6E0}.Release|Any CPU.ActiveCfg = Release|Any CPU
		{7F240D3C-5079-42E8-8D5A-58D6C7EAE6E0}.Release|Any CPU.Build.0 = Release|Any CPU
		{7F240D3C-5079-42E8-8D5A-58D6C7EAE6E0}.Release|ARM.ActiveCfg = Release|Any CPU
		{7F240D3C-5079-42E8-8D5A-58D6C7EAE6E0}.Release|ARM.Build.0 = Release|Any CPU
		{7F240D3C-5079-42E8-8D5A-58D6C7EAE6E0}.Release|x64.ActiveCfg = Release|Any CPU
		{7F240D3C-5079-42E8-8D5A-58D6C7EAE6E0}.Release|x64.Build.0 = Release|Any CPU
		{7F240D3C-5079-42E8-8D5A-58D6C7EAE6E0}.Release|x86.ActiveCfg = Release|Any CPU
		{7F240D3C-5079-42E8-8D5A-58D6C7EAE6E0}.Release|x86.Build.0 = Release|Any CPU
		{53998969-9DAD-4A82-8F49-82E3FD687361}.Debug|Any CPU.ActiveCfg = Debug|Any CPU
		{53998969-9DAD-4A82-8F49-82E3FD687361}.Debug|Any CPU.Build.0 = Debug|Any CPU
		{53998969-9DAD-4A82-8F49-82E3FD687361}.Debug|ARM.ActiveCfg = Debug|Any CPU
		{53998969-9DAD-4A82-8F49-82E3FD687361}.Debug|ARM.Build.0 = Debug|Any CPU
		{53998969-9DAD-4A82-8F49-82E3FD687361}.Debug|x64.ActiveCfg = Debug|Any CPU
		{53998969-9DAD-4A82-8F49-82E3FD687361}.Debug|x64.Build.0 = Debug|Any CPU
		{53998969-9DAD-4A82-8F49-82E3FD687361}.Debug|x86.ActiveCfg = Debug|Any CPU
		{53998969-9DAD-4A82-8F49-82E3FD687361}.Debug|x86.Build.0 = Debug|Any CPU
		{53998969-9DAD-4A82-8F49-82E3FD687361}.Release|Any CPU.ActiveCfg = Release|Any CPU
		{53998969-9DAD-4A82-8F49-82E3FD687361}.Release|Any CPU.Build.0 = Release|Any CPU
		{53998969-9DAD-4A82-8F49-82E3FD687361}.Release|ARM.ActiveCfg = Release|Any CPU
		{53998969-9DAD-4A82-8F49-82E3FD687361}.Release|ARM.Build.0 = Release|Any CPU
		{53998969-9DAD-4A82-8F49-82E3FD687361}.Release|x64.ActiveCfg = Release|Any CPU
		{53998969-9DAD-4A82-8F49-82E3FD687361}.Release|x64.Build.0 = Release|Any CPU
		{53998969-9DAD-4A82-8F49-82E3FD687361}.Release|x86.ActiveCfg = Release|Any CPU
		{53998969-9DAD-4A82-8F49-82E3FD687361}.Release|x86.Build.0 = Release|Any CPU
		{C45DFDDF-D6A5-4562-A019-07294FE82B3F}.Debug|Any CPU.ActiveCfg = Debug|Any CPU
		{C45DFDDF-D6A5-4562-A019-07294FE82B3F}.Debug|Any CPU.Build.0 = Debug|Any CPU
		{C45DFDDF-D6A5-4562-A019-07294FE82B3F}.Debug|ARM.ActiveCfg = Debug|Any CPU
		{C45DFDDF-D6A5-4562-A019-07294FE82B3F}.Debug|ARM.Build.0 = Debug|Any CPU
		{C45DFDDF-D6A5-4562-A019-07294FE82B3F}.Debug|x64.ActiveCfg = Debug|Any CPU
		{C45DFDDF-D6A5-4562-A019-07294FE82B3F}.Debug|x64.Build.0 = Debug|Any CPU
		{C45DFDDF-D6A5-4562-A019-07294FE82B3F}.Debug|x86.ActiveCfg = Debug|Any CPU
		{C45DFDDF-D6A5-4562-A019-07294FE82B3F}.Debug|x86.Build.0 = Debug|Any CPU
		{C45DFDDF-D6A5-4562-A019-07294FE82B3F}.Release|Any CPU.ActiveCfg = Release|Any CPU
		{C45DFDDF-D6A5-4562-A019-07294FE82B3F}.Release|Any CPU.Build.0 = Release|Any CPU
		{C45DFDDF-D6A5-4562-A019-07294FE82B3F}.Release|ARM.ActiveCfg = Release|Any CPU
		{C45DFDDF-D6A5-4562-A019-07294FE82B3F}.Release|ARM.Build.0 = Release|Any CPU
		{C45DFDDF-D6A5-4562-A019-07294FE82B3F}.Release|x64.ActiveCfg = Release|Any CPU
		{C45DFDDF-D6A5-4562-A019-07294FE82B3F}.Release|x64.Build.0 = Release|Any CPU
		{C45DFDDF-D6A5-4562-A019-07294FE82B3F}.Release|x86.ActiveCfg = Release|Any CPU
		{C45DFDDF-D6A5-4562-A019-07294FE82B3F}.Release|x86.Build.0 = Release|Any CPU
		{020920AC-3C23-47AF-A72D-F6159E4B742D}.Debug|Any CPU.ActiveCfg = Debug|Any CPU
		{020920AC-3C23-47AF-A72D-F6159E4B742D}.Debug|Any CPU.Build.0 = Debug|Any CPU
		{020920AC-3C23-47AF-A72D-F6159E4B742D}.Debug|ARM.ActiveCfg = Debug|Any CPU
		{020920AC-3C23-47AF-A72D-F6159E4B742D}.Debug|ARM.Build.0 = Debug|Any CPU
		{020920AC-3C23-47AF-A72D-F6159E4B742D}.Debug|x64.ActiveCfg = Debug|Any CPU
		{020920AC-3C23-47AF-A72D-F6159E4B742D}.Debug|x64.Build.0 = Debug|Any CPU
		{020920AC-3C23-47AF-A72D-F6159E4B742D}.Debug|x86.ActiveCfg = Debug|Any CPU
		{020920AC-3C23-47AF-A72D-F6159E4B742D}.Debug|x86.Build.0 = Debug|Any CPU
		{020920AC-3C23-47AF-A72D-F6159E4B742D}.Release|Any CPU.ActiveCfg = Release|Any CPU
		{020920AC-3C23-47AF-A72D-F6159E4B742D}.Release|Any CPU.Build.0 = Release|Any CPU
		{020920AC-3C23-47AF-A72D-F6159E4B742D}.Release|ARM.ActiveCfg = Release|Any CPU
		{020920AC-3C23-47AF-A72D-F6159E4B742D}.Release|ARM.Build.0 = Release|Any CPU
		{020920AC-3C23-47AF-A72D-F6159E4B742D}.Release|x64.ActiveCfg = Release|Any CPU
		{020920AC-3C23-47AF-A72D-F6159E4B742D}.Release|x64.Build.0 = Release|Any CPU
		{020920AC-3C23-47AF-A72D-F6159E4B742D}.Release|x86.ActiveCfg = Release|Any CPU
		{020920AC-3C23-47AF-A72D-F6159E4B742D}.Release|x86.Build.0 = Release|Any CPU
	EndGlobalSection
	GlobalSection(SolutionProperties) = preSolution
		HideSolutionNode = FALSE
	EndGlobalSection
	GlobalSection(NestedProjects) = preSolution
		{A9647145-00FC-4FC9-BFD8-8AC179BF4A36} = {11556FBE-83BE-4B8F-8DC1-17D2B4ED73BE}
		{C55CA8FA-D249-4EF0-BDA4-CB408A20256D} = {11556FBE-83BE-4B8F-8DC1-17D2B4ED73BE}
		{6D4D31A1-2D6E-4E72-84FA-03A71E066EBD} = {11556FBE-83BE-4B8F-8DC1-17D2B4ED73BE}
		{9184EF3D-A5A8-491B-A2A6-DBD41946D54A} = {11556FBE-83BE-4B8F-8DC1-17D2B4ED73BE}
		{F9CDFCC0-F3AD-4C78-BA2D-2775A0BE12FC} = {A9647145-00FC-4FC9-BFD8-8AC179BF4A36}
		{38248994-793E-4801-AFEC-E4C5DA117427} = {C373E7A9-7FDD-4D6B-828A-FA4D9FE88469}
		{45E22883-A004-466C-830F-D34C40613DF8} = {C373E7A9-7FDD-4D6B-828A-FA4D9FE88469}
		{DC220A87-B77D-4D08-8475-468A7375484C} = {11556FBE-83BE-4B8F-8DC1-17D2B4ED73BE}
		{9C600799-86D2-4604-B0C9-F22393974B7F} = {C373E7A9-7FDD-4D6B-828A-FA4D9FE88469}
		{C77719B8-C488-45ED-A238-EC2CF37F5852} = {A9647145-00FC-4FC9-BFD8-8AC179BF4A36}
		{A7428F9E-2B46-4BB4-8329-CD86EA4A961E} = {F9CDFCC0-F3AD-4C78-BA2D-2775A0BE12FC}
		{B43A112D-9AF3-4B5B-A966-1BC91F0759F3} = {A9647145-00FC-4FC9-BFD8-8AC179BF4A36}
		{15A3B23C-FF3D-4A8F-B791-E5557F44F2C6} = {A9647145-00FC-4FC9-BFD8-8AC179BF4A36}
		{B4220CB3-0612-404E-BE3D-DD197080C256} = {A9647145-00FC-4FC9-BFD8-8AC179BF4A36}
		{705DFE80-50DD-453D-A515-DEDB877C8699} = {A9647145-00FC-4FC9-BFD8-8AC179BF4A36}
		{8E66C48C-7DD2-4374-9737-F4945C17C9B7} = {A9647145-00FC-4FC9-BFD8-8AC179BF4A36}
		{68EBFE00-9410-41CC-A76B-09E528E1418B} = {A9647145-00FC-4FC9-BFD8-8AC179BF4A36}
		{A8131C16-5EB2-4CC5-BBCE-6F5E401EE7DF} = {A9647145-00FC-4FC9-BFD8-8AC179BF4A36}
		{50E59CB7-5DC6-4133-82D3-223CE387F9A7} = {11556FBE-83BE-4B8F-8DC1-17D2B4ED73BE}
		{2A800A7F-1255-4617-B636-CBD74E0ED96A} = {11556FBE-83BE-4B8F-8DC1-17D2B4ED73BE}
		{7905B66F-51AB-4031-96BA-9B76A39237EE} = {C55CA8FA-D249-4EF0-BDA4-CB408A20256D}
		{3583B84F-B883-4DB5-BC23-25C90B4C1567} = {C55CA8FA-D249-4EF0-BDA4-CB408A20256D}
		{B21B0993-B149-416B-B067-634177A0C3CA} = {C55CA8FA-D249-4EF0-BDA4-CB408A20256D}
		{4B92CF65-EDD3-4041-B3BF-AF79058AB2A6} = {DC220A87-B77D-4D08-8475-468A7375484C}
		{BF21C463-257A-4559-BA73-F54CADE619F0} = {DC220A87-B77D-4D08-8475-468A7375484C}
		{F7E2A917-1679-4051-AB5F-7D9440867928} = {2A800A7F-1255-4617-B636-CBD74E0ED96A}
		{F8687379-EE24-4B1E-B802-A06D12BE67D0} = {2A800A7F-1255-4617-B636-CBD74E0ED96A}
		{82BB5DF3-82AC-466D-BDDF-C65A9ECDB8A4} = {9184EF3D-A5A8-491B-A2A6-DBD41946D54A}
		{578DE3AB-C18E-4F44-9E54-61F39F42AB2D} = {9184EF3D-A5A8-491B-A2A6-DBD41946D54A}
		{DB97D15D-853F-4C7A-87A4-2CFA43D6FD83} = {50E59CB7-5DC6-4133-82D3-223CE387F9A7}
		{2F1ED29D-66ED-4A74-9496-9561970F7536} = {50E59CB7-5DC6-4133-82D3-223CE387F9A7}
		{0688E6E1-40E1-4625-B10B-E8F36F6D7690} = {A9647145-00FC-4FC9-BFD8-8AC179BF4A36}
		{43A281E6-5203-4D2B-94CA-558336D1B136} = {A9647145-00FC-4FC9-BFD8-8AC179BF4A36}
		{CD8C55DE-EF22-4B4D-9DD3-8F0B336244B4} = {A9647145-00FC-4FC9-BFD8-8AC179BF4A36}
		{6223D9A1-C604-48D2-8DF3-60D1B84BD247} = {A9647145-00FC-4FC9-BFD8-8AC179BF4A36}
		{FA9056E5-FA5A-43A0-BB88-4CD9BC4537E6} = {A9647145-00FC-4FC9-BFD8-8AC179BF4A36}
		{C46D427D-580F-40AE-A429-7F3114673FAD} = {A9647145-00FC-4FC9-BFD8-8AC179BF4A36}
		{168418B8-3034-4938-9CB0-F2632E27DD3D} = {6D4D31A1-2D6E-4E72-84FA-03A71E066EBD}
		{082BFE6A-3A00-4165-A5B2-0D4D616A60AB} = {6D4D31A1-2D6E-4E72-84FA-03A71E066EBD}
		{06ACFB8D-30ED-4A01-A47A-C15B067A8322} = {38248994-793E-4801-AFEC-E4C5DA117427}
		{6E7DBB74-8D46-43C0-B9B6-44EC79B3665F} = {38248994-793E-4801-AFEC-E4C5DA117427}
		{F8D7B5C4-87F6-4D7D-A021-E6AFB40E408E} = {45E22883-A004-466C-830F-D34C40613DF8}
		{2B40E8AD-C935-4BEB-B729-5A0A2732D688} = {45E22883-A004-466C-830F-D34C40613DF8}
		{D050DDDE-A896-4F5D-8B41-728C8ECCA31F} = {9C600799-86D2-4604-B0C9-F22393974B7F}
		{41B7E273-3E43-4855-B4A3-25534F014B66} = {9C600799-86D2-4604-B0C9-F22393974B7F}
		{35D10438-9F47-4B53-927A-02304849D536} = {C55CA8FA-D249-4EF0-BDA4-CB408A20256D}
		{7F240D3C-5079-42E8-8D5A-58D6C7EAE6E0} = {DC220A87-B77D-4D08-8475-468A7375484C}
		{53998969-9DAD-4A82-8F49-82E3FD687361} = {6D4D31A1-2D6E-4E72-84FA-03A71E066EBD}
		{C45DFDDF-D6A5-4562-A019-07294FE82B3F} = {9184EF3D-A5A8-491B-A2A6-DBD41946D54A}
		{020920AC-3C23-47AF-A72D-F6159E4B742D} = {50E59CB7-5DC6-4133-82D3-223CE387F9A7}
	EndGlobalSection
EndGlobal
