
Microsoft Visual Studio Solution File, Format Version 12.00
# Visual Studio Version 16
VisualStudioVersion = 16.0.30011.22
MinimumVisualStudioVersion = 10.0.40219.1
Project("{9A19103F-16F7-4668-BE54-9A1E7A4F7556}") = "Solid.Cli.Specs.Features", "Solid.Cli.Specs.Features\Solid.Cli.Specs.Features.csproj", "{46D329A3-1A08-4B3C-BE62-274FA07B692D}"
EndProject
Project("{9A19103F-16F7-4668-BE54-9A1E7A4F7556}") = "Solid.Cli.Specs.Tests.Contracts", "Solid.Cli.Specs.Tests.Contracts\Solid.Cli.Specs.Tests.Contracts.csproj", "{F7A12A69-B4A1-4F00-BEF3-5B8E703205ED}"
EndProject
Project("{9A19103F-16F7-4668-BE54-9A1E7A4F7556}") = "Solid.Cli.Specs.Tests.Infra", "Solid.Cli.Specs.Tests.Infra\Solid.Cli.Specs.Tests.Infra.csproj", "{B3473944-F981-4429-B363-1BB3D2238524}"
EndProject
Project("{9A19103F-16F7-4668-BE54-9A1E7A4F7556}") = "Solid.Cli.Specs.Steps", "Solid.Cli.Specs.Steps\Solid.Cli.Specs.Steps.csproj", "{7A018EA7-22B5-4F8E-9CC4-C1B2973F068C}"
EndProject
Project("{9A19103F-16F7-4668-BE54-9A1E7A4F7556}") = "Solid.Cli.Specs.Launcher", "Solid.Cli.Specs.Launcher\Solid.Cli.Specs.Launcher.csproj", "{61016C9E-5C85-4BB4-B713-9A518E7F1F7D}"
EndProject
Global
	GlobalSection(SolutionConfigurationPlatforms) = preSolution
		Debug|Any CPU = Debug|Any CPU
		Release|Any CPU = Release|Any CPU
	EndGlobalSection
	GlobalSection(ProjectConfigurationPlatforms) = postSolution
		{46D329A3-1A08-4B3C-BE62-274FA07B692D}.Debug|Any CPU.ActiveCfg = Debug|Any CPU
		{46D329A3-1A08-4B3C-BE62-274FA07B692D}.Debug|Any CPU.Build.0 = Debug|Any CPU
		{46D329A3-1A08-4B3C-BE62-274FA07B692D}.Release|Any CPU.ActiveCfg = Release|Any CPU
		{46D329A3-1A08-4B3C-BE62-274FA07B692D}.Release|Any CPU.Build.0 = Release|Any CPU
		{F7A12A69-B4A1-4F00-BEF3-5B8E703205ED}.Debug|Any CPU.ActiveCfg = Debug|Any CPU
		{F7A12A69-B4A1-4F00-BEF3-5B8E703205ED}.Debug|Any CPU.Build.0 = Debug|Any CPU
		{F7A12A69-B4A1-4F00-BEF3-5B8E703205ED}.Release|Any CPU.ActiveCfg = Release|Any CPU
		{F7A12A69-B4A1-4F00-BEF3-5B8E703205ED}.Release|Any CPU.Build.0 = Release|Any CPU
		{B3473944-F981-4429-B363-1BB3D2238524}.Debug|Any CPU.ActiveCfg = Debug|Any CPU
		{B3473944-F981-4429-B363-1BB3D2238524}.Debug|Any CPU.Build.0 = Debug|Any CPU
		{B3473944-F981-4429-B363-1BB3D2238524}.Release|Any CPU.ActiveCfg = Release|Any CPU
		{B3473944-F981-4429-B363-1BB3D2238524}.Release|Any CPU.Build.0 = Release|Any CPU
		{7A018EA7-22B5-4F8E-9CC4-C1B2973F068C}.Debug|Any CPU.ActiveCfg = Debug|Any CPU
		{7A018EA7-22B5-4F8E-9CC4-C1B2973F068C}.Debug|Any CPU.Build.0 = Debug|Any CPU
		{7A018EA7-22B5-4F8E-9CC4-C1B2973F068C}.Release|Any CPU.ActiveCfg = Release|Any CPU
		{7A018EA7-22B5-4F8E-9CC4-C1B2973F068C}.Release|Any CPU.Build.0 = Release|Any CPU
		{61016C9E-5C85-4BB4-B713-9A518E7F1F7D}.Debug|Any CPU.ActiveCfg = Debug|Any CPU
		{61016C9E-5C85-4BB4-B713-9A518E7F1F7D}.Debug|Any CPU.Build.0 = Debug|Any CPU
		{61016C9E-5C85-4BB4-B713-9A518E7F1F7D}.Release|Any CPU.ActiveCfg = Release|Any CPU
		{61016C9E-5C85-4BB4-B713-9A518E7F1F7D}.Release|Any CPU.Build.0 = Release|Any CPU
	EndGlobalSection
	GlobalSection(SolutionProperties) = preSolution
		HideSolutionNode = FALSE
	EndGlobalSection
	GlobalSection(ExtensibilityGlobals) = postSolution
		SolutionGuid = {F62E3202-DF58-4027-B293-8BFD749B38C4}
	EndGlobalSection
EndGlobal
